{
  "version": 4,
  "terraform_version": "1.0.11",
  "serial": 132,
  "lineage": "ad704f7d-1587-aa1b-a624-ce770f7640ee",
  "outputs": {
    "ami_id": {
      "value": "ami-0e3df83cd6630da18",
      "type": "string"
    },
    "control_plane_ips": {
      "value": [
        "10.0.141.227",
        "10.0.188.14",
        "10.0.208.227"
      ],
      "type": [
        "tuple",
        [
          "string",
          "string",
          "string"
        ]
      ]
    },
    "lb_target_group_arns": {
      "value": [
        "arn:aws:elasticloadbalancing:eu-west-1:056341052778:targetgroup/argo-hub-5zqs6-aint/57969590883bcd30",
        "arn:aws:elasticloadbalancing:eu-west-1:056341052778:targetgroup/argo-hub-5zqs6-sint/a2b7ea3bd38cfb01",
        "arn:aws:elasticloadbalancing:eu-west-1:056341052778:targetgroup/argo-hub-5zqs6-aext/d35baddac0f1b16b"
      ],
      "type": [
        "list",
        "string"
      ]
    },
    "lb_target_group_arns_length": {
      "value": "3",
      "type": "string"
    },
    "master_sg_id": {
      "value": "sg-03c3d2dd372acfd40",
      "type": "string"
    },
    "private_subnet_ids": {
      "value": [
        "subnet-00cabfbf3c303d6a6",
        "subnet-0e242fe56a35c7a12",
        "subnet-066cf441395b8d82c"
      ],
      "type": [
        "tuple",
        [
          "string",
          "string",
          "string"
        ]
      ]
    },
    "public_subnet_ids": {
      "value": [
        "subnet-060314dc649dc0a23",
        "subnet-0a589b1f897251cad",
        "subnet-03d9895c4c42bce13"
      ],
      "type": [
        "tuple",
        [
          "string",
          "string",
          "string"
        ]
      ]
    },
    "vpc_id": {
      "value": "vpc-0e1ca3462357ea0ad",
      "type": "string"
    }
  },
  "resources": [
    {
      "module": "module.dns",
      "mode": "data",
      "type": "aws_route53_zone",
      "name": "int",
      "provider": "provider[\"openshift/local/aws\"]",
      "instances": [
        {
          "schema_version": 0,
          "attributes": {
            "arn": "arn:aws:route53:::hostedzone/Z0319870RL0Z8Z6S54GV",
            "caller_reference": "terraform-20230223162438051400000003",
            "comment": "Managed by Terraform",
            "id": "Z0319870RL0Z8Z6S54GV",
            "linked_service_description": null,
            "linked_service_principal": null,
            "name": "argo-hub.sandbox568.opentlc.com",
            "name_servers": [
              "ns-0.awsdns-00.com.",
              "ns-1024.awsdns-00.org.",
              "ns-1536.awsdns-00.co.uk.",
              "ns-512.awsdns-00.net."
            ],
            "private_zone": true,
            "resource_record_set_count": 2,
            "tags": {
              "Name": "argo-hub-5zqs6-int",
              "kubernetes.io/cluster/argo-hub-5zqs6": "owned"
            },
            "vpc_id": null,
            "zone_id": "Z0319870RL0Z8Z6S54GV"
          },
          "sensitive_attributes": []
        }
      ]
    },
    {
      "module": "module.dns",
      "mode": "data",
      "type": "aws_route53_zone",
      "name": "public",
      "provider": "provider[\"openshift/local/aws\"]",
      "instances": [
        {
          "index_key": 0,
          "schema_version": 0,
          "attributes": {
            "arn": "arn:aws:route53:::hostedzone/ZSV9IK6DQ2MUH",
            "caller_reference": "sandbox568.opentlc.com.-1552040492.84",
            "comment": "",
            "id": "ZSV9IK6DQ2MUH",
            "linked_service_description": null,
            "linked_service_principal": null,
            "name": "sandbox568.opentlc.com",
            "name_servers": [
              "ns-743.awsdns-28.net",
              "ns-1822.awsdns-35.co.uk",
              "ns-1315.awsdns-36.org",
              "ns-317.awsdns-39.com"
            ],
            "private_zone": false,
            "resource_record_set_count": 2,
            "tags": {
              "Purpose": "Infrastructure"
            },
            "vpc_id": null,
            "zone_id": "ZSV9IK6DQ2MUH"
          },
          "sensitive_attributes": []
        }
      ]
    },
    {
      "module": "module.dns",
      "mode": "managed",
      "type": "aws_route53_record",
      "name": "api_external_alias",
      "provider": "provider[\"openshift/local/aws\"]",
      "instances": [
        {
          "index_key": 0,
          "schema_version": 2,
          "attributes": {
            "alias": [
              {
                "evaluate_target_health": false,
                "name": "argo-hub-5zqs6-ext-f58544966417fff8.elb.eu-west-1.amazonaws.com",
                "zone_id": "Z2IFOLAFXWLO4F"
              }
            ],
            "allow_overwrite": null,
            "failover_routing_policy": [],
            "fqdn": "api.argo-hub.sandbox568.opentlc.com",
            "geolocation_routing_policy": [],
            "health_check_id": null,
            "id": "ZSV9IK6DQ2MUH_api.argo-hub.sandbox568.opentlc.com_A",
            "latency_routing_policy": [],
            "multivalue_answer_routing_policy": null,
            "name": "api.argo-hub.sandbox568.opentlc.com",
            "records": null,
            "set_identifier": null,
            "ttl": null,
            "type": "A",
            "weighted_routing_policy": [],
            "zone_id": "ZSV9IK6DQ2MUH"
          },
          "sensitive_attributes": [],
          "private": "eyJzY2hlbWFfdmVyc2lvbiI6IjIifQ==",
          "dependencies": [
            "module.dns.aws_route53_record.api_external_internal_zone_alias",
            "module.dns.aws_route53_record.api_external_internal_zone_cname",
            "module.dns.aws_route53_zone.new_int",
            "module.dns.data.aws_route53_zone.int",
            "module.dns.data.aws_route53_zone.public",
            "module.vpc.aws_internet_gateway.igw",
            "module.vpc.aws_lb.api_external",
            "module.vpc.aws_lb.api_internal",
            "module.vpc.aws_subnet.private_subnet",
            "module.vpc.aws_subnet.public_subnet",
            "module.vpc.aws_vpc.new_vpc",
            "module.vpc.data.aws_subnet.private",
            "module.vpc.data.aws_subnet.public",
            "module.vpc.data.aws_vpc.cluster_vpc"
          ]
        }
      ]
    },
    {
      "module": "module.dns",
      "mode": "managed",
      "type": "aws_route53_record",
      "name": "api_external_internal_zone_alias",
      "provider": "provider[\"openshift/local/aws\"]",
      "instances": [
        {
          "index_key": 0,
          "schema_version": 2,
          "attributes": {
            "alias": [
              {
                "evaluate_target_health": false,
                "name": "argo-hub-5zqs6-int-fc27f64b1eab68d5.elb.eu-west-1.amazonaws.com",
                "zone_id": "Z2IFOLAFXWLO4F"
              }
            ],
            "allow_overwrite": null,
            "failover_routing_policy": [],
            "fqdn": "api.argo-hub.sandbox568.opentlc.com",
            "geolocation_routing_policy": [],
            "health_check_id": null,
            "id": "Z0319870RL0Z8Z6S54GV_api.argo-hub.sandbox568.opentlc.com_A",
            "latency_routing_policy": [],
            "multivalue_answer_routing_policy": null,
            "name": "api.argo-hub.sandbox568.opentlc.com",
            "records": null,
            "set_identifier": null,
            "ttl": null,
            "type": "A",
            "weighted_routing_policy": [],
            "zone_id": "Z0319870RL0Z8Z6S54GV"
          },
          "sensitive_attributes": [],
          "private": "eyJzY2hlbWFfdmVyc2lvbiI6IjIifQ==",
          "dependencies": [
            "module.dns.aws_route53_zone.new_int",
            "module.dns.data.aws_route53_zone.int",
            "module.vpc.aws_internet_gateway.igw",
            "module.vpc.aws_lb.api_internal",
            "module.vpc.aws_subnet.private_subnet",
            "module.vpc.aws_vpc.new_vpc",
            "module.vpc.data.aws_subnet.private",
            "module.vpc.data.aws_vpc.cluster_vpc"
          ]
        }
      ]
    },
    {
      "module": "module.dns",
      "mode": "managed",
      "type": "aws_route53_record",
      "name": "api_internal_alias",
      "provider": "provider[\"openshift/local/aws\"]",
      "instances": [
        {
          "index_key": 0,
          "schema_version": 2,
          "attributes": {
            "alias": [
              {
                "evaluate_target_health": false,
                "name": "argo-hub-5zqs6-int-fc27f64b1eab68d5.elb.eu-west-1.amazonaws.com",
                "zone_id": "Z2IFOLAFXWLO4F"
              }
            ],
            "allow_overwrite": null,
            "failover_routing_policy": [],
            "fqdn": "api-int.argo-hub.sandbox568.opentlc.com",
            "geolocation_routing_policy": [],
            "health_check_id": null,
            "id": "Z0319870RL0Z8Z6S54GV_api-int.argo-hub.sandbox568.opentlc.com_A",
            "latency_routing_policy": [],
            "multivalue_answer_routing_policy": null,
            "name": "api-int.argo-hub.sandbox568.opentlc.com",
            "records": null,
            "set_identifier": null,
            "ttl": null,
            "type": "A",
            "weighted_routing_policy": [],
            "zone_id": "Z0319870RL0Z8Z6S54GV"
          },
          "sensitive_attributes": [],
          "private": "eyJzY2hlbWFfdmVyc2lvbiI6IjIifQ==",
          "dependencies": [
            "module.dns.aws_route53_zone.new_int",
            "module.dns.data.aws_route53_zone.int",
            "module.vpc.aws_internet_gateway.igw",
            "module.vpc.aws_lb.api_internal",
            "module.vpc.aws_subnet.private_subnet",
            "module.vpc.aws_vpc.new_vpc",
            "module.vpc.data.aws_subnet.private",
            "module.vpc.data.aws_vpc.cluster_vpc"
          ]
        }
      ]
    },
    {
      "module": "module.dns",
      "mode": "managed",
      "type": "aws_route53_zone",
      "name": "new_int",
      "provider": "provider[\"openshift/local/aws\"]",
      "instances": [
        {
          "index_key": 0,
          "schema_version": 0,
          "attributes": {
            "arn": "arn:aws:route53:::hostedzone/Z0319870RL0Z8Z6S54GV",
            "comment": "Managed by Terraform",
            "delegation_set_id": "",
            "force_destroy": true,
            "id": "Z0319870RL0Z8Z6S54GV",
            "name": "argo-hub.sandbox568.opentlc.com",
            "name_servers": [
              "ns-0.awsdns-00.com.",
              "ns-1024.awsdns-00.org.",
              "ns-1536.awsdns-00.co.uk.",
              "ns-512.awsdns-00.net."
            ],
            "tags": {
              "Name": "argo-hub-5zqs6-int",
              "kubernetes.io/cluster/argo-hub-5zqs6": "owned"
            },
            "tags_all": {
              "Name": "argo-hub-5zqs6-int",
              "kubernetes.io/cluster/argo-hub-5zqs6": "owned"
            },
            "vpc": [
              {
                "vpc_id": "vpc-0e1ca3462357ea0ad",
                "vpc_region": "eu-west-1"
              }
            ],
            "zone_id": "Z0319870RL0Z8Z6S54GV"
          },
          "sensitive_attributes": [],
          "private": "bnVsbA==",
          "dependencies": [
            "module.vpc.aws_vpc.new_vpc",
            "module.vpc.data.aws_vpc.cluster_vpc"
          ]
        }
      ]
    },
    {
      "module": "module.iam",
      "mode": "data",
      "type": "aws_partition",
      "name": "current",
      "provider": "provider[\"openshift/local/aws\"]",
      "instances": [
        {
          "schema_version": 0,
          "attributes": {
            "dns_suffix": "amazonaws.com",
            "id": "aws",
            "partition": "aws",
            "reverse_dns_prefix": "com.amazonaws"
          },
          "sensitive_attributes": []
        }
      ]
    },
    {
      "module": "module.iam",
      "mode": "managed",
      "type": "aws_iam_instance_profile",
      "name": "worker",
      "provider": "provider[\"openshift/local/aws\"]",
      "instances": [
        {
          "schema_version": 0,
          "attributes": {
            "arn": "arn:aws:iam::056341052778:instance-profile/argo-hub-5zqs6-worker-profile",
            "create_date": "2023-02-23T16:24:26Z",
            "id": "argo-hub-5zqs6-worker-profile",
            "name": "argo-hub-5zqs6-worker-profile",
            "name_prefix": null,
            "path": "/",
            "role": "argo-hub-5zqs6-worker-role",
            "tags": null,
            "tags_all": {},
            "unique_id": "AIPAQ2HRQHVVGZU6I5ZID"
          },
          "sensitive_attributes": [],
          "private": "bnVsbA==",
          "dependencies": [
            "module.iam.aws_iam_role.worker_role",
            "module.iam.data.aws_partition.current"
          ]
        }
      ]
    },
    {
      "module": "module.iam",
      "mode": "managed",
      "type": "aws_iam_role",
      "name": "worker_role",
      "provider": "provider[\"openshift/local/aws\"]",
      "instances": [
        {
          "index_key": 0,
          "schema_version": 0,
          "attributes": {
            "arn": "arn:aws:iam::056341052778:role/argo-hub-5zqs6-worker-role",
            "assume_role_policy": "{\"Statement\":[{\"Action\":\"sts:AssumeRole\",\"Effect\":\"Allow\",\"Principal\":{\"Service\":\"ec2.amazonaws.com\"},\"Sid\":\"\"}],\"Version\":\"2012-10-17\"}",
            "create_date": "2023-02-23T16:24:25Z",
            "description": "",
            "force_detach_policies": false,
            "id": "argo-hub-5zqs6-worker-role",
            "inline_policy": [],
            "managed_policy_arns": [],
            "max_session_duration": 3600,
            "name": "argo-hub-5zqs6-worker-role",
            "name_prefix": "",
            "path": "/",
            "permissions_boundary": null,
            "tags": {
              "Name": "argo-hub-5zqs6-worker-role",
              "kubernetes.io/cluster/argo-hub-5zqs6": "owned"
            },
            "tags_all": {
              "Name": "argo-hub-5zqs6-worker-role",
              "kubernetes.io/cluster/argo-hub-5zqs6": "owned"
            },
            "unique_id": "AROAQ2HRQHVVGQGL5QBEO"
          },
          "sensitive_attributes": [],
          "private": "bnVsbA==",
          "dependencies": [
            "module.iam.data.aws_partition.current"
          ]
        }
      ]
    },
    {
      "module": "module.iam",
      "mode": "managed",
      "type": "aws_iam_role_policy",
      "name": "worker_policy",
      "provider": "provider[\"openshift/local/aws\"]",
      "instances": [
        {
          "index_key": 0,
          "schema_version": 0,
          "attributes": {
            "id": "argo-hub-5zqs6-worker-role:argo-hub-5zqs6-worker-policy",
            "name": "argo-hub-5zqs6-worker-policy",
            "name_prefix": null,
            "policy": "{\n  \"Version\": \"2012-10-17\",\n  \"Statement\": [\n    {\n      \"Effect\": \"Allow\",\n      \"Action\": [\n        \"ec2:DescribeInstances\",\n        \"ec2:DescribeRegions\"\n      ],\n      \"Resource\": \"*\"\n    }\n  ]\n}\n",
            "role": "argo-hub-5zqs6-worker-role"
          },
          "sensitive_attributes": [],
          "private": "bnVsbA==",
          "dependencies": [
            "module.iam.aws_iam_role.worker_role",
            "module.iam.data.aws_partition.current"
          ]
        }
      ]
    },
    {
      "module": "module.masters",
      "mode": "data",
      "type": "aws_ebs_default_kms_key",
      "name": "current",
      "provider": "provider[\"openshift/local/aws\"]",
      "instances": [
        {
          "schema_version": 0,
          "attributes": {
            "id": "eu-west-1",
            "key_arn": "alias/aws/ebs",
            "timeouts": null
          },
          "sensitive_attributes": []
        }
      ]
    },
    {
      "module": "module.masters",
      "mode": "data",
      "type": "aws_partition",
      "name": "current",
      "provider": "provider[\"openshift/local/aws\"]",
      "instances": [
        {
          "schema_version": 0,
          "attributes": {
            "dns_suffix": "amazonaws.com",
            "id": "aws",
            "partition": "aws",
            "reverse_dns_prefix": "com.amazonaws"
          },
          "sensitive_attributes": []
        }
      ]
    },
    {
      "module": "module.masters",
      "mode": "managed",
      "type": "aws_iam_instance_profile",
      "name": "master",
      "provider": "provider[\"openshift/local/aws\"]",
      "instances": [
        {
          "schema_version": 0,
          "attributes": {
            "arn": "arn:aws:iam::056341052778:instance-profile/argo-hub-5zqs6-master-profile",
            "create_date": "2023-02-23T16:24:26Z",
            "id": "argo-hub-5zqs6-master-profile",
            "name": "argo-hub-5zqs6-master-profile",
            "name_prefix": null,
            "path": "/",
            "role": "argo-hub-5zqs6-master-role",
            "tags": null,
            "tags_all": {},
            "unique_id": "AIPAQ2HRQHVVC4E5SAZIO"
          },
          "sensitive_attributes": [],
          "private": "bnVsbA==",
          "dependencies": [
            "module.masters.aws_iam_role.master_role",
            "module.masters.data.aws_partition.current"
          ]
        }
      ]
    },
    {
      "module": "module.masters",
      "mode": "managed",
      "type": "aws_iam_role",
      "name": "master_role",
      "provider": "provider[\"openshift/local/aws\"]",
      "instances": [
        {
          "index_key": 0,
          "schema_version": 0,
          "attributes": {
            "arn": "arn:aws:iam::056341052778:role/argo-hub-5zqs6-master-role",
            "assume_role_policy": "{\"Statement\":[{\"Action\":\"sts:AssumeRole\",\"Effect\":\"Allow\",\"Principal\":{\"Service\":\"ec2.amazonaws.com\"},\"Sid\":\"\"}],\"Version\":\"2012-10-17\"}",
            "create_date": "2023-02-23T16:24:25Z",
            "description": "Created By OpenShift Installer",
            "force_detach_policies": false,
            "id": "argo-hub-5zqs6-master-role",
            "inline_policy": [],
            "managed_policy_arns": [],
            "max_session_duration": 3600,
            "name": "argo-hub-5zqs6-master-role",
            "name_prefix": "",
            "path": "/",
            "permissions_boundary": null,
            "tags": {
              "Name": "argo-hub-5zqs6-master-role",
              "kubernetes.io/cluster/argo-hub-5zqs6": "owned"
            },
            "tags_all": {
              "Name": "argo-hub-5zqs6-master-role",
              "kubernetes.io/cluster/argo-hub-5zqs6": "owned"
            },
            "unique_id": "AROAQ2HRQHVVLWIZB4UFE"
          },
          "sensitive_attributes": [],
          "private": "bnVsbA==",
          "dependencies": [
            "module.masters.data.aws_partition.current"
          ]
        }
      ]
    },
    {
      "module": "module.masters",
      "mode": "managed",
      "type": "aws_iam_role_policy",
      "name": "master_policy",
      "provider": "provider[\"openshift/local/aws\"]",
      "instances": [
        {
          "index_key": 0,
          "schema_version": 0,
          "attributes": {
            "id": "argo-hub-5zqs6-master-role:argo-hub-5zqs6-master-policy",
            "name": "argo-hub-5zqs6-master-policy",
            "name_prefix": null,
            "policy": "{\n  \"Version\": \"2012-10-17\",\n  \"Statement\": [\n    {\n      \"Action\": [\n        \"ec2:AttachVolume\",\n        \"ec2:AuthorizeSecurityGroupIngress\",\n        \"ec2:CreateSecurityGroup\",\n        \"ec2:CreateTags\",\n        \"ec2:CreateVolume\",\n        \"ec2:DeleteSecurityGroup\",\n        \"ec2:DeleteVolume\",\n        \"ec2:Describe*\",\n        \"ec2:DetachVolume\",\n        \"ec2:ModifyInstanceAttribute\",\n        \"ec2:ModifyVolume\",\n        \"ec2:RevokeSecurityGroupIngress\",\n        \"elasticloadbalancing:AddTags\",\n        \"elasticloadbalancing:AttachLoadBalancerToSubnets\",\n        \"elasticloadbalancing:ApplySecurityGroupsToLoadBalancer\",\n        \"elasticloadbalancing:CreateListener\",\n        \"elasticloadbalancing:CreateLoadBalancer\",\n        \"elasticloadbalancing:CreateLoadBalancerPolicy\",\n        \"elasticloadbalancing:CreateLoadBalancerListeners\",\n        \"elasticloadbalancing:CreateTargetGroup\",\n        \"elasticloadbalancing:ConfigureHealthCheck\",\n        \"elasticloadbalancing:DeleteListener\",\n        \"elasticloadbalancing:DeleteLoadBalancer\",\n        \"elasticloadbalancing:DeleteLoadBalancerListeners\",\n        \"elasticloadbalancing:DeleteTargetGroup\",\n        \"elasticloadbalancing:DeregisterInstancesFromLoadBalancer\",\n        \"elasticloadbalancing:DeregisterTargets\",\n        \"elasticloadbalancing:Describe*\",\n        \"elasticloadbalancing:DetachLoadBalancerFromSubnets\",\n        \"elasticloadbalancing:ModifyListener\",\n        \"elasticloadbalancing:ModifyLoadBalancerAttributes\",\n        \"elasticloadbalancing:ModifyTargetGroup\",\n        \"elasticloadbalancing:ModifyTargetGroupAttributes\",\n        \"elasticloadbalancing:RegisterInstancesWithLoadBalancer\",\n        \"elasticloadbalancing:RegisterTargets\",\n        \"elasticloadbalancing:SetLoadBalancerPoliciesForBackendServer\",\n        \"elasticloadbalancing:SetLoadBalancerPoliciesOfListener\",\n        \"kms:DescribeKey\"\n      ],\n      \"Resource\": \"*\",\n      \"Effect\": \"Allow\"\n    }\n  ]\n}\n",
            "role": "argo-hub-5zqs6-master-role"
          },
          "sensitive_attributes": [],
          "private": "bnVsbA==",
          "dependencies": [
            "module.masters.aws_iam_role.master_role",
            "module.masters.data.aws_partition.current"
          ]
        }
      ]
    },
    {
      "module": "module.masters",
      "mode": "managed",
      "type": "aws_instance",
      "name": "master",
      "provider": "provider[\"openshift/local/aws\"]",
      "instances": [
        {
          "index_key": 0,
          "schema_version": 1,
          "attributes": {
            "ami": "ami-0e3df83cd6630da18",
            "arn": "arn:aws:ec2:eu-west-1:056341052778:instance/i-094b8570546d826cf",
            "associate_public_ip_address": false,
            "availability_zone": "eu-west-1a",
            "capacity_reservation_specification": [
              {
                "capacity_reservation_preference": "open",
                "capacity_reservation_target": []
              }
            ],
            "cpu_core_count": 2,
            "cpu_threads_per_core": 2,
            "credit_specification": [],
            "disable_api_stop": false,
            "disable_api_termination": false,
            "ebs_block_device": [],
            "ebs_optimized": false,
            "enclave_options": [
              {
                "enabled": false
              }
            ],
            "ephemeral_block_device": [],
            "get_password_data": false,
            "hibernation": false,
            "host_id": null,
            "host_resource_group_arn": null,
            "iam_instance_profile": "argo-hub-5zqs6-master-profile",
            "id": "i-094b8570546d826cf",
            "instance_initiated_shutdown_behavior": "stop",
            "instance_state": "running",
            "instance_type": "m6i.xlarge",
            "ipv6_address_count": 0,
            "ipv6_addresses": [],
            "key_name": "",
            "launch_template": [],
            "maintenance_options": [
              {
                "auto_recovery": "default"
              }
            ],
            "metadata_options": [
              {
                "http_endpoint": "enabled",
                "http_put_response_hop_limit": 1,
                "http_tokens": "optional",
                "instance_metadata_tags": "disabled"
              }
            ],
            "monitoring": false,
            "network_interface": [
              {
                "delete_on_termination": false,
                "device_index": 0,
                "network_card_index": 0,
                "network_interface_id": "eni-05adfd3c9f7d655a8"
              }
            ],
            "outpost_arn": "",
            "password_data": "",
            "placement_group": "",
            "placement_partition_number": null,
            "primary_network_interface_id": "eni-05adfd3c9f7d655a8",
            "private_dns": "ip-10-0-141-227.eu-west-1.compute.internal",
            "private_dns_name_options": [
              {
                "enable_resource_name_dns_a_record": false,
                "enable_resource_name_dns_aaaa_record": false,
                "hostname_type": "ip-name"
              }
            ],
            "private_ip": "10.0.141.227",
            "public_dns": "",
            "public_ip": "",
            "root_block_device": [
              {
                "delete_on_termination": true,
                "device_name": "/dev/xvda",
                "encrypted": true,
                "iops": 3000,
                "kms_key_id": "arn:aws:kms:eu-west-1:056341052778:key/d7489478-8a71-4dca-898b-20a7b4cc533c",
                "tags": null,
                "throughput": 125,
                "volume_id": "vol-01bf7ab330a9b7d94",
                "volume_size": 120,
                "volume_type": "gp3"
              }
            ],
            "secondary_private_ips": [],
            "security_groups": [],
            "source_dest_check": true,
            "subnet_id": "subnet-00cabfbf3c303d6a6",
            "tags": {
              "Name": "argo-hub-5zqs6-master-0",
              "kubernetes.io/cluster/argo-hub-5zqs6": "owned"
            },
            "tags_all": {
              "Name": "argo-hub-5zqs6-master-0",
              "kubernetes.io/cluster/argo-hub-5zqs6": "owned"
            },
            "tenancy": "default",
            "timeouts": null,
            "user_data": "d7893c5f2872008d65403ae3c2794f4f55bef103",
            "user_data_base64": null,
            "user_data_replace_on_change": false,
            "volume_tags": {
              "Name": "argo-hub-5zqs6-master-0-vol",
              "kubernetes.io/cluster/argo-hub-5zqs6": "owned"
            },
            "vpc_security_group_ids": [
              "sg-03c3d2dd372acfd40"
            ]
          },
          "sensitive_attributes": [
            [
              {
                "type": "get_attr",
                "value": "user_data"
              }
            ]
          ],
          "private": "eyJlMmJmYjczMC1lY2FhLTExZTYtOGY4OC0zNDM2M2JjN2M0YzAiOnsiY3JlYXRlIjo2MDAwMDAwMDAwMDAsImRlbGV0ZSI6MTIwMDAwMDAwMDAwMCwidXBkYXRlIjo2MDAwMDAwMDAwMDB9LCJzY2hlbWFfdmVyc2lvbiI6IjEifQ==",
          "dependencies": [
            "aws_ami_copy.imported",
            "module.masters.aws_iam_instance_profile.master",
            "module.masters.aws_iam_role.master_role",
            "module.masters.aws_network_interface.master",
            "module.masters.data.aws_ebs_default_kms_key.current",
            "module.masters.data.aws_partition.current",
            "module.vpc.aws_security_group.master",
            "module.vpc.aws_subnet.private_subnet",
            "module.vpc.aws_vpc.new_vpc",
            "module.vpc.data.aws_subnet.private",
            "module.vpc.data.aws_vpc.cluster_vpc"
          ]
        },
        {
          "index_key": 1,
          "schema_version": 1,
          "attributes": {
            "ami": "ami-0e3df83cd6630da18",
            "arn": "arn:aws:ec2:eu-west-1:056341052778:instance/i-0ab48263b471f2efb",
            "associate_public_ip_address": false,
            "availability_zone": "eu-west-1b",
            "capacity_reservation_specification": [
              {
                "capacity_reservation_preference": "open",
                "capacity_reservation_target": []
              }
            ],
            "cpu_core_count": 2,
            "cpu_threads_per_core": 2,
            "credit_specification": [],
            "disable_api_stop": false,
            "disable_api_termination": false,
            "ebs_block_device": [],
            "ebs_optimized": false,
            "enclave_options": [
              {
                "enabled": false
              }
            ],
            "ephemeral_block_device": [],
            "get_password_data": false,
            "hibernation": false,
            "host_id": null,
            "host_resource_group_arn": null,
            "iam_instance_profile": "argo-hub-5zqs6-master-profile",
            "id": "i-0ab48263b471f2efb",
            "instance_initiated_shutdown_behavior": "stop",
            "instance_state": "running",
            "instance_type": "m6i.xlarge",
            "ipv6_address_count": 0,
            "ipv6_addresses": [],
            "key_name": "",
            "launch_template": [],
            "maintenance_options": [
              {
                "auto_recovery": "default"
              }
            ],
            "metadata_options": [
              {
                "http_endpoint": "enabled",
                "http_put_response_hop_limit": 1,
                "http_tokens": "optional",
                "instance_metadata_tags": "disabled"
              }
            ],
            "monitoring": false,
            "network_interface": [
              {
                "delete_on_termination": false,
                "device_index": 0,
                "network_card_index": 0,
                "network_interface_id": "eni-0aeed6483ad8caf3d"
              }
            ],
            "outpost_arn": "",
            "password_data": "",
            "placement_group": "",
            "placement_partition_number": null,
            "primary_network_interface_id": "eni-0aeed6483ad8caf3d",
            "private_dns": "ip-10-0-188-14.eu-west-1.compute.internal",
            "private_dns_name_options": [
              {
                "enable_resource_name_dns_a_record": false,
                "enable_resource_name_dns_aaaa_record": false,
                "hostname_type": "ip-name"
              }
            ],
            "private_ip": "10.0.188.14",
            "public_dns": "",
            "public_ip": "",
            "root_block_device": [
              {
                "delete_on_termination": true,
                "device_name": "/dev/xvda",
                "encrypted": true,
                "iops": 3000,
                "kms_key_id": "arn:aws:kms:eu-west-1:056341052778:key/d7489478-8a71-4dca-898b-20a7b4cc533c",
                "tags": null,
                "throughput": 125,
                "volume_id": "vol-023af174d5b001733",
                "volume_size": 120,
                "volume_type": "gp3"
              }
            ],
            "secondary_private_ips": [],
            "security_groups": [],
            "source_dest_check": true,
            "subnet_id": "subnet-0e242fe56a35c7a12",
            "tags": {
              "Name": "argo-hub-5zqs6-master-1",
              "kubernetes.io/cluster/argo-hub-5zqs6": "owned"
            },
            "tags_all": {
              "Name": "argo-hub-5zqs6-master-1",
              "kubernetes.io/cluster/argo-hub-5zqs6": "owned"
            },
            "tenancy": "default",
            "timeouts": null,
            "user_data": "d7893c5f2872008d65403ae3c2794f4f55bef103",
            "user_data_base64": null,
            "user_data_replace_on_change": false,
            "volume_tags": {
              "Name": "argo-hub-5zqs6-master-1-vol",
              "kubernetes.io/cluster/argo-hub-5zqs6": "owned"
            },
            "vpc_security_group_ids": [
              "sg-03c3d2dd372acfd40"
            ]
          },
          "sensitive_attributes": [
            [
              {
                "type": "get_attr",
                "value": "user_data"
              }
            ]
          ],
          "private": "eyJlMmJmYjczMC1lY2FhLTExZTYtOGY4OC0zNDM2M2JjN2M0YzAiOnsiY3JlYXRlIjo2MDAwMDAwMDAwMDAsImRlbGV0ZSI6MTIwMDAwMDAwMDAwMCwidXBkYXRlIjo2MDAwMDAwMDAwMDB9LCJzY2hlbWFfdmVyc2lvbiI6IjEifQ==",
          "dependencies": [
            "aws_ami_copy.imported",
            "module.masters.aws_iam_instance_profile.master",
            "module.masters.aws_iam_role.master_role",
            "module.masters.aws_network_interface.master",
            "module.masters.data.aws_ebs_default_kms_key.current",
            "module.masters.data.aws_partition.current",
            "module.vpc.aws_security_group.master",
            "module.vpc.aws_subnet.private_subnet",
            "module.vpc.aws_vpc.new_vpc",
            "module.vpc.data.aws_subnet.private",
            "module.vpc.data.aws_vpc.cluster_vpc"
          ]
        },
        {
          "index_key": 2,
          "schema_version": 1,
          "attributes": {
            "ami": "ami-0e3df83cd6630da18",
            "arn": "arn:aws:ec2:eu-west-1:056341052778:instance/i-003fa03fbc801a0ab",
            "associate_public_ip_address": false,
            "availability_zone": "eu-west-1c",
            "capacity_reservation_specification": [
              {
                "capacity_reservation_preference": "open",
                "capacity_reservation_target": []
              }
            ],
            "cpu_core_count": 2,
            "cpu_threads_per_core": 2,
            "credit_specification": [],
            "disable_api_stop": false,
            "disable_api_termination": false,
            "ebs_block_device": [],
            "ebs_optimized": false,
            "enclave_options": [
              {
                "enabled": false
              }
            ],
            "ephemeral_block_device": [],
            "get_password_data": false,
            "hibernation": false,
            "host_id": null,
            "host_resource_group_arn": null,
            "iam_instance_profile": "argo-hub-5zqs6-master-profile",
            "id": "i-003fa03fbc801a0ab",
            "instance_initiated_shutdown_behavior": "stop",
            "instance_state": "running",
            "instance_type": "m6i.xlarge",
            "ipv6_address_count": 0,
            "ipv6_addresses": [],
            "key_name": "",
            "launch_template": [],
            "maintenance_options": [
              {
                "auto_recovery": "default"
              }
            ],
            "metadata_options": [
              {
                "http_endpoint": "enabled",
                "http_put_response_hop_limit": 1,
                "http_tokens": "optional",
                "instance_metadata_tags": "disabled"
              }
            ],
            "monitoring": false,
            "network_interface": [
              {
                "delete_on_termination": false,
                "device_index": 0,
                "network_card_index": 0,
                "network_interface_id": "eni-033fb9c15bb657fbb"
              }
            ],
            "outpost_arn": "",
            "password_data": "",
            "placement_group": "",
            "placement_partition_number": null,
            "primary_network_interface_id": "eni-033fb9c15bb657fbb",
            "private_dns": "ip-10-0-208-227.eu-west-1.compute.internal",
            "private_dns_name_options": [
              {
                "enable_resource_name_dns_a_record": false,
                "enable_resource_name_dns_aaaa_record": false,
                "hostname_type": "ip-name"
              }
            ],
            "private_ip": "10.0.208.227",
            "public_dns": "",
            "public_ip": "",
            "root_block_device": [
              {
                "delete_on_termination": true,
                "device_name": "/dev/xvda",
                "encrypted": true,
                "iops": 3000,
                "kms_key_id": "arn:aws:kms:eu-west-1:056341052778:key/d7489478-8a71-4dca-898b-20a7b4cc533c",
                "tags": null,
                "throughput": 125,
                "volume_id": "vol-02cb04ab89c390e8d",
                "volume_size": 120,
                "volume_type": "gp3"
              }
            ],
            "secondary_private_ips": [],
            "security_groups": [],
            "source_dest_check": true,
            "subnet_id": "subnet-066cf441395b8d82c",
            "tags": {
              "Name": "argo-hub-5zqs6-master-2",
              "kubernetes.io/cluster/argo-hub-5zqs6": "owned"
            },
            "tags_all": {
              "Name": "argo-hub-5zqs6-master-2",
              "kubernetes.io/cluster/argo-hub-5zqs6": "owned"
            },
            "tenancy": "default",
            "timeouts": null,
            "user_data": "d7893c5f2872008d65403ae3c2794f4f55bef103",
            "user_data_base64": null,
            "user_data_replace_on_change": false,
            "volume_tags": {
              "Name": "argo-hub-5zqs6-master-2-vol",
              "kubernetes.io/cluster/argo-hub-5zqs6": "owned"
            },
            "vpc_security_group_ids": [
              "sg-03c3d2dd372acfd40"
            ]
          },
          "sensitive_attributes": [
            [
              {
                "type": "get_attr",
                "value": "user_data"
              }
            ]
          ],
          "private": "eyJlMmJmYjczMC1lY2FhLTExZTYtOGY4OC0zNDM2M2JjN2M0YzAiOnsiY3JlYXRlIjo2MDAwMDAwMDAwMDAsImRlbGV0ZSI6MTIwMDAwMDAwMDAwMCwidXBkYXRlIjo2MDAwMDAwMDAwMDB9LCJzY2hlbWFfdmVyc2lvbiI6IjEifQ==",
          "dependencies": [
            "aws_ami_copy.imported",
            "module.masters.aws_iam_instance_profile.master",
            "module.masters.aws_iam_role.master_role",
            "module.masters.aws_network_interface.master",
            "module.masters.data.aws_ebs_default_kms_key.current",
            "module.masters.data.aws_partition.current",
            "module.vpc.aws_security_group.master",
            "module.vpc.aws_subnet.private_subnet",
            "module.vpc.aws_vpc.new_vpc",
            "module.vpc.data.aws_subnet.private",
            "module.vpc.data.aws_vpc.cluster_vpc"
          ]
        }
      ]
    },
    {
      "module": "module.masters",
      "mode": "managed",
      "type": "aws_lb_target_group_attachment",
      "name": "master",
      "provider": "provider[\"openshift/local/aws\"]",
      "instances": [
        {
          "index_key": 0,
          "schema_version": 0,
          "attributes": {
            "availability_zone": null,
            "id": "arn:aws:elasticloadbalancing:eu-west-1:056341052778:targetgroup/argo-hub-5zqs6-aint/57969590883bcd30-2023022316251407710000000b",
            "port": null,
            "target_group_arn": "arn:aws:elasticloadbalancing:eu-west-1:056341052778:targetgroup/argo-hub-5zqs6-aint/57969590883bcd30",
            "target_id": "10.0.141.227"
          },
          "sensitive_attributes": [],
          "private": "bnVsbA==",
          "dependencies": [
            "aws_ami_copy.imported",
            "module.masters.aws_iam_instance_profile.master",
            "module.masters.aws_iam_role.master_role",
            "module.masters.aws_instance.master",
            "module.masters.aws_network_interface.master",
            "module.masters.data.aws_ebs_default_kms_key.current",
            "module.masters.data.aws_partition.current",
            "module.vpc.aws_lb_target_group.api_external",
            "module.vpc.aws_lb_target_group.api_internal",
            "module.vpc.aws_lb_target_group.services",
            "module.vpc.aws_security_group.master",
            "module.vpc.aws_subnet.private_subnet",
            "module.vpc.aws_vpc.new_vpc",
            "module.vpc.data.aws_subnet.private",
            "module.vpc.data.aws_vpc.cluster_vpc"
          ]
        },
        {
          "index_key": 1,
          "schema_version": 0,
          "attributes": {
            "availability_zone": null,
            "id": "arn:aws:elasticloadbalancing:eu-west-1:056341052778:targetgroup/argo-hub-5zqs6-sint/a2b7ea3bd38cfb01-20230223162513724200000005",
            "port": null,
            "target_group_arn": "arn:aws:elasticloadbalancing:eu-west-1:056341052778:targetgroup/argo-hub-5zqs6-sint/a2b7ea3bd38cfb01",
            "target_id": "10.0.141.227"
          },
          "sensitive_attributes": [],
          "private": "bnVsbA==",
          "dependencies": [
            "aws_ami_copy.imported",
            "module.masters.aws_iam_instance_profile.master",
            "module.masters.aws_iam_role.master_role",
            "module.masters.aws_instance.master",
            "module.masters.aws_network_interface.master",
            "module.masters.data.aws_ebs_default_kms_key.current",
            "module.masters.data.aws_partition.current",
            "module.vpc.aws_lb_target_group.api_external",
            "module.vpc.aws_lb_target_group.api_internal",
            "module.vpc.aws_lb_target_group.services",
            "module.vpc.aws_security_group.master",
            "module.vpc.aws_subnet.private_subnet",
            "module.vpc.aws_vpc.new_vpc",
            "module.vpc.data.aws_subnet.private",
            "module.vpc.data.aws_vpc.cluster_vpc"
          ]
        },
        {
          "index_key": 2,
          "schema_version": 0,
          "attributes": {
            "availability_zone": null,
            "id": "arn:aws:elasticloadbalancing:eu-west-1:056341052778:targetgroup/argo-hub-5zqs6-aext/d35baddac0f1b16b-20230223162513768500000006",
            "port": null,
            "target_group_arn": "arn:aws:elasticloadbalancing:eu-west-1:056341052778:targetgroup/argo-hub-5zqs6-aext/d35baddac0f1b16b",
            "target_id": "10.0.141.227"
          },
          "sensitive_attributes": [],
          "private": "bnVsbA==",
          "dependencies": [
            "aws_ami_copy.imported",
            "module.masters.aws_iam_instance_profile.master",
            "module.masters.aws_iam_role.master_role",
            "module.masters.aws_instance.master",
            "module.masters.aws_network_interface.master",
            "module.masters.data.aws_ebs_default_kms_key.current",
            "module.masters.data.aws_partition.current",
            "module.vpc.aws_lb_target_group.api_external",
            "module.vpc.aws_lb_target_group.api_internal",
            "module.vpc.aws_lb_target_group.services",
            "module.vpc.aws_security_group.master",
            "module.vpc.aws_subnet.private_subnet",
            "module.vpc.aws_vpc.new_vpc",
            "module.vpc.data.aws_subnet.private",
            "module.vpc.data.aws_vpc.cluster_vpc"
          ]
        },
        {
          "index_key": 3,
          "schema_version": 0,
          "attributes": {
            "availability_zone": null,
            "id": "arn:aws:elasticloadbalancing:eu-west-1:056341052778:targetgroup/argo-hub-5zqs6-aint/57969590883bcd30-2023022316251400770000000a",
            "port": null,
            "target_group_arn": "arn:aws:elasticloadbalancing:eu-west-1:056341052778:targetgroup/argo-hub-5zqs6-aint/57969590883bcd30",
            "target_id": "10.0.188.14"
          },
          "sensitive_attributes": [],
          "private": "bnVsbA==",
          "dependencies": [
            "aws_ami_copy.imported",
            "module.masters.aws_iam_instance_profile.master",
            "module.masters.aws_iam_role.master_role",
            "module.masters.aws_instance.master",
            "module.masters.aws_network_interface.master",
            "module.masters.data.aws_ebs_default_kms_key.current",
            "module.masters.data.aws_partition.current",
            "module.vpc.aws_lb_target_group.api_external",
            "module.vpc.aws_lb_target_group.api_internal",
            "module.vpc.aws_lb_target_group.services",
            "module.vpc.aws_security_group.master",
            "module.vpc.aws_subnet.private_subnet",
            "module.vpc.aws_vpc.new_vpc",
            "module.vpc.data.aws_subnet.private",
            "module.vpc.data.aws_vpc.cluster_vpc"
          ]
        },
        {
          "index_key": 4,
          "schema_version": 0,
          "attributes": {
            "availability_zone": null,
            "id": "arn:aws:elasticloadbalancing:eu-west-1:056341052778:targetgroup/argo-hub-5zqs6-sint/a2b7ea3bd38cfb01-2023022316251429950000000c",
            "port": null,
            "target_group_arn": "arn:aws:elasticloadbalancing:eu-west-1:056341052778:targetgroup/argo-hub-5zqs6-sint/a2b7ea3bd38cfb01",
            "target_id": "10.0.188.14"
          },
          "sensitive_attributes": [],
          "private": "bnVsbA==",
          "dependencies": [
            "aws_ami_copy.imported",
            "module.masters.aws_iam_instance_profile.master",
            "module.masters.aws_iam_role.master_role",
            "module.masters.aws_instance.master",
            "module.masters.aws_network_interface.master",
            "module.masters.data.aws_ebs_default_kms_key.current",
            "module.masters.data.aws_partition.current",
            "module.vpc.aws_lb_target_group.api_external",
            "module.vpc.aws_lb_target_group.api_internal",
            "module.vpc.aws_lb_target_group.services",
            "module.vpc.aws_security_group.master",
            "module.vpc.aws_subnet.private_subnet",
            "module.vpc.aws_vpc.new_vpc",
            "module.vpc.data.aws_subnet.private",
            "module.vpc.data.aws_vpc.cluster_vpc"
          ]
        },
        {
          "index_key": 5,
          "schema_version": 0,
          "attributes": {
            "availability_zone": null,
            "id": "arn:aws:elasticloadbalancing:eu-west-1:056341052778:targetgroup/argo-hub-5zqs6-aext/d35baddac0f1b16b-20230223162513722400000004",
            "port": null,
            "target_group_arn": "arn:aws:elasticloadbalancing:eu-west-1:056341052778:targetgroup/argo-hub-5zqs6-aext/d35baddac0f1b16b",
            "target_id": "10.0.188.14"
          },
          "sensitive_attributes": [],
          "private": "bnVsbA==",
          "dependencies": [
            "aws_ami_copy.imported",
            "module.masters.aws_iam_instance_profile.master",
            "module.masters.aws_iam_role.master_role",
            "module.masters.aws_instance.master",
            "module.masters.aws_network_interface.master",
            "module.masters.data.aws_ebs_default_kms_key.current",
            "module.masters.data.aws_partition.current",
            "module.vpc.aws_lb_target_group.api_external",
            "module.vpc.aws_lb_target_group.api_internal",
            "module.vpc.aws_lb_target_group.services",
            "module.vpc.aws_security_group.master",
            "module.vpc.aws_subnet.private_subnet",
            "module.vpc.aws_vpc.new_vpc",
            "module.vpc.data.aws_subnet.private",
            "module.vpc.data.aws_vpc.cluster_vpc"
          ]
        },
        {
          "index_key": 6,
          "schema_version": 0,
          "attributes": {
            "availability_zone": null,
            "id": "arn:aws:elasticloadbalancing:eu-west-1:056341052778:targetgroup/argo-hub-5zqs6-aint/57969590883bcd30-20230223162513950300000008",
            "port": null,
            "target_group_arn": "arn:aws:elasticloadbalancing:eu-west-1:056341052778:targetgroup/argo-hub-5zqs6-aint/57969590883bcd30",
            "target_id": "10.0.208.227"
          },
          "sensitive_attributes": [],
          "private": "bnVsbA==",
          "dependencies": [
            "aws_ami_copy.imported",
            "module.masters.aws_iam_instance_profile.master",
            "module.masters.aws_iam_role.master_role",
            "module.masters.aws_instance.master",
            "module.masters.aws_network_interface.master",
            "module.masters.data.aws_ebs_default_kms_key.current",
            "module.masters.data.aws_partition.current",
            "module.vpc.aws_lb_target_group.api_external",
            "module.vpc.aws_lb_target_group.api_internal",
            "module.vpc.aws_lb_target_group.services",
            "module.vpc.aws_security_group.master",
            "module.vpc.aws_subnet.private_subnet",
            "module.vpc.aws_vpc.new_vpc",
            "module.vpc.data.aws_subnet.private",
            "module.vpc.data.aws_vpc.cluster_vpc"
          ]
        },
        {
          "index_key": 7,
          "schema_version": 0,
          "attributes": {
            "availability_zone": null,
            "id": "arn:aws:elasticloadbalancing:eu-west-1:056341052778:targetgroup/argo-hub-5zqs6-sint/a2b7ea3bd38cfb01-20230223162513881200000007",
            "port": null,
            "target_group_arn": "arn:aws:elasticloadbalancing:eu-west-1:056341052778:targetgroup/argo-hub-5zqs6-sint/a2b7ea3bd38cfb01",
            "target_id": "10.0.208.227"
          },
          "sensitive_attributes": [],
          "private": "bnVsbA==",
          "dependencies": [
            "aws_ami_copy.imported",
            "module.masters.aws_iam_instance_profile.master",
            "module.masters.aws_iam_role.master_role",
            "module.masters.aws_instance.master",
            "module.masters.aws_network_interface.master",
            "module.masters.data.aws_ebs_default_kms_key.current",
            "module.masters.data.aws_partition.current",
            "module.vpc.aws_lb_target_group.api_external",
            "module.vpc.aws_lb_target_group.api_internal",
            "module.vpc.aws_lb_target_group.services",
            "module.vpc.aws_security_group.master",
            "module.vpc.aws_subnet.private_subnet",
            "module.vpc.aws_vpc.new_vpc",
            "module.vpc.data.aws_subnet.private",
            "module.vpc.data.aws_vpc.cluster_vpc"
          ]
        },
        {
          "index_key": 8,
          "schema_version": 0,
          "attributes": {
            "availability_zone": null,
            "id": "arn:aws:elasticloadbalancing:eu-west-1:056341052778:targetgroup/argo-hub-5zqs6-aext/d35baddac0f1b16b-20230223162513953900000009",
            "port": null,
            "target_group_arn": "arn:aws:elasticloadbalancing:eu-west-1:056341052778:targetgroup/argo-hub-5zqs6-aext/d35baddac0f1b16b",
            "target_id": "10.0.208.227"
          },
          "sensitive_attributes": [],
          "private": "bnVsbA==",
          "dependencies": [
            "aws_ami_copy.imported",
            "module.masters.aws_iam_instance_profile.master",
            "module.masters.aws_iam_role.master_role",
            "module.masters.aws_instance.master",
            "module.masters.aws_network_interface.master",
            "module.masters.data.aws_ebs_default_kms_key.current",
            "module.masters.data.aws_partition.current",
            "module.vpc.aws_lb_target_group.api_external",
            "module.vpc.aws_lb_target_group.api_internal",
            "module.vpc.aws_lb_target_group.services",
            "module.vpc.aws_security_group.master",
            "module.vpc.aws_subnet.private_subnet",
            "module.vpc.aws_vpc.new_vpc",
            "module.vpc.data.aws_subnet.private",
            "module.vpc.data.aws_vpc.cluster_vpc"
          ]
        }
      ]
    },
    {
      "module": "module.masters",
      "mode": "managed",
      "type": "aws_network_interface",
      "name": "master",
      "provider": "provider[\"openshift/local/aws\"]",
      "instances": [
        {
          "index_key": 0,
          "schema_version": 0,
          "attributes": {
            "arn": "arn:aws:ec2:eu-west-1:056341052778:network-interface/eni-05adfd3c9f7d655a8",
            "attachment": [],
            "description": "Created By OpenShift Installer",
            "id": "eni-05adfd3c9f7d655a8",
            "interface_type": "interface",
            "ipv4_prefix_count": 0,
            "ipv4_prefixes": [],
            "ipv6_address_count": 0,
            "ipv6_address_list": [],
            "ipv6_address_list_enabled": false,
            "ipv6_addresses": [],
            "ipv6_prefix_count": 0,
            "ipv6_prefixes": [],
            "mac_address": "06:00:73:b3:7e:f3",
            "outpost_arn": "",
            "owner_id": "056341052778",
            "private_dns_name": "ip-10-0-141-227.eu-west-1.compute.internal",
            "private_ip": "10.0.141.227",
            "private_ip_list": [
              "10.0.141.227"
            ],
            "private_ip_list_enabled": false,
            "private_ips": [
              "10.0.141.227"
            ],
            "private_ips_count": 0,
            "security_groups": [
              "sg-03c3d2dd372acfd40"
            ],
            "source_dest_check": true,
            "subnet_id": "subnet-00cabfbf3c303d6a6",
            "tags": {
              "Name": "argo-hub-5zqs6-master-0",
              "kubernetes.io/cluster/argo-hub-5zqs6": "owned"
            },
            "tags_all": {
              "Name": "argo-hub-5zqs6-master-0",
              "kubernetes.io/cluster/argo-hub-5zqs6": "owned"
            }
          },
          "sensitive_attributes": [],
          "private": "bnVsbA==",
          "dependencies": [
            "module.vpc.aws_security_group.master",
            "module.vpc.aws_subnet.private_subnet",
            "module.vpc.aws_vpc.new_vpc",
            "module.vpc.data.aws_subnet.private",
            "module.vpc.data.aws_vpc.cluster_vpc"
          ]
        },
        {
          "index_key": 1,
          "schema_version": 0,
          "attributes": {
            "arn": "arn:aws:ec2:eu-west-1:056341052778:network-interface/eni-0aeed6483ad8caf3d",
            "attachment": [],
            "description": "Created By OpenShift Installer",
            "id": "eni-0aeed6483ad8caf3d",
            "interface_type": "interface",
            "ipv4_prefix_count": 0,
            "ipv4_prefixes": [],
            "ipv6_address_count": 0,
            "ipv6_address_list": [],
            "ipv6_address_list_enabled": false,
            "ipv6_addresses": [],
            "ipv6_prefix_count": 0,
            "ipv6_prefixes": [],
            "mac_address": "0a:c9:eb:98:f2:a5",
            "outpost_arn": "",
            "owner_id": "056341052778",
            "private_dns_name": "ip-10-0-188-14.eu-west-1.compute.internal",
            "private_ip": "10.0.188.14",
            "private_ip_list": [
              "10.0.188.14"
            ],
            "private_ip_list_enabled": false,
            "private_ips": [
              "10.0.188.14"
            ],
            "private_ips_count": 0,
            "security_groups": [
              "sg-03c3d2dd372acfd40"
            ],
            "source_dest_check": true,
            "subnet_id": "subnet-0e242fe56a35c7a12",
            "tags": {
              "Name": "argo-hub-5zqs6-master-1",
              "kubernetes.io/cluster/argo-hub-5zqs6": "owned"
            },
            "tags_all": {
              "Name": "argo-hub-5zqs6-master-1",
              "kubernetes.io/cluster/argo-hub-5zqs6": "owned"
            }
          },
          "sensitive_attributes": [],
          "private": "bnVsbA==",
          "dependencies": [
            "module.vpc.aws_security_group.master",
            "module.vpc.aws_subnet.private_subnet",
            "module.vpc.aws_vpc.new_vpc",
            "module.vpc.data.aws_subnet.private",
            "module.vpc.data.aws_vpc.cluster_vpc"
          ]
        },
        {
          "index_key": 2,
          "schema_version": 0,
          "attributes": {
            "arn": "arn:aws:ec2:eu-west-1:056341052778:network-interface/eni-033fb9c15bb657fbb",
            "attachment": [],
            "description": "Created By OpenShift Installer",
            "id": "eni-033fb9c15bb657fbb",
            "interface_type": "interface",
            "ipv4_prefix_count": 0,
            "ipv4_prefixes": [],
            "ipv6_address_count": 0,
            "ipv6_address_list": [],
            "ipv6_address_list_enabled": false,
            "ipv6_addresses": [],
            "ipv6_prefix_count": 0,
            "ipv6_prefixes": [],
            "mac_address": "02:66:20:ee:64:3f",
            "outpost_arn": "",
            "owner_id": "056341052778",
            "private_dns_name": "ip-10-0-208-227.eu-west-1.compute.internal",
            "private_ip": "10.0.208.227",
            "private_ip_list": [
              "10.0.208.227"
            ],
            "private_ip_list_enabled": false,
            "private_ips": [
              "10.0.208.227"
            ],
            "private_ips_count": 0,
            "security_groups": [
              "sg-03c3d2dd372acfd40"
            ],
            "source_dest_check": true,
            "subnet_id": "subnet-066cf441395b8d82c",
            "tags": {
              "Name": "argo-hub-5zqs6-master-2",
              "kubernetes.io/cluster/argo-hub-5zqs6": "owned"
            },
            "tags_all": {
              "Name": "argo-hub-5zqs6-master-2",
              "kubernetes.io/cluster/argo-hub-5zqs6": "owned"
            }
          },
          "sensitive_attributes": [],
          "private": "bnVsbA==",
          "dependencies": [
            "module.vpc.aws_security_group.master",
            "module.vpc.aws_subnet.private_subnet",
            "module.vpc.aws_vpc.new_vpc",
            "module.vpc.data.aws_subnet.private",
            "module.vpc.data.aws_vpc.cluster_vpc"
          ]
        }
      ]
    },
    {
      "module": "module.vpc",
      "mode": "data",
      "type": "aws_subnet",
      "name": "private",
      "provider": "provider[\"openshift/local/aws\"]",
      "instances": [
        {
          "index_key": 0,
          "schema_version": 0,
          "attributes": {
            "arn": "arn:aws:ec2:eu-west-1:056341052778:subnet/subnet-00cabfbf3c303d6a6",
            "assign_ipv6_address_on_creation": false,
            "availability_zone": "eu-west-1a",
            "availability_zone_id": "euw1-az2",
            "available_ip_address_count": 8187,
            "cidr_block": "10.0.128.0/19",
            "customer_owned_ipv4_pool": "",
            "default_for_az": false,
            "enable_dns64": false,
            "enable_resource_name_dns_a_record_on_launch": false,
            "enable_resource_name_dns_aaaa_record_on_launch": false,
            "filter": null,
            "id": "subnet-00cabfbf3c303d6a6",
            "ipv6_cidr_block": "",
            "ipv6_cidr_block_association_id": "",
            "ipv6_native": false,
            "map_customer_owned_ip_on_launch": false,
            "map_public_ip_on_launch": false,
            "outpost_arn": "",
            "owner_id": "056341052778",
            "private_dns_hostname_type_on_launch": "ip-name",
            "state": "available",
            "tags": {
              "Name": "argo-hub-5zqs6-private-eu-west-1a",
              "kubernetes.io/cluster/argo-hub-5zqs6": "owned",
              "kubernetes.io/role/internal-elb": ""
            },
            "timeouts": null,
            "vpc_id": "vpc-0e1ca3462357ea0ad"
          },
          "sensitive_attributes": []
        },
        {
          "index_key": 1,
          "schema_version": 0,
          "attributes": {
            "arn": "arn:aws:ec2:eu-west-1:056341052778:subnet/subnet-0e242fe56a35c7a12",
            "assign_ipv6_address_on_creation": false,
            "availability_zone": "eu-west-1b",
            "availability_zone_id": "euw1-az3",
            "available_ip_address_count": 8187,
            "cidr_block": "10.0.160.0/19",
            "customer_owned_ipv4_pool": "",
            "default_for_az": false,
            "enable_dns64": false,
            "enable_resource_name_dns_a_record_on_launch": false,
            "enable_resource_name_dns_aaaa_record_on_launch": false,
            "filter": null,
            "id": "subnet-0e242fe56a35c7a12",
            "ipv6_cidr_block": "",
            "ipv6_cidr_block_association_id": "",
            "ipv6_native": false,
            "map_customer_owned_ip_on_launch": false,
            "map_public_ip_on_launch": false,
            "outpost_arn": "",
            "owner_id": "056341052778",
            "private_dns_hostname_type_on_launch": "ip-name",
            "state": "available",
            "tags": {
              "Name": "argo-hub-5zqs6-private-eu-west-1b",
              "kubernetes.io/cluster/argo-hub-5zqs6": "owned",
              "kubernetes.io/role/internal-elb": ""
            },
            "timeouts": null,
            "vpc_id": "vpc-0e1ca3462357ea0ad"
          },
          "sensitive_attributes": []
        },
        {
          "index_key": 2,
          "schema_version": 0,
          "attributes": {
            "arn": "arn:aws:ec2:eu-west-1:056341052778:subnet/subnet-066cf441395b8d82c",
            "assign_ipv6_address_on_creation": false,
            "availability_zone": "eu-west-1c",
            "availability_zone_id": "euw1-az1",
            "available_ip_address_count": 8187,
            "cidr_block": "10.0.192.0/19",
            "customer_owned_ipv4_pool": "",
            "default_for_az": false,
            "enable_dns64": false,
            "enable_resource_name_dns_a_record_on_launch": false,
            "enable_resource_name_dns_aaaa_record_on_launch": false,
            "filter": null,
            "id": "subnet-066cf441395b8d82c",
            "ipv6_cidr_block": "",
            "ipv6_cidr_block_association_id": "",
            "ipv6_native": false,
            "map_customer_owned_ip_on_launch": false,
            "map_public_ip_on_launch": false,
            "outpost_arn": "",
            "owner_id": "056341052778",
            "private_dns_hostname_type_on_launch": "ip-name",
            "state": "available",
            "tags": {
              "Name": "argo-hub-5zqs6-private-eu-west-1c",
              "kubernetes.io/cluster/argo-hub-5zqs6": "owned",
              "kubernetes.io/role/internal-elb": ""
            },
            "timeouts": null,
            "vpc_id": "vpc-0e1ca3462357ea0ad"
          },
          "sensitive_attributes": []
        }
      ]
    },
    {
      "module": "module.vpc",
      "mode": "data",
      "type": "aws_subnet",
      "name": "public",
      "provider": "provider[\"openshift/local/aws\"]",
      "instances": [
        {
          "index_key": 0,
          "schema_version": 0,
          "attributes": {
            "arn": "arn:aws:ec2:eu-west-1:056341052778:subnet/subnet-060314dc649dc0a23",
            "assign_ipv6_address_on_creation": false,
            "availability_zone": "eu-west-1a",
            "availability_zone_id": "euw1-az2",
            "available_ip_address_count": 8187,
            "cidr_block": "10.0.0.0/19",
            "customer_owned_ipv4_pool": "",
            "default_for_az": false,
            "enable_dns64": false,
            "enable_resource_name_dns_a_record_on_launch": false,
            "enable_resource_name_dns_aaaa_record_on_launch": false,
            "filter": null,
            "id": "subnet-060314dc649dc0a23",
            "ipv6_cidr_block": "",
            "ipv6_cidr_block_association_id": "",
            "ipv6_native": false,
            "map_customer_owned_ip_on_launch": false,
            "map_public_ip_on_launch": false,
            "outpost_arn": "",
            "owner_id": "056341052778",
            "private_dns_hostname_type_on_launch": "ip-name",
            "state": "available",
            "tags": {
              "Name": "argo-hub-5zqs6-public-eu-west-1a",
              "kubernetes.io/cluster/argo-hub-5zqs6": "owned"
            },
            "timeouts": null,
            "vpc_id": "vpc-0e1ca3462357ea0ad"
          },
          "sensitive_attributes": []
        },
        {
          "index_key": 1,
          "schema_version": 0,
          "attributes": {
            "arn": "arn:aws:ec2:eu-west-1:056341052778:subnet/subnet-0a589b1f897251cad",
            "assign_ipv6_address_on_creation": false,
            "availability_zone": "eu-west-1b",
            "availability_zone_id": "euw1-az3",
            "available_ip_address_count": 8187,
            "cidr_block": "10.0.32.0/19",
            "customer_owned_ipv4_pool": "",
            "default_for_az": false,
            "enable_dns64": false,
            "enable_resource_name_dns_a_record_on_launch": false,
            "enable_resource_name_dns_aaaa_record_on_launch": false,
            "filter": null,
            "id": "subnet-0a589b1f897251cad",
            "ipv6_cidr_block": "",
            "ipv6_cidr_block_association_id": "",
            "ipv6_native": false,
            "map_customer_owned_ip_on_launch": false,
            "map_public_ip_on_launch": false,
            "outpost_arn": "",
            "owner_id": "056341052778",
            "private_dns_hostname_type_on_launch": "ip-name",
            "state": "available",
            "tags": {
              "Name": "argo-hub-5zqs6-public-eu-west-1b",
              "kubernetes.io/cluster/argo-hub-5zqs6": "owned"
            },
            "timeouts": null,
            "vpc_id": "vpc-0e1ca3462357ea0ad"
          },
          "sensitive_attributes": []
        },
        {
          "index_key": 2,
          "schema_version": 0,
          "attributes": {
            "arn": "arn:aws:ec2:eu-west-1:056341052778:subnet/subnet-03d9895c4c42bce13",
            "assign_ipv6_address_on_creation": false,
            "availability_zone": "eu-west-1c",
            "availability_zone_id": "euw1-az1",
            "available_ip_address_count": 8187,
            "cidr_block": "10.0.64.0/19",
            "customer_owned_ipv4_pool": "",
            "default_for_az": false,
            "enable_dns64": false,
            "enable_resource_name_dns_a_record_on_launch": false,
            "enable_resource_name_dns_aaaa_record_on_launch": false,
            "filter": null,
            "id": "subnet-03d9895c4c42bce13",
            "ipv6_cidr_block": "",
            "ipv6_cidr_block_association_id": "",
            "ipv6_native": false,
            "map_customer_owned_ip_on_launch": false,
            "map_public_ip_on_launch": false,
            "outpost_arn": "",
            "owner_id": "056341052778",
            "private_dns_hostname_type_on_launch": "ip-name",
            "state": "available",
            "tags": {
              "Name": "argo-hub-5zqs6-public-eu-west-1c",
              "kubernetes.io/cluster/argo-hub-5zqs6": "owned"
            },
            "timeouts": null,
            "vpc_id": "vpc-0e1ca3462357ea0ad"
          },
          "sensitive_attributes": []
        }
      ]
    },
    {
      "module": "module.vpc",
      "mode": "data",
      "type": "aws_vpc",
      "name": "cluster_vpc",
      "provider": "provider[\"openshift/local/aws\"]",
      "instances": [
        {
          "schema_version": 0,
          "attributes": {
            "arn": "arn:aws:ec2:eu-west-1:056341052778:vpc/vpc-0e1ca3462357ea0ad",
            "cidr_block": "10.0.0.0/16",
            "cidr_block_associations": [
              {
                "association_id": "vpc-cidr-assoc-05dde400ba57f1465",
                "cidr_block": "10.0.0.0/16",
                "state": "associated"
              }
            ],
            "default": false,
            "dhcp_options_id": "dopt-0cc7ab89558de50b4",
            "enable_dns_hostnames": true,
            "enable_dns_support": true,
            "filter": null,
            "id": "vpc-0e1ca3462357ea0ad",
            "instance_tenancy": "default",
            "ipv6_association_id": "",
            "ipv6_cidr_block": "",
            "main_route_table_id": "rtb-01de7a9486d426738",
            "owner_id": "056341052778",
            "state": null,
            "tags": {
              "Name": "argo-hub-5zqs6-vpc",
              "kubernetes.io/cluster/argo-hub-5zqs6": "owned"
            },
            "timeouts": null
          },
          "sensitive_attributes": []
        }
      ]
    },
    {
      "module": "module.vpc",
      "mode": "managed",
      "type": "aws_eip",
      "name": "nat_eip",
      "provider": "provider[\"openshift/local/aws\"]",
      "instances": [
        {
          "index_key": 0,
          "schema_version": 0,
          "attributes": {
            "address": null,
            "allocation_id": "eipalloc-0859b1d3e7c0b5d3a",
            "associate_with_private_ip": null,
            "association_id": "",
            "carrier_ip": "",
            "customer_owned_ip": "",
            "customer_owned_ipv4_pool": "",
            "domain": "vpc",
            "id": "eipalloc-0859b1d3e7c0b5d3a",
            "instance": "",
            "network_border_group": "eu-west-1",
            "network_interface": "",
            "private_dns": null,
            "private_ip": "",
            "public_dns": "ec2-54-155-81-50.eu-west-1.compute.amazonaws.com",
            "public_ip": "54.155.81.50",
            "public_ipv4_pool": "amazon",
            "tags": {
              "Name": "argo-hub-5zqs6-eip-eu-west-1a",
              "kubernetes.io/cluster/argo-hub-5zqs6": "owned"
            },
            "tags_all": {
              "Name": "argo-hub-5zqs6-eip-eu-west-1a",
              "kubernetes.io/cluster/argo-hub-5zqs6": "owned"
            },
            "timeouts": null,
            "vpc": true
          },
          "sensitive_attributes": [],
          "private": "eyJlMmJmYjczMC1lY2FhLTExZTYtOGY4OC0zNDM2M2JjN2M0YzAiOnsiZGVsZXRlIjoxODAwMDAwMDAwMDAsInJlYWQiOjkwMDAwMDAwMDAwMCwidXBkYXRlIjozMDAwMDAwMDAwMDB9fQ==",
          "dependencies": [
            "module.vpc.aws_internet_gateway.igw",
            "module.vpc.aws_vpc.new_vpc",
            "module.vpc.data.aws_vpc.cluster_vpc"
          ]
        },
        {
          "index_key": 1,
          "schema_version": 0,
          "attributes": {
            "address": null,
            "allocation_id": "eipalloc-040c9cc21e18f0a57",
            "associate_with_private_ip": null,
            "association_id": "",
            "carrier_ip": "",
            "customer_owned_ip": "",
            "customer_owned_ipv4_pool": "",
            "domain": "vpc",
            "id": "eipalloc-040c9cc21e18f0a57",
            "instance": "",
            "network_border_group": "eu-west-1",
            "network_interface": "",
            "private_dns": null,
            "private_ip": "",
            "public_dns": "ec2-34-253-158-224.eu-west-1.compute.amazonaws.com",
            "public_ip": "34.253.158.224",
            "public_ipv4_pool": "amazon",
            "tags": {
              "Name": "argo-hub-5zqs6-eip-eu-west-1b",
              "kubernetes.io/cluster/argo-hub-5zqs6": "owned"
            },
            "tags_all": {
              "Name": "argo-hub-5zqs6-eip-eu-west-1b",
              "kubernetes.io/cluster/argo-hub-5zqs6": "owned"
            },
            "timeouts": null,
            "vpc": true
          },
          "sensitive_attributes": [],
          "private": "eyJlMmJmYjczMC1lY2FhLTExZTYtOGY4OC0zNDM2M2JjN2M0YzAiOnsiZGVsZXRlIjoxODAwMDAwMDAwMDAsInJlYWQiOjkwMDAwMDAwMDAwMCwidXBkYXRlIjozMDAwMDAwMDAwMDB9fQ==",
          "dependencies": [
            "module.vpc.aws_internet_gateway.igw",
            "module.vpc.aws_vpc.new_vpc",
            "module.vpc.data.aws_vpc.cluster_vpc"
          ]
        },
        {
          "index_key": 2,
          "schema_version": 0,
          "attributes": {
            "address": null,
            "allocation_id": "eipalloc-07a8301cd548da5be",
            "associate_with_private_ip": null,
            "association_id": "",
            "carrier_ip": "",
            "customer_owned_ip": "",
            "customer_owned_ipv4_pool": "",
            "domain": "vpc",
            "id": "eipalloc-07a8301cd548da5be",
            "instance": "",
            "network_border_group": "eu-west-1",
            "network_interface": "",
            "private_dns": null,
            "private_ip": "",
            "public_dns": "ec2-18-203-125-126.eu-west-1.compute.amazonaws.com",
            "public_ip": "18.203.125.126",
            "public_ipv4_pool": "amazon",
            "tags": {
              "Name": "argo-hub-5zqs6-eip-eu-west-1c",
              "kubernetes.io/cluster/argo-hub-5zqs6": "owned"
            },
            "tags_all": {
              "Name": "argo-hub-5zqs6-eip-eu-west-1c",
              "kubernetes.io/cluster/argo-hub-5zqs6": "owned"
            },
            "timeouts": null,
            "vpc": true
          },
          "sensitive_attributes": [],
          "private": "eyJlMmJmYjczMC1lY2FhLTExZTYtOGY4OC0zNDM2M2JjN2M0YzAiOnsiZGVsZXRlIjoxODAwMDAwMDAwMDAsInJlYWQiOjkwMDAwMDAwMDAwMCwidXBkYXRlIjozMDAwMDAwMDAwMDB9fQ==",
          "dependencies": [
            "module.vpc.aws_internet_gateway.igw",
            "module.vpc.aws_vpc.new_vpc",
            "module.vpc.data.aws_vpc.cluster_vpc"
          ]
        }
      ]
    },
    {
      "module": "module.vpc",
      "mode": "managed",
      "type": "aws_internet_gateway",
      "name": "igw",
      "provider": "provider[\"openshift/local/aws\"]",
      "instances": [
        {
          "index_key": 0,
          "schema_version": 0,
          "attributes": {
            "arn": "arn:aws:ec2:eu-west-1:056341052778:internet-gateway/igw-08a45c109591246e6",
            "id": "igw-08a45c109591246e6",
            "owner_id": "056341052778",
            "tags": {
              "Name": "argo-hub-5zqs6-igw",
              "kubernetes.io/cluster/argo-hub-5zqs6": "owned"
            },
            "tags_all": {
              "Name": "argo-hub-5zqs6-igw",
              "kubernetes.io/cluster/argo-hub-5zqs6": "owned"
            },
            "timeouts": null,
            "vpc_id": "vpc-0e1ca3462357ea0ad"
          },
          "sensitive_attributes": [],
          "private": "eyJlMmJmYjczMC1lY2FhLTExZTYtOGY4OC0zNDM2M2JjN2M0YzAiOnsiY3JlYXRlIjoxMjAwMDAwMDAwMDAwLCJkZWxldGUiOjEyMDAwMDAwMDAwMDAsInVwZGF0ZSI6MTIwMDAwMDAwMDAwMH19",
          "dependencies": [
            "module.vpc.aws_vpc.new_vpc",
            "module.vpc.data.aws_vpc.cluster_vpc"
          ]
        }
      ]
    },
    {
      "module": "module.vpc",
      "mode": "managed",
      "type": "aws_lb",
      "name": "api_external",
      "provider": "provider[\"openshift/local/aws\"]",
      "instances": [
        {
          "index_key": 0,
          "schema_version": 0,
          "attributes": {
            "access_logs": [
              {
                "bucket": "",
                "enabled": false,
                "prefix": ""
              }
            ],
            "arn": "arn:aws:elasticloadbalancing:eu-west-1:056341052778:loadbalancer/net/argo-hub-5zqs6-ext/f58544966417fff8",
            "arn_suffix": "net/argo-hub-5zqs6-ext/f58544966417fff8",
            "customer_owned_ipv4_pool": "",
            "desync_mitigation_mode": null,
            "dns_name": "argo-hub-5zqs6-ext-f58544966417fff8.elb.eu-west-1.amazonaws.com",
            "drop_invalid_header_fields": null,
            "enable_cross_zone_load_balancing": true,
            "enable_deletion_protection": false,
            "enable_http2": null,
            "enable_waf_fail_open": null,
            "id": "arn:aws:elasticloadbalancing:eu-west-1:056341052778:loadbalancer/net/argo-hub-5zqs6-ext/f58544966417fff8",
            "idle_timeout": null,
            "internal": false,
            "ip_address_type": "ipv4",
            "load_balancer_type": "network",
            "name": "argo-hub-5zqs6-ext",
            "name_prefix": null,
            "preserve_host_header": null,
            "security_groups": [],
            "subnet_mapping": [
              {
                "allocation_id": "",
                "ipv6_address": "",
                "outpost_id": "",
                "private_ipv4_address": "",
                "subnet_id": "subnet-03d9895c4c42bce13"
              },
              {
                "allocation_id": "",
                "ipv6_address": "",
                "outpost_id": "",
                "private_ipv4_address": "",
                "subnet_id": "subnet-060314dc649dc0a23"
              },
              {
                "allocation_id": "",
                "ipv6_address": "",
                "outpost_id": "",
                "private_ipv4_address": "",
                "subnet_id": "subnet-0a589b1f897251cad"
              }
            ],
            "subnets": [
              "subnet-03d9895c4c42bce13",
              "subnet-060314dc649dc0a23",
              "subnet-0a589b1f897251cad"
            ],
            "tags": {
              "Name": "argo-hub-5zqs6-ext",
              "kubernetes.io/cluster/argo-hub-5zqs6": "owned"
            },
            "tags_all": {
              "Name": "argo-hub-5zqs6-ext",
              "kubernetes.io/cluster/argo-hub-5zqs6": "owned"
            },
            "timeouts": {
              "create": "20m",
              "delete": null,
              "update": null
            },
            "vpc_id": "vpc-0e1ca3462357ea0ad",
            "zone_id": "Z2IFOLAFXWLO4F"
          },
          "sensitive_attributes": [],
          "private": "eyJlMmJmYjczMC1lY2FhLTExZTYtOGY4OC0zNDM2M2JjN2M0YzAiOnsiY3JlYXRlIjoxMjAwMDAwMDAwMDAwLCJkZWxldGUiOjYwMDAwMDAwMDAwMCwidXBkYXRlIjo2MDAwMDAwMDAwMDB9fQ==",
          "dependencies": [
            "module.vpc.aws_internet_gateway.igw",
            "module.vpc.aws_subnet.public_subnet",
            "module.vpc.aws_vpc.new_vpc",
            "module.vpc.data.aws_subnet.public",
            "module.vpc.data.aws_vpc.cluster_vpc"
          ]
        }
      ]
    },
    {
      "module": "module.vpc",
      "mode": "managed",
      "type": "aws_lb",
      "name": "api_internal",
      "provider": "provider[\"openshift/local/aws\"]",
      "instances": [
        {
          "schema_version": 0,
          "attributes": {
            "access_logs": [
              {
                "bucket": "",
                "enabled": false,
                "prefix": ""
              }
            ],
            "arn": "arn:aws:elasticloadbalancing:eu-west-1:056341052778:loadbalancer/net/argo-hub-5zqs6-int/fc27f64b1eab68d5",
            "arn_suffix": "net/argo-hub-5zqs6-int/fc27f64b1eab68d5",
            "customer_owned_ipv4_pool": "",
            "desync_mitigation_mode": null,
            "dns_name": "argo-hub-5zqs6-int-fc27f64b1eab68d5.elb.eu-west-1.amazonaws.com",
            "drop_invalid_header_fields": null,
            "enable_cross_zone_load_balancing": true,
            "enable_deletion_protection": false,
            "enable_http2": null,
            "enable_waf_fail_open": null,
            "id": "arn:aws:elasticloadbalancing:eu-west-1:056341052778:loadbalancer/net/argo-hub-5zqs6-int/fc27f64b1eab68d5",
            "idle_timeout": null,
            "internal": true,
            "ip_address_type": "ipv4",
            "load_balancer_type": "network",
            "name": "argo-hub-5zqs6-int",
            "name_prefix": null,
            "preserve_host_header": null,
            "security_groups": [],
            "subnet_mapping": [
              {
                "allocation_id": "",
                "ipv6_address": "",
                "outpost_id": "",
                "private_ipv4_address": "",
                "subnet_id": "subnet-00cabfbf3c303d6a6"
              },
              {
                "allocation_id": "",
                "ipv6_address": "",
                "outpost_id": "",
                "private_ipv4_address": "",
                "subnet_id": "subnet-066cf441395b8d82c"
              },
              {
                "allocation_id": "",
                "ipv6_address": "",
                "outpost_id": "",
                "private_ipv4_address": "",
                "subnet_id": "subnet-0e242fe56a35c7a12"
              }
            ],
            "subnets": [
              "subnet-00cabfbf3c303d6a6",
              "subnet-066cf441395b8d82c",
              "subnet-0e242fe56a35c7a12"
            ],
            "tags": {
              "Name": "argo-hub-5zqs6-int",
              "kubernetes.io/cluster/argo-hub-5zqs6": "owned"
            },
            "tags_all": {
              "Name": "argo-hub-5zqs6-int",
              "kubernetes.io/cluster/argo-hub-5zqs6": "owned"
            },
            "timeouts": {
              "create": "20m",
              "delete": null,
              "update": null
            },
            "vpc_id": "vpc-0e1ca3462357ea0ad",
            "zone_id": "Z2IFOLAFXWLO4F"
          },
          "sensitive_attributes": [],
          "private": "eyJlMmJmYjczMC1lY2FhLTExZTYtOGY4OC0zNDM2M2JjN2M0YzAiOnsiY3JlYXRlIjoxMjAwMDAwMDAwMDAwLCJkZWxldGUiOjYwMDAwMDAwMDAwMCwidXBkYXRlIjo2MDAwMDAwMDAwMDB9fQ==",
          "dependencies": [
            "module.vpc.aws_internet_gateway.igw",
            "module.vpc.aws_subnet.private_subnet",
            "module.vpc.aws_vpc.new_vpc",
            "module.vpc.data.aws_subnet.private",
            "module.vpc.data.aws_vpc.cluster_vpc"
          ]
        }
      ]
    },
    {
      "module": "module.vpc",
      "mode": "managed",
      "type": "aws_lb_listener",
      "name": "api_external_api",
      "provider": "provider[\"openshift/local/aws\"]",
      "instances": [
        {
          "index_key": 0,
          "schema_version": 0,
          "attributes": {
            "alpn_policy": null,
            "arn": "arn:aws:elasticloadbalancing:eu-west-1:056341052778:listener/net/argo-hub-5zqs6-ext/f58544966417fff8/0015de4b36299c73",
            "certificate_arn": null,
            "default_action": [
              {
                "authenticate_cognito": [],
                "authenticate_oidc": [],
                "fixed_response": [],
                "forward": [],
                "order": 1,
                "redirect": [],
                "target_group_arn": "arn:aws:elasticloadbalancing:eu-west-1:056341052778:targetgroup/argo-hub-5zqs6-aext/d35baddac0f1b16b",
                "type": "forward"
              }
            ],
            "id": "arn:aws:elasticloadbalancing:eu-west-1:056341052778:listener/net/argo-hub-5zqs6-ext/f58544966417fff8/0015de4b36299c73",
            "load_balancer_arn": "arn:aws:elasticloadbalancing:eu-west-1:056341052778:loadbalancer/net/argo-hub-5zqs6-ext/f58544966417fff8",
            "port": 6443,
            "protocol": "TCP",
            "ssl_policy": "",
            "tags": null,
            "tags_all": {},
            "timeouts": null
          },
          "sensitive_attributes": [],
          "private": "eyJlMmJmYjczMC1lY2FhLTExZTYtOGY4OC0zNDM2M2JjN2M0YzAiOnsicmVhZCI6NjAwMDAwMDAwMDAwfX0=",
          "dependencies": [
            "module.vpc.aws_internet_gateway.igw",
            "module.vpc.aws_lb.api_external",
            "module.vpc.aws_lb_target_group.api_external",
            "module.vpc.aws_subnet.public_subnet",
            "module.vpc.aws_vpc.new_vpc",
            "module.vpc.data.aws_subnet.public",
            "module.vpc.data.aws_vpc.cluster_vpc"
          ]
        }
      ]
    },
    {
      "module": "module.vpc",
      "mode": "managed",
      "type": "aws_lb_listener",
      "name": "api_internal_api",
      "provider": "provider[\"openshift/local/aws\"]",
      "instances": [
        {
          "schema_version": 0,
          "attributes": {
            "alpn_policy": null,
            "arn": "arn:aws:elasticloadbalancing:eu-west-1:056341052778:listener/net/argo-hub-5zqs6-int/fc27f64b1eab68d5/6b4f35be5352e75c",
            "certificate_arn": null,
            "default_action": [
              {
                "authenticate_cognito": [],
                "authenticate_oidc": [],
                "fixed_response": [],
                "forward": [],
                "order": 1,
                "redirect": [],
                "target_group_arn": "arn:aws:elasticloadbalancing:eu-west-1:056341052778:targetgroup/argo-hub-5zqs6-aint/57969590883bcd30",
                "type": "forward"
              }
            ],
            "id": "arn:aws:elasticloadbalancing:eu-west-1:056341052778:listener/net/argo-hub-5zqs6-int/fc27f64b1eab68d5/6b4f35be5352e75c",
            "load_balancer_arn": "arn:aws:elasticloadbalancing:eu-west-1:056341052778:loadbalancer/net/argo-hub-5zqs6-int/fc27f64b1eab68d5",
            "port": 6443,
            "protocol": "TCP",
            "ssl_policy": "",
            "tags": null,
            "tags_all": {},
            "timeouts": null
          },
          "sensitive_attributes": [],
          "private": "eyJlMmJmYjczMC1lY2FhLTExZTYtOGY4OC0zNDM2M2JjN2M0YzAiOnsicmVhZCI6NjAwMDAwMDAwMDAwfX0=",
          "dependencies": [
            "module.vpc.aws_internet_gateway.igw",
            "module.vpc.aws_lb.api_internal",
            "module.vpc.aws_lb_target_group.api_internal",
            "module.vpc.aws_subnet.private_subnet",
            "module.vpc.aws_vpc.new_vpc",
            "module.vpc.data.aws_subnet.private",
            "module.vpc.data.aws_vpc.cluster_vpc"
          ]
        }
      ]
    },
    {
      "module": "module.vpc",
      "mode": "managed",
      "type": "aws_lb_listener",
      "name": "api_internal_services",
      "provider": "provider[\"openshift/local/aws\"]",
      "instances": [
        {
          "schema_version": 0,
          "attributes": {
            "alpn_policy": null,
            "arn": "arn:aws:elasticloadbalancing:eu-west-1:056341052778:listener/net/argo-hub-5zqs6-int/fc27f64b1eab68d5/56502d1ef1273a20",
            "certificate_arn": null,
            "default_action": [
              {
                "authenticate_cognito": [],
                "authenticate_oidc": [],
                "fixed_response": [],
                "forward": [],
                "order": 1,
                "redirect": [],
                "target_group_arn": "arn:aws:elasticloadbalancing:eu-west-1:056341052778:targetgroup/argo-hub-5zqs6-sint/a2b7ea3bd38cfb01",
                "type": "forward"
              }
            ],
            "id": "arn:aws:elasticloadbalancing:eu-west-1:056341052778:listener/net/argo-hub-5zqs6-int/fc27f64b1eab68d5/56502d1ef1273a20",
            "load_balancer_arn": "arn:aws:elasticloadbalancing:eu-west-1:056341052778:loadbalancer/net/argo-hub-5zqs6-int/fc27f64b1eab68d5",
            "port": 22623,
            "protocol": "TCP",
            "ssl_policy": "",
            "tags": null,
            "tags_all": {},
            "timeouts": null
          },
          "sensitive_attributes": [],
          "private": "eyJlMmJmYjczMC1lY2FhLTExZTYtOGY4OC0zNDM2M2JjN2M0YzAiOnsicmVhZCI6NjAwMDAwMDAwMDAwfX0=",
          "dependencies": [
            "module.vpc.aws_internet_gateway.igw",
            "module.vpc.aws_lb.api_internal",
            "module.vpc.aws_lb_target_group.services",
            "module.vpc.aws_subnet.private_subnet",
            "module.vpc.aws_vpc.new_vpc",
            "module.vpc.data.aws_subnet.private",
            "module.vpc.data.aws_vpc.cluster_vpc"
          ]
        }
      ]
    },
    {
      "module": "module.vpc",
      "mode": "managed",
      "type": "aws_lb_target_group",
      "name": "api_external",
      "provider": "provider[\"openshift/local/aws\"]",
      "instances": [
        {
          "index_key": 0,
          "schema_version": 0,
          "attributes": {
            "arn": "arn:aws:elasticloadbalancing:eu-west-1:056341052778:targetgroup/argo-hub-5zqs6-aext/d35baddac0f1b16b",
            "arn_suffix": "targetgroup/argo-hub-5zqs6-aext/d35baddac0f1b16b",
            "connection_termination": false,
            "deregistration_delay": "300",
            "health_check": [
              {
                "enabled": true,
                "healthy_threshold": 2,
                "interval": 10,
                "matcher": "200-399",
                "path": "/readyz",
                "port": "6443",
                "protocol": "HTTPS",
                "timeout": 10,
                "unhealthy_threshold": 2
              }
            ],
            "id": "arn:aws:elasticloadbalancing:eu-west-1:056341052778:targetgroup/argo-hub-5zqs6-aext/d35baddac0f1b16b",
            "ip_address_type": null,
            "lambda_multi_value_headers_enabled": false,
            "load_balancing_algorithm_type": null,
            "name": "argo-hub-5zqs6-aext",
            "name_prefix": null,
            "port": 6443,
            "preserve_client_ip": "false",
            "protocol": "TCP",
            "protocol_version": null,
            "proxy_protocol_v2": false,
            "slow_start": 0,
            "stickiness": [
              {
                "cookie_duration": 0,
                "cookie_name": "",
                "enabled": false,
                "type": "source_ip"
              }
            ],
            "tags": {
              "Name": "argo-hub-5zqs6-aext",
              "kubernetes.io/cluster/argo-hub-5zqs6": "owned"
            },
            "tags_all": {
              "Name": "argo-hub-5zqs6-aext",
              "kubernetes.io/cluster/argo-hub-5zqs6": "owned"
            },
            "target_type": "ip",
            "vpc_id": "vpc-0e1ca3462357ea0ad"
          },
          "sensitive_attributes": [],
          "private": "bnVsbA==",
          "dependencies": [
            "module.vpc.aws_vpc.new_vpc",
            "module.vpc.data.aws_vpc.cluster_vpc"
          ]
        }
      ]
    },
    {
      "module": "module.vpc",
      "mode": "managed",
      "type": "aws_lb_target_group",
      "name": "api_internal",
      "provider": "provider[\"openshift/local/aws\"]",
      "instances": [
        {
          "schema_version": 0,
          "attributes": {
            "arn": "arn:aws:elasticloadbalancing:eu-west-1:056341052778:targetgroup/argo-hub-5zqs6-aint/57969590883bcd30",
            "arn_suffix": "targetgroup/argo-hub-5zqs6-aint/57969590883bcd30",
            "connection_termination": false,
            "deregistration_delay": "300",
            "health_check": [
              {
                "enabled": true,
                "healthy_threshold": 2,
                "interval": 10,
                "matcher": "200-399",
                "path": "/readyz",
                "port": "6443",
                "protocol": "HTTPS",
                "timeout": 10,
                "unhealthy_threshold": 2
              }
            ],
            "id": "arn:aws:elasticloadbalancing:eu-west-1:056341052778:targetgroup/argo-hub-5zqs6-aint/57969590883bcd30",
            "ip_address_type": null,
            "lambda_multi_value_headers_enabled": false,
            "load_balancing_algorithm_type": null,
            "name": "argo-hub-5zqs6-aint",
            "name_prefix": null,
            "port": 6443,
            "preserve_client_ip": "false",
            "protocol": "TCP",
            "protocol_version": null,
            "proxy_protocol_v2": false,
            "slow_start": 0,
            "stickiness": [
              {
                "cookie_duration": 0,
                "cookie_name": "",
                "enabled": false,
                "type": "source_ip"
              }
            ],
            "tags": {
              "Name": "argo-hub-5zqs6-aint",
              "kubernetes.io/cluster/argo-hub-5zqs6": "owned"
            },
            "tags_all": {
              "Name": "argo-hub-5zqs6-aint",
              "kubernetes.io/cluster/argo-hub-5zqs6": "owned"
            },
            "target_type": "ip",
            "vpc_id": "vpc-0e1ca3462357ea0ad"
          },
          "sensitive_attributes": [],
          "private": "bnVsbA==",
          "dependencies": [
            "module.vpc.aws_vpc.new_vpc",
            "module.vpc.data.aws_vpc.cluster_vpc"
          ]
        }
      ]
    },
    {
      "module": "module.vpc",
      "mode": "managed",
      "type": "aws_lb_target_group",
      "name": "services",
      "provider": "provider[\"openshift/local/aws\"]",
      "instances": [
        {
          "schema_version": 0,
          "attributes": {
            "arn": "arn:aws:elasticloadbalancing:eu-west-1:056341052778:targetgroup/argo-hub-5zqs6-sint/a2b7ea3bd38cfb01",
            "arn_suffix": "targetgroup/argo-hub-5zqs6-sint/a2b7ea3bd38cfb01",
            "connection_termination": false,
            "deregistration_delay": "300",
            "health_check": [
              {
                "enabled": true,
                "healthy_threshold": 2,
                "interval": 10,
                "matcher": "200-399",
                "path": "/healthz",
                "port": "22623",
                "protocol": "HTTPS",
                "timeout": 10,
                "unhealthy_threshold": 2
              }
            ],
            "id": "arn:aws:elasticloadbalancing:eu-west-1:056341052778:targetgroup/argo-hub-5zqs6-sint/a2b7ea3bd38cfb01",
            "ip_address_type": null,
            "lambda_multi_value_headers_enabled": false,
            "load_balancing_algorithm_type": null,
            "name": "argo-hub-5zqs6-sint",
            "name_prefix": null,
            "port": 22623,
            "preserve_client_ip": "false",
            "protocol": "TCP",
            "protocol_version": null,
            "proxy_protocol_v2": false,
            "slow_start": 0,
            "stickiness": [
              {
                "cookie_duration": 0,
                "cookie_name": "",
                "enabled": false,
                "type": "source_ip"
              }
            ],
            "tags": {
              "Name": "argo-hub-5zqs6-sint",
              "kubernetes.io/cluster/argo-hub-5zqs6": "owned"
            },
            "tags_all": {
              "Name": "argo-hub-5zqs6-sint",
              "kubernetes.io/cluster/argo-hub-5zqs6": "owned"
            },
            "target_type": "ip",
            "vpc_id": "vpc-0e1ca3462357ea0ad"
          },
          "sensitive_attributes": [],
          "private": "bnVsbA==",
          "dependencies": [
            "module.vpc.aws_vpc.new_vpc",
            "module.vpc.data.aws_vpc.cluster_vpc"
          ]
        }
      ]
    },
    {
      "module": "module.vpc",
      "mode": "managed",
      "type": "aws_main_route_table_association",
      "name": "main_vpc_routes",
      "provider": "provider[\"openshift/local/aws\"]",
      "instances": [
        {
          "index_key": 0,
          "schema_version": 0,
          "attributes": {
            "id": "rtbassoc-034d5f2888dbfceee",
            "original_route_table_id": "rtb-01de7a9486d426738",
            "route_table_id": "rtb-04b31f3081c4a9a38",
            "vpc_id": "vpc-0e1ca3462357ea0ad"
          },
          "sensitive_attributes": [],
          "private": "bnVsbA==",
          "dependencies": [
            "module.vpc.aws_route_table.default",
            "module.vpc.aws_vpc.new_vpc",
            "module.vpc.data.aws_vpc.cluster_vpc"
          ]
        }
      ]
    },
    {
      "module": "module.vpc",
      "mode": "managed",
      "type": "aws_nat_gateway",
      "name": "nat_gw",
      "provider": "provider[\"openshift/local/aws\"]",
      "instances": [
        {
          "index_key": 0,
          "schema_version": 0,
          "attributes": {
            "allocation_id": "eipalloc-0859b1d3e7c0b5d3a",
            "connectivity_type": "public",
            "id": "nat-091a41c1b682985f1",
            "network_interface_id": "eni-05827978a1555dc34",
            "private_ip": "10.0.2.255",
            "public_ip": "54.155.81.50",
            "subnet_id": "subnet-060314dc649dc0a23",
            "tags": {
              "Name": "argo-hub-5zqs6-nat-eu-west-1a",
              "kubernetes.io/cluster/argo-hub-5zqs6": "owned"
            },
            "tags_all": {
              "Name": "argo-hub-5zqs6-nat-eu-west-1a",
              "kubernetes.io/cluster/argo-hub-5zqs6": "owned"
            }
          },
          "sensitive_attributes": [],
          "private": "bnVsbA==",
          "dependencies": [
            "module.vpc.aws_eip.nat_eip",
            "module.vpc.aws_internet_gateway.igw",
            "module.vpc.aws_subnet.public_subnet",
            "module.vpc.aws_vpc.new_vpc",
            "module.vpc.data.aws_vpc.cluster_vpc"
          ]
        },
        {
          "index_key": 1,
          "schema_version": 0,
          "attributes": {
            "allocation_id": "eipalloc-040c9cc21e18f0a57",
            "connectivity_type": "public",
            "id": "nat-0ad9f9ae6e64bd03c",
            "network_interface_id": "eni-08204dacbd5c7000c",
            "private_ip": "10.0.33.178",
            "public_ip": "34.253.158.224",
            "subnet_id": "subnet-0a589b1f897251cad",
            "tags": {
              "Name": "argo-hub-5zqs6-nat-eu-west-1b",
              "kubernetes.io/cluster/argo-hub-5zqs6": "owned"
            },
            "tags_all": {
              "Name": "argo-hub-5zqs6-nat-eu-west-1b",
              "kubernetes.io/cluster/argo-hub-5zqs6": "owned"
            }
          },
          "sensitive_attributes": [],
          "private": "bnVsbA==",
          "dependencies": [
            "module.vpc.aws_eip.nat_eip",
            "module.vpc.aws_internet_gateway.igw",
            "module.vpc.aws_subnet.public_subnet",
            "module.vpc.aws_vpc.new_vpc",
            "module.vpc.data.aws_vpc.cluster_vpc"
          ]
        },
        {
          "index_key": 2,
          "schema_version": 0,
          "attributes": {
            "allocation_id": "eipalloc-07a8301cd548da5be",
            "connectivity_type": "public",
            "id": "nat-035ef5f6d508e76af",
            "network_interface_id": "eni-06beeec87189e6cf9",
            "private_ip": "10.0.78.132",
            "public_ip": "18.203.125.126",
            "subnet_id": "subnet-03d9895c4c42bce13",
            "tags": {
              "Name": "argo-hub-5zqs6-nat-eu-west-1c",
              "kubernetes.io/cluster/argo-hub-5zqs6": "owned"
            },
            "tags_all": {
              "Name": "argo-hub-5zqs6-nat-eu-west-1c",
              "kubernetes.io/cluster/argo-hub-5zqs6": "owned"
            }
          },
          "sensitive_attributes": [],
          "private": "bnVsbA==",
          "dependencies": [
            "module.vpc.aws_eip.nat_eip",
            "module.vpc.aws_internet_gateway.igw",
            "module.vpc.aws_subnet.public_subnet",
            "module.vpc.aws_vpc.new_vpc",
            "module.vpc.data.aws_vpc.cluster_vpc"
          ]
        }
      ]
    },
    {
      "module": "module.vpc",
      "mode": "managed",
      "type": "aws_route",
      "name": "igw_route",
      "provider": "provider[\"openshift/local/aws\"]",
      "instances": [
        {
          "index_key": 0,
          "schema_version": 0,
          "attributes": {
            "carrier_gateway_id": "",
            "core_network_arn": "",
            "destination_cidr_block": "0.0.0.0/0",
            "destination_ipv6_cidr_block": "",
            "destination_prefix_list_id": "",
            "egress_only_gateway_id": "",
            "gateway_id": "igw-08a45c109591246e6",
            "id": "r-rtb-04b31f3081c4a9a381080289494",
            "instance_id": "",
            "instance_owner_id": "",
            "local_gateway_id": "",
            "nat_gateway_id": "",
            "network_interface_id": "",
            "origin": "CreateRoute",
            "route_table_id": "rtb-04b31f3081c4a9a38",
            "state": "active",
            "timeouts": {
              "create": "20m",
              "delete": null,
              "update": null
            },
            "transit_gateway_id": "",
            "vpc_endpoint_id": "",
            "vpc_peering_connection_id": ""
          },
          "sensitive_attributes": [],
          "private": "eyJlMmJmYjczMC1lY2FhLTExZTYtOGY4OC0zNDM2M2JjN2M0YzAiOnsiY3JlYXRlIjoxMjAwMDAwMDAwMDAwLCJkZWxldGUiOjMwMDAwMDAwMDAwMCwidXBkYXRlIjoxMjAwMDAwMDAwMDB9fQ==",
          "dependencies": [
            "module.vpc.aws_internet_gateway.igw",
            "module.vpc.aws_route_table.default",
            "module.vpc.aws_vpc.new_vpc",
            "module.vpc.data.aws_vpc.cluster_vpc"
          ]
        }
      ]
    },
    {
      "module": "module.vpc",
      "mode": "managed",
      "type": "aws_route",
      "name": "to_nat_gw",
      "provider": "provider[\"openshift/local/aws\"]",
      "instances": [
        {
          "index_key": 0,
          "schema_version": 0,
          "attributes": {
            "carrier_gateway_id": "",
            "core_network_arn": "",
            "destination_cidr_block": "0.0.0.0/0",
            "destination_ipv6_cidr_block": "",
            "destination_prefix_list_id": "",
            "egress_only_gateway_id": "",
            "gateway_id": "",
            "id": "r-rtb-0397d33561da18f111080289494",
            "instance_id": "",
            "instance_owner_id": "",
            "local_gateway_id": "",
            "nat_gateway_id": "nat-091a41c1b682985f1",
            "network_interface_id": "",
            "origin": "CreateRoute",
            "route_table_id": "rtb-0397d33561da18f11",
            "state": "active",
            "timeouts": {
              "create": "20m",
              "delete": null,
              "update": null
            },
            "transit_gateway_id": "",
            "vpc_endpoint_id": "",
            "vpc_peering_connection_id": ""
          },
          "sensitive_attributes": [],
          "private": "eyJlMmJmYjczMC1lY2FhLTExZTYtOGY4OC0zNDM2M2JjN2M0YzAiOnsiY3JlYXRlIjoxMjAwMDAwMDAwMDAwLCJkZWxldGUiOjMwMDAwMDAwMDAwMCwidXBkYXRlIjoxMjAwMDAwMDAwMDB9fQ==",
          "dependencies": [
            "module.vpc.aws_eip.nat_eip",
            "module.vpc.aws_internet_gateway.igw",
            "module.vpc.aws_nat_gateway.nat_gw",
            "module.vpc.aws_route_table.private_routes",
            "module.vpc.aws_subnet.public_subnet",
            "module.vpc.aws_vpc.new_vpc",
            "module.vpc.data.aws_vpc.cluster_vpc"
          ]
        },
        {
          "index_key": 1,
          "schema_version": 0,
          "attributes": {
            "carrier_gateway_id": "",
            "core_network_arn": "",
            "destination_cidr_block": "0.0.0.0/0",
            "destination_ipv6_cidr_block": "",
            "destination_prefix_list_id": "",
            "egress_only_gateway_id": "",
            "gateway_id": "",
            "id": "r-rtb-0377beb235325307a1080289494",
            "instance_id": "",
            "instance_owner_id": "",
            "local_gateway_id": "",
            "nat_gateway_id": "nat-0ad9f9ae6e64bd03c",
            "network_interface_id": "",
            "origin": "CreateRoute",
            "route_table_id": "rtb-0377beb235325307a",
            "state": "active",
            "timeouts": {
              "create": "20m",
              "delete": null,
              "update": null
            },
            "transit_gateway_id": "",
            "vpc_endpoint_id": "",
            "vpc_peering_connection_id": ""
          },
          "sensitive_attributes": [],
          "private": "eyJlMmJmYjczMC1lY2FhLTExZTYtOGY4OC0zNDM2M2JjN2M0YzAiOnsiY3JlYXRlIjoxMjAwMDAwMDAwMDAwLCJkZWxldGUiOjMwMDAwMDAwMDAwMCwidXBkYXRlIjoxMjAwMDAwMDAwMDB9fQ==",
          "dependencies": [
            "module.vpc.aws_eip.nat_eip",
            "module.vpc.aws_internet_gateway.igw",
            "module.vpc.aws_nat_gateway.nat_gw",
            "module.vpc.aws_route_table.private_routes",
            "module.vpc.aws_subnet.public_subnet",
            "module.vpc.aws_vpc.new_vpc",
            "module.vpc.data.aws_vpc.cluster_vpc"
          ]
        },
        {
          "index_key": 2,
          "schema_version": 0,
          "attributes": {
            "carrier_gateway_id": "",
            "core_network_arn": "",
            "destination_cidr_block": "0.0.0.0/0",
            "destination_ipv6_cidr_block": "",
            "destination_prefix_list_id": "",
            "egress_only_gateway_id": "",
            "gateway_id": "",
            "id": "r-rtb-080fe8057b8e47f701080289494",
            "instance_id": "",
            "instance_owner_id": "",
            "local_gateway_id": "",
            "nat_gateway_id": "nat-035ef5f6d508e76af",
            "network_interface_id": "",
            "origin": "CreateRoute",
            "route_table_id": "rtb-080fe8057b8e47f70",
            "state": "active",
            "timeouts": {
              "create": "20m",
              "delete": null,
              "update": null
            },
            "transit_gateway_id": "",
            "vpc_endpoint_id": "",
            "vpc_peering_connection_id": ""
          },
          "sensitive_attributes": [],
          "private": "eyJlMmJmYjczMC1lY2FhLTExZTYtOGY4OC0zNDM2M2JjN2M0YzAiOnsiY3JlYXRlIjoxMjAwMDAwMDAwMDAwLCJkZWxldGUiOjMwMDAwMDAwMDAwMCwidXBkYXRlIjoxMjAwMDAwMDAwMDB9fQ==",
          "dependencies": [
            "module.vpc.aws_eip.nat_eip",
            "module.vpc.aws_internet_gateway.igw",
            "module.vpc.aws_nat_gateway.nat_gw",
            "module.vpc.aws_route_table.private_routes",
            "module.vpc.aws_subnet.public_subnet",
            "module.vpc.aws_vpc.new_vpc",
            "module.vpc.data.aws_vpc.cluster_vpc"
          ]
        }
      ]
    },
    {
      "module": "module.vpc",
      "mode": "managed",
      "type": "aws_route_table",
      "name": "default",
      "provider": "provider[\"openshift/local/aws\"]",
      "instances": [
        {
          "index_key": 0,
          "schema_version": 0,
          "attributes": {
            "arn": "arn:aws:ec2:eu-west-1:056341052778:route-table/rtb-04b31f3081c4a9a38",
            "id": "rtb-04b31f3081c4a9a38",
            "owner_id": "056341052778",
            "propagating_vgws": [],
            "route": [],
            "tags": {
              "Name": "argo-hub-5zqs6-public",
              "kubernetes.io/cluster/argo-hub-5zqs6": "owned"
            },
            "tags_all": {
              "Name": "argo-hub-5zqs6-public",
              "kubernetes.io/cluster/argo-hub-5zqs6": "owned"
            },
            "timeouts": null,
            "vpc_id": "vpc-0e1ca3462357ea0ad"
          },
          "sensitive_attributes": [],
          "private": "eyJlMmJmYjczMC1lY2FhLTExZTYtOGY4OC0zNDM2M2JjN2M0YzAiOnsiY3JlYXRlIjozMDAwMDAwMDAwMDAsImRlbGV0ZSI6MzAwMDAwMDAwMDAwLCJ1cGRhdGUiOjEyMDAwMDAwMDAwMH19",
          "dependencies": [
            "module.vpc.aws_vpc.new_vpc",
            "module.vpc.data.aws_vpc.cluster_vpc"
          ]
        }
      ]
    },
    {
      "module": "module.vpc",
      "mode": "managed",
      "type": "aws_route_table",
      "name": "private_routes",
      "provider": "provider[\"openshift/local/aws\"]",
      "instances": [
        {
          "index_key": 0,
          "schema_version": 0,
          "attributes": {
            "arn": "arn:aws:ec2:eu-west-1:056341052778:route-table/rtb-0397d33561da18f11",
            "id": "rtb-0397d33561da18f11",
            "owner_id": "056341052778",
            "propagating_vgws": [],
            "route": [],
            "tags": {
              "Name": "argo-hub-5zqs6-private-eu-west-1a",
              "kubernetes.io/cluster/argo-hub-5zqs6": "owned"
            },
            "tags_all": {
              "Name": "argo-hub-5zqs6-private-eu-west-1a",
              "kubernetes.io/cluster/argo-hub-5zqs6": "owned"
            },
            "timeouts": null,
            "vpc_id": "vpc-0e1ca3462357ea0ad"
          },
          "sensitive_attributes": [],
          "private": "eyJlMmJmYjczMC1lY2FhLTExZTYtOGY4OC0zNDM2M2JjN2M0YzAiOnsiY3JlYXRlIjozMDAwMDAwMDAwMDAsImRlbGV0ZSI6MzAwMDAwMDAwMDAwLCJ1cGRhdGUiOjEyMDAwMDAwMDAwMH19",
          "dependencies": [
            "module.vpc.aws_vpc.new_vpc",
            "module.vpc.data.aws_vpc.cluster_vpc"
          ]
        },
        {
          "index_key": 1,
          "schema_version": 0,
          "attributes": {
            "arn": "arn:aws:ec2:eu-west-1:056341052778:route-table/rtb-0377beb235325307a",
            "id": "rtb-0377beb235325307a",
            "owner_id": "056341052778",
            "propagating_vgws": [],
            "route": [],
            "tags": {
              "Name": "argo-hub-5zqs6-private-eu-west-1b",
              "kubernetes.io/cluster/argo-hub-5zqs6": "owned"
            },
            "tags_all": {
              "Name": "argo-hub-5zqs6-private-eu-west-1b",
              "kubernetes.io/cluster/argo-hub-5zqs6": "owned"
            },
            "timeouts": null,
            "vpc_id": "vpc-0e1ca3462357ea0ad"
          },
          "sensitive_attributes": [],
          "private": "eyJlMmJmYjczMC1lY2FhLTExZTYtOGY4OC0zNDM2M2JjN2M0YzAiOnsiY3JlYXRlIjozMDAwMDAwMDAwMDAsImRlbGV0ZSI6MzAwMDAwMDAwMDAwLCJ1cGRhdGUiOjEyMDAwMDAwMDAwMH19",
          "dependencies": [
            "module.vpc.aws_vpc.new_vpc",
            "module.vpc.data.aws_vpc.cluster_vpc"
          ]
        },
        {
          "index_key": 2,
          "schema_version": 0,
          "attributes": {
            "arn": "arn:aws:ec2:eu-west-1:056341052778:route-table/rtb-080fe8057b8e47f70",
            "id": "rtb-080fe8057b8e47f70",
            "owner_id": "056341052778",
            "propagating_vgws": [],
            "route": [],
            "tags": {
              "Name": "argo-hub-5zqs6-private-eu-west-1c",
              "kubernetes.io/cluster/argo-hub-5zqs6": "owned"
            },
            "tags_all": {
              "Name": "argo-hub-5zqs6-private-eu-west-1c",
              "kubernetes.io/cluster/argo-hub-5zqs6": "owned"
            },
            "timeouts": null,
            "vpc_id": "vpc-0e1ca3462357ea0ad"
          },
          "sensitive_attributes": [],
          "private": "eyJlMmJmYjczMC1lY2FhLTExZTYtOGY4OC0zNDM2M2JjN2M0YzAiOnsiY3JlYXRlIjozMDAwMDAwMDAwMDAsImRlbGV0ZSI6MzAwMDAwMDAwMDAwLCJ1cGRhdGUiOjEyMDAwMDAwMDAwMH19",
          "dependencies": [
            "module.vpc.aws_vpc.new_vpc",
            "module.vpc.data.aws_vpc.cluster_vpc"
          ]
        }
      ]
    },
    {
      "module": "module.vpc",
      "mode": "managed",
      "type": "aws_route_table_association",
      "name": "private_routing",
      "provider": "provider[\"openshift/local/aws\"]",
      "instances": [
        {
          "index_key": 0,
          "schema_version": 0,
          "attributes": {
            "gateway_id": "",
            "id": "rtbassoc-015e28c0152517246",
            "route_table_id": "rtb-0397d33561da18f11",
            "subnet_id": "subnet-00cabfbf3c303d6a6"
          },
          "sensitive_attributes": [],
          "private": "bnVsbA==",
          "dependencies": [
            "module.vpc.aws_route_table.private_routes",
            "module.vpc.aws_subnet.private_subnet",
            "module.vpc.aws_vpc.new_vpc",
            "module.vpc.data.aws_vpc.cluster_vpc"
          ]
        },
        {
          "index_key": 1,
          "schema_version": 0,
          "attributes": {
            "gateway_id": "",
            "id": "rtbassoc-058a967a349f084c8",
            "route_table_id": "rtb-0377beb235325307a",
            "subnet_id": "subnet-0e242fe56a35c7a12"
          },
          "sensitive_attributes": [],
          "private": "bnVsbA==",
          "dependencies": [
            "module.vpc.aws_route_table.private_routes",
            "module.vpc.aws_subnet.private_subnet",
            "module.vpc.aws_vpc.new_vpc",
            "module.vpc.data.aws_vpc.cluster_vpc"
          ]
        },
        {
          "index_key": 2,
          "schema_version": 0,
          "attributes": {
            "gateway_id": "",
            "id": "rtbassoc-0d5b70d130adc1324",
            "route_table_id": "rtb-080fe8057b8e47f70",
            "subnet_id": "subnet-066cf441395b8d82c"
          },
          "sensitive_attributes": [],
          "private": "bnVsbA==",
          "dependencies": [
            "module.vpc.aws_route_table.private_routes",
            "module.vpc.aws_subnet.private_subnet",
            "module.vpc.aws_vpc.new_vpc",
            "module.vpc.data.aws_vpc.cluster_vpc"
          ]
        }
      ]
    },
    {
      "module": "module.vpc",
      "mode": "managed",
      "type": "aws_route_table_association",
      "name": "route_net",
      "provider": "provider[\"openshift/local/aws\"]",
      "instances": [
        {
          "index_key": 0,
          "schema_version": 0,
          "attributes": {
            "gateway_id": "",
            "id": "rtbassoc-014fc087c905feb86",
            "route_table_id": "rtb-04b31f3081c4a9a38",
            "subnet_id": "subnet-060314dc649dc0a23"
          },
          "sensitive_attributes": [],
          "private": "bnVsbA==",
          "dependencies": [
            "module.vpc.aws_route_table.default",
            "module.vpc.aws_subnet.public_subnet",
            "module.vpc.aws_vpc.new_vpc",
            "module.vpc.data.aws_vpc.cluster_vpc"
          ]
        },
        {
          "index_key": 1,
          "schema_version": 0,
          "attributes": {
            "gateway_id": "",
            "id": "rtbassoc-0ef104b369b52b4b5",
            "route_table_id": "rtb-04b31f3081c4a9a38",
            "subnet_id": "subnet-0a589b1f897251cad"
          },
          "sensitive_attributes": [],
          "private": "bnVsbA==",
          "dependencies": [
            "module.vpc.aws_route_table.default",
            "module.vpc.aws_subnet.public_subnet",
            "module.vpc.aws_vpc.new_vpc",
            "module.vpc.data.aws_vpc.cluster_vpc"
          ]
        },
        {
          "index_key": 2,
          "schema_version": 0,
          "attributes": {
            "gateway_id": "",
            "id": "rtbassoc-0a571db7157b37446",
            "route_table_id": "rtb-04b31f3081c4a9a38",
            "subnet_id": "subnet-03d9895c4c42bce13"
          },
          "sensitive_attributes": [],
          "private": "bnVsbA==",
          "dependencies": [
            "module.vpc.aws_route_table.default",
            "module.vpc.aws_subnet.public_subnet",
            "module.vpc.aws_vpc.new_vpc",
            "module.vpc.data.aws_vpc.cluster_vpc"
          ]
        }
      ]
    },
    {
      "module": "module.vpc",
      "mode": "managed",
      "type": "aws_security_group",
      "name": "master",
      "provider": "provider[\"openshift/local/aws\"]",
      "instances": [
        {
          "schema_version": 1,
          "attributes": {
            "arn": "arn:aws:ec2:eu-west-1:056341052778:security-group/sg-03c3d2dd372acfd40",
            "description": "Created By OpenShift Installer",
            "egress": [],
            "id": "sg-03c3d2dd372acfd40",
            "ingress": [],
            "name": "terraform-20230223162436367000000001",
            "name_prefix": "terraform-",
            "owner_id": "056341052778",
            "revoke_rules_on_delete": false,
            "tags": {
              "Name": "argo-hub-5zqs6-master-sg",
              "kubernetes.io/cluster/argo-hub-5zqs6": "owned"
            },
            "tags_all": {
              "Name": "argo-hub-5zqs6-master-sg",
              "kubernetes.io/cluster/argo-hub-5zqs6": "owned"
            },
            "timeouts": {
              "create": "20m",
              "delete": null
            },
            "vpc_id": "vpc-0e1ca3462357ea0ad"
          },
          "sensitive_attributes": [],
          "private": "eyJlMmJmYjczMC1lY2FhLTExZTYtOGY4OC0zNDM2M2JjN2M0YzAiOnsiY3JlYXRlIjoxMjAwMDAwMDAwMDAwLCJkZWxldGUiOjkwMDAwMDAwMDAwMH0sInNjaGVtYV92ZXJzaW9uIjoiMSJ9",
          "dependencies": [
            "module.vpc.aws_vpc.new_vpc",
            "module.vpc.data.aws_vpc.cluster_vpc"
          ]
        }
      ]
    },
    {
      "module": "module.vpc",
      "mode": "managed",
      "type": "aws_security_group",
      "name": "worker",
      "provider": "provider[\"openshift/local/aws\"]",
      "instances": [
        {
          "schema_version": 1,
          "attributes": {
            "arn": "arn:aws:ec2:eu-west-1:056341052778:security-group/sg-0b6e0676b591b2e74",
            "description": "Created By OpenShift Installer",
            "egress": [],
            "id": "sg-0b6e0676b591b2e74",
            "ingress": [],
            "name": "terraform-20230223162436368800000002",
            "name_prefix": "terraform-",
            "owner_id": "056341052778",
            "revoke_rules_on_delete": false,
            "tags": {
              "Name": "argo-hub-5zqs6-worker-sg",
              "kubernetes.io/cluster/argo-hub-5zqs6": "owned"
            },
            "tags_all": {
              "Name": "argo-hub-5zqs6-worker-sg",
              "kubernetes.io/cluster/argo-hub-5zqs6": "owned"
            },
            "timeouts": {
              "create": "20m",
              "delete": null
            },
            "vpc_id": "vpc-0e1ca3462357ea0ad"
          },
          "sensitive_attributes": [],
          "private": "eyJlMmJmYjczMC1lY2FhLTExZTYtOGY4OC0zNDM2M2JjN2M0YzAiOnsiY3JlYXRlIjoxMjAwMDAwMDAwMDAwLCJkZWxldGUiOjkwMDAwMDAwMDAwMH0sInNjaGVtYV92ZXJzaW9uIjoiMSJ9",
          "dependencies": [
            "module.vpc.aws_vpc.new_vpc",
            "module.vpc.data.aws_vpc.cluster_vpc"
          ]
        }
      ]
    },
    {
      "module": "module.vpc",
      "mode": "managed",
      "type": "aws_security_group_rule",
      "name": "master_egress",
      "provider": "provider[\"openshift/local/aws\"]",
      "instances": [
        {
          "schema_version": 2,
          "attributes": {
            "cidr_blocks": [
              "0.0.0.0/0"
            ],
            "description": "Created By OpenShift Installer",
            "from_port": 0,
            "id": "sgrule-2276113543",
            "ipv6_cidr_blocks": null,
            "prefix_list_ids": null,
            "protocol": "-1",
            "security_group_id": "sg-03c3d2dd372acfd40",
            "self": false,
            "source_security_group_id": null,
            "timeouts": null,
            "to_port": 0,
            "type": "egress"
          },
          "sensitive_attributes": [],
          "private": "eyJlMmJmYjczMC1lY2FhLTExZTYtOGY4OC0zNDM2M2JjN2M0YzAiOnsiY3JlYXRlIjozMDAwMDAwMDAwMDB9LCJzY2hlbWFfdmVyc2lvbiI6IjIifQ==",
          "dependencies": [
            "module.vpc.aws_security_group.master",
            "module.vpc.aws_vpc.new_vpc",
            "module.vpc.data.aws_vpc.cluster_vpc"
          ]
        }
      ]
    },
    {
      "module": "module.vpc",
      "mode": "managed",
      "type": "aws_security_group_rule",
      "name": "master_ingress_esp",
      "provider": "provider[\"openshift/local/aws\"]",
      "instances": [
        {
          "schema_version": 2,
          "attributes": {
            "cidr_blocks": null,
            "description": "Created By OpenShift Installer",
            "from_port": 0,
            "id": "sgrule-4260978404",
            "ipv6_cidr_blocks": null,
            "prefix_list_ids": null,
            "protocol": "50",
            "security_group_id": "sg-03c3d2dd372acfd40",
            "self": true,
            "source_security_group_id": null,
            "timeouts": null,
            "to_port": 0,
            "type": "ingress"
          },
          "sensitive_attributes": [],
          "private": "eyJlMmJmYjczMC1lY2FhLTExZTYtOGY4OC0zNDM2M2JjN2M0YzAiOnsiY3JlYXRlIjozMDAwMDAwMDAwMDB9LCJzY2hlbWFfdmVyc2lvbiI6IjIifQ==",
          "dependencies": [
            "module.vpc.aws_security_group.master",
            "module.vpc.aws_vpc.new_vpc",
            "module.vpc.data.aws_vpc.cluster_vpc"
          ]
        }
      ]
    },
    {
      "module": "module.vpc",
      "mode": "managed",
      "type": "aws_security_group_rule",
      "name": "master_ingress_esp_from_worker",
      "provider": "provider[\"openshift/local/aws\"]",
      "instances": [
        {
          "schema_version": 2,
          "attributes": {
            "cidr_blocks": null,
            "description": "Created By OpenShift Installer",
            "from_port": 0,
            "id": "sgrule-2847880331",
            "ipv6_cidr_blocks": null,
            "prefix_list_ids": null,
            "protocol": "50",
            "security_group_id": "sg-03c3d2dd372acfd40",
            "self": false,
            "source_security_group_id": "sg-0b6e0676b591b2e74",
            "timeouts": null,
            "to_port": 0,
            "type": "ingress"
          },
          "sensitive_attributes": [],
          "private": "eyJlMmJmYjczMC1lY2FhLTExZTYtOGY4OC0zNDM2M2JjN2M0YzAiOnsiY3JlYXRlIjozMDAwMDAwMDAwMDB9LCJzY2hlbWFfdmVyc2lvbiI6IjIifQ==",
          "dependencies": [
            "module.vpc.aws_security_group.master",
            "module.vpc.aws_security_group.worker",
            "module.vpc.aws_vpc.new_vpc",
            "module.vpc.data.aws_vpc.cluster_vpc"
          ]
        }
      ]
    },
    {
      "module": "module.vpc",
      "mode": "managed",
      "type": "aws_security_group_rule",
      "name": "master_ingress_etcd",
      "provider": "provider[\"openshift/local/aws\"]",
      "instances": [
        {
          "schema_version": 2,
          "attributes": {
            "cidr_blocks": null,
            "description": "Created By OpenShift Installer",
            "from_port": 2379,
            "id": "sgrule-2351009391",
            "ipv6_cidr_blocks": null,
            "prefix_list_ids": null,
            "protocol": "tcp",
            "security_group_id": "sg-03c3d2dd372acfd40",
            "self": true,
            "source_security_group_id": null,
            "timeouts": null,
            "to_port": 2380,
            "type": "ingress"
          },
          "sensitive_attributes": [],
          "private": "eyJlMmJmYjczMC1lY2FhLTExZTYtOGY4OC0zNDM2M2JjN2M0YzAiOnsiY3JlYXRlIjozMDAwMDAwMDAwMDB9LCJzY2hlbWFfdmVyc2lvbiI6IjIifQ==",
          "dependencies": [
            "module.vpc.aws_security_group.master",
            "module.vpc.aws_vpc.new_vpc",
            "module.vpc.data.aws_vpc.cluster_vpc"
          ]
        }
      ]
    },
    {
      "module": "module.vpc",
      "mode": "managed",
      "type": "aws_security_group_rule",
      "name": "master_ingress_geneve",
      "provider": "provider[\"openshift/local/aws\"]",
      "instances": [
        {
          "schema_version": 2,
          "attributes": {
            "cidr_blocks": null,
            "description": "Created By OpenShift Installer",
            "from_port": 6081,
            "id": "sgrule-2240418209",
            "ipv6_cidr_blocks": null,
            "prefix_list_ids": null,
            "protocol": "udp",
            "security_group_id": "sg-03c3d2dd372acfd40",
            "self": true,
            "source_security_group_id": null,
            "timeouts": null,
            "to_port": 6081,
            "type": "ingress"
          },
          "sensitive_attributes": [],
          "private": "eyJlMmJmYjczMC1lY2FhLTExZTYtOGY4OC0zNDM2M2JjN2M0YzAiOnsiY3JlYXRlIjozMDAwMDAwMDAwMDB9LCJzY2hlbWFfdmVyc2lvbiI6IjIifQ==",
          "dependencies": [
            "module.vpc.aws_security_group.master",
            "module.vpc.aws_vpc.new_vpc",
            "module.vpc.data.aws_vpc.cluster_vpc"
          ]
        }
      ]
    },
    {
      "module": "module.vpc",
      "mode": "managed",
      "type": "aws_security_group_rule",
      "name": "master_ingress_geneve_from_worker",
      "provider": "provider[\"openshift/local/aws\"]",
      "instances": [
        {
          "schema_version": 2,
          "attributes": {
            "cidr_blocks": null,
            "description": "Created By OpenShift Installer",
            "from_port": 6081,
            "id": "sgrule-3519839182",
            "ipv6_cidr_blocks": null,
            "prefix_list_ids": null,
            "protocol": "udp",
            "security_group_id": "sg-03c3d2dd372acfd40",
            "self": false,
            "source_security_group_id": "sg-0b6e0676b591b2e74",
            "timeouts": null,
            "to_port": 6081,
            "type": "ingress"
          },
          "sensitive_attributes": [],
          "private": "eyJlMmJmYjczMC1lY2FhLTExZTYtOGY4OC0zNDM2M2JjN2M0YzAiOnsiY3JlYXRlIjozMDAwMDAwMDAwMDB9LCJzY2hlbWFfdmVyc2lvbiI6IjIifQ==",
          "dependencies": [
            "module.vpc.aws_security_group.master",
            "module.vpc.aws_security_group.worker",
            "module.vpc.aws_vpc.new_vpc",
            "module.vpc.data.aws_vpc.cluster_vpc"
          ]
        }
      ]
    },
    {
      "module": "module.vpc",
      "mode": "managed",
      "type": "aws_security_group_rule",
      "name": "master_ingress_https",
      "provider": "provider[\"openshift/local/aws\"]",
      "instances": [
        {
          "schema_version": 2,
          "attributes": {
            "cidr_blocks": [
              "10.0.0.0/16"
            ],
            "description": "Created By OpenShift Installer",
            "from_port": 6443,
            "id": "sgrule-1640909084",
            "ipv6_cidr_blocks": null,
            "prefix_list_ids": null,
            "protocol": "tcp",
            "security_group_id": "sg-03c3d2dd372acfd40",
            "self": false,
            "source_security_group_id": null,
            "timeouts": null,
            "to_port": 6443,
            "type": "ingress"
          },
          "sensitive_attributes": [],
          "private": "eyJlMmJmYjczMC1lY2FhLTExZTYtOGY4OC0zNDM2M2JjN2M0YzAiOnsiY3JlYXRlIjozMDAwMDAwMDAwMDB9LCJzY2hlbWFfdmVyc2lvbiI6IjIifQ==",
          "dependencies": [
            "module.vpc.aws_security_group.master",
            "module.vpc.aws_vpc.new_vpc",
            "module.vpc.data.aws_vpc.cluster_vpc"
          ]
        }
      ]
    },
    {
      "module": "module.vpc",
      "mode": "managed",
      "type": "aws_security_group_rule",
      "name": "master_ingress_icmp",
      "provider": "provider[\"openshift/local/aws\"]",
      "instances": [
        {
          "schema_version": 2,
          "attributes": {
            "cidr_blocks": [
              "10.0.0.0/16"
            ],
            "description": "Created By OpenShift Installer",
            "from_port": -1,
            "id": "sgrule-2607115842",
            "ipv6_cidr_blocks": null,
            "prefix_list_ids": null,
            "protocol": "icmp",
            "security_group_id": "sg-03c3d2dd372acfd40",
            "self": false,
            "source_security_group_id": null,
            "timeouts": null,
            "to_port": -1,
            "type": "ingress"
          },
          "sensitive_attributes": [],
          "private": "eyJlMmJmYjczMC1lY2FhLTExZTYtOGY4OC0zNDM2M2JjN2M0YzAiOnsiY3JlYXRlIjozMDAwMDAwMDAwMDB9LCJzY2hlbWFfdmVyc2lvbiI6IjIifQ==",
          "dependencies": [
            "module.vpc.aws_security_group.master",
            "module.vpc.aws_vpc.new_vpc",
            "module.vpc.data.aws_vpc.cluster_vpc"
          ]
        }
      ]
    },
    {
      "module": "module.vpc",
      "mode": "managed",
      "type": "aws_security_group_rule",
      "name": "master_ingress_ike",
      "provider": "provider[\"openshift/local/aws\"]",
      "instances": [
        {
          "schema_version": 2,
          "attributes": {
            "cidr_blocks": null,
            "description": "Created By OpenShift Installer",
            "from_port": 500,
            "id": "sgrule-1388064378",
            "ipv6_cidr_blocks": null,
            "prefix_list_ids": null,
            "protocol": "udp",
            "security_group_id": "sg-03c3d2dd372acfd40",
            "self": true,
            "source_security_group_id": null,
            "timeouts": null,
            "to_port": 500,
            "type": "ingress"
          },
          "sensitive_attributes": [],
          "private": "eyJlMmJmYjczMC1lY2FhLTExZTYtOGY4OC0zNDM2M2JjN2M0YzAiOnsiY3JlYXRlIjozMDAwMDAwMDAwMDB9LCJzY2hlbWFfdmVyc2lvbiI6IjIifQ==",
          "dependencies": [
            "module.vpc.aws_security_group.master",
            "module.vpc.aws_vpc.new_vpc",
            "module.vpc.data.aws_vpc.cluster_vpc"
          ]
        }
      ]
    },
    {
      "module": "module.vpc",
      "mode": "managed",
      "type": "aws_security_group_rule",
      "name": "master_ingress_ike_from_worker",
      "provider": "provider[\"openshift/local/aws\"]",
      "instances": [
        {
          "schema_version": 2,
          "attributes": {
            "cidr_blocks": null,
            "description": "Created By OpenShift Installer",
            "from_port": 500,
            "id": "sgrule-117064725",
            "ipv6_cidr_blocks": null,
            "prefix_list_ids": null,
            "protocol": "udp",
            "security_group_id": "sg-03c3d2dd372acfd40",
            "self": false,
            "source_security_group_id": "sg-0b6e0676b591b2e74",
            "timeouts": null,
            "to_port": 500,
            "type": "ingress"
          },
          "sensitive_attributes": [],
          "private": "eyJlMmJmYjczMC1lY2FhLTExZTYtOGY4OC0zNDM2M2JjN2M0YzAiOnsiY3JlYXRlIjozMDAwMDAwMDAwMDB9LCJzY2hlbWFfdmVyc2lvbiI6IjIifQ==",
          "dependencies": [
            "module.vpc.aws_security_group.master",
            "module.vpc.aws_security_group.worker",
            "module.vpc.aws_vpc.new_vpc",
            "module.vpc.data.aws_vpc.cluster_vpc"
          ]
        }
      ]
    },
    {
      "module": "module.vpc",
      "mode": "managed",
      "type": "aws_security_group_rule",
      "name": "master_ingress_ike_nat_t",
      "provider": "provider[\"openshift/local/aws\"]",
      "instances": [
        {
          "schema_version": 2,
          "attributes": {
            "cidr_blocks": null,
            "description": "Created By OpenShift Installer",
            "from_port": 4500,
            "id": "sgrule-2995224629",
            "ipv6_cidr_blocks": null,
            "prefix_list_ids": null,
            "protocol": "udp",
            "security_group_id": "sg-03c3d2dd372acfd40",
            "self": true,
            "source_security_group_id": null,
            "timeouts": null,
            "to_port": 4500,
            "type": "ingress"
          },
          "sensitive_attributes": [],
          "private": "eyJlMmJmYjczMC1lY2FhLTExZTYtOGY4OC0zNDM2M2JjN2M0YzAiOnsiY3JlYXRlIjozMDAwMDAwMDAwMDB9LCJzY2hlbWFfdmVyc2lvbiI6IjIifQ==",
          "dependencies": [
            "module.vpc.aws_security_group.master",
            "module.vpc.aws_vpc.new_vpc",
            "module.vpc.data.aws_vpc.cluster_vpc"
          ]
        }
      ]
    },
    {
      "module": "module.vpc",
      "mode": "managed",
      "type": "aws_security_group_rule",
      "name": "master_ingress_ike_nat_t_from_worker",
      "provider": "provider[\"openshift/local/aws\"]",
      "instances": [
        {
          "schema_version": 2,
          "attributes": {
            "cidr_blocks": null,
            "description": "Created By OpenShift Installer",
            "from_port": 4500,
            "id": "sgrule-3871468122",
            "ipv6_cidr_blocks": null,
            "prefix_list_ids": null,
            "protocol": "udp",
            "security_group_id": "sg-03c3d2dd372acfd40",
            "self": false,
            "source_security_group_id": "sg-0b6e0676b591b2e74",
            "timeouts": null,
            "to_port": 4500,
            "type": "ingress"
          },
          "sensitive_attributes": [],
          "private": "eyJlMmJmYjczMC1lY2FhLTExZTYtOGY4OC0zNDM2M2JjN2M0YzAiOnsiY3JlYXRlIjozMDAwMDAwMDAwMDB9LCJzY2hlbWFfdmVyc2lvbiI6IjIifQ==",
          "dependencies": [
            "module.vpc.aws_security_group.master",
            "module.vpc.aws_security_group.worker",
            "module.vpc.aws_vpc.new_vpc",
            "module.vpc.data.aws_vpc.cluster_vpc"
          ]
        }
      ]
    },
    {
      "module": "module.vpc",
      "mode": "managed",
      "type": "aws_security_group_rule",
      "name": "master_ingress_internal",
      "provider": "provider[\"openshift/local/aws\"]",
      "instances": [
        {
          "schema_version": 2,
          "attributes": {
            "cidr_blocks": null,
            "description": "Created By OpenShift Installer",
            "from_port": 9000,
            "id": "sgrule-2099099895",
            "ipv6_cidr_blocks": null,
            "prefix_list_ids": null,
            "protocol": "tcp",
            "security_group_id": "sg-03c3d2dd372acfd40",
            "self": true,
            "source_security_group_id": null,
            "timeouts": null,
            "to_port": 9999,
            "type": "ingress"
          },
          "sensitive_attributes": [],
          "private": "eyJlMmJmYjczMC1lY2FhLTExZTYtOGY4OC0zNDM2M2JjN2M0YzAiOnsiY3JlYXRlIjozMDAwMDAwMDAwMDB9LCJzY2hlbWFfdmVyc2lvbiI6IjIifQ==",
          "dependencies": [
            "module.vpc.aws_security_group.master",
            "module.vpc.aws_vpc.new_vpc",
            "module.vpc.data.aws_vpc.cluster_vpc"
          ]
        }
      ]
    },
    {
      "module": "module.vpc",
      "mode": "managed",
      "type": "aws_security_group_rule",
      "name": "master_ingress_internal_from_worker",
      "provider": "provider[\"openshift/local/aws\"]",
      "instances": [
        {
          "schema_version": 2,
          "attributes": {
            "cidr_blocks": null,
            "description": "Created By OpenShift Installer",
            "from_port": 9000,
            "id": "sgrule-693883544",
            "ipv6_cidr_blocks": null,
            "prefix_list_ids": null,
            "protocol": "tcp",
            "security_group_id": "sg-03c3d2dd372acfd40",
            "self": false,
            "source_security_group_id": "sg-0b6e0676b591b2e74",
            "timeouts": null,
            "to_port": 9999,
            "type": "ingress"
          },
          "sensitive_attributes": [],
          "private": "eyJlMmJmYjczMC1lY2FhLTExZTYtOGY4OC0zNDM2M2JjN2M0YzAiOnsiY3JlYXRlIjozMDAwMDAwMDAwMDB9LCJzY2hlbWFfdmVyc2lvbiI6IjIifQ==",
          "dependencies": [
            "module.vpc.aws_security_group.master",
            "module.vpc.aws_security_group.worker",
            "module.vpc.aws_vpc.new_vpc",
            "module.vpc.data.aws_vpc.cluster_vpc"
          ]
        }
      ]
    },
    {
      "module": "module.vpc",
      "mode": "managed",
      "type": "aws_security_group_rule",
      "name": "master_ingress_internal_from_worker_udp",
      "provider": "provider[\"openshift/local/aws\"]",
      "instances": [
        {
          "schema_version": 2,
          "attributes": {
            "cidr_blocks": null,
            "description": "Created By OpenShift Installer",
            "from_port": 9000,
            "id": "sgrule-2365878647",
            "ipv6_cidr_blocks": null,
            "prefix_list_ids": null,
            "protocol": "udp",
            "security_group_id": "sg-03c3d2dd372acfd40",
            "self": false,
            "source_security_group_id": "sg-0b6e0676b591b2e74",
            "timeouts": null,
            "to_port": 9999,
            "type": "ingress"
          },
          "sensitive_attributes": [],
          "private": "eyJlMmJmYjczMC1lY2FhLTExZTYtOGY4OC0zNDM2M2JjN2M0YzAiOnsiY3JlYXRlIjozMDAwMDAwMDAwMDB9LCJzY2hlbWFfdmVyc2lvbiI6IjIifQ==",
          "dependencies": [
            "module.vpc.aws_security_group.master",
            "module.vpc.aws_security_group.worker",
            "module.vpc.aws_vpc.new_vpc",
            "module.vpc.data.aws_vpc.cluster_vpc"
          ]
        }
      ]
    },
    {
      "module": "module.vpc",
      "mode": "managed",
      "type": "aws_security_group_rule",
      "name": "master_ingress_internal_udp",
      "provider": "provider[\"openshift/local/aws\"]",
      "instances": [
        {
          "schema_version": 2,
          "attributes": {
            "cidr_blocks": null,
            "description": "Created By OpenShift Installer",
            "from_port": 9000,
            "id": "sgrule-3644988184",
            "ipv6_cidr_blocks": null,
            "prefix_list_ids": null,
            "protocol": "udp",
            "security_group_id": "sg-03c3d2dd372acfd40",
            "self": true,
            "source_security_group_id": null,
            "timeouts": null,
            "to_port": 9999,
            "type": "ingress"
          },
          "sensitive_attributes": [],
          "private": "eyJlMmJmYjczMC1lY2FhLTExZTYtOGY4OC0zNDM2M2JjN2M0YzAiOnsiY3JlYXRlIjozMDAwMDAwMDAwMDB9LCJzY2hlbWFfdmVyc2lvbiI6IjIifQ==",
          "dependencies": [
            "module.vpc.aws_security_group.master",
            "module.vpc.aws_vpc.new_vpc",
            "module.vpc.data.aws_vpc.cluster_vpc"
          ]
        }
      ]
    },
    {
      "module": "module.vpc",
      "mode": "managed",
      "type": "aws_security_group_rule",
      "name": "master_ingress_kube_controller_manager",
      "provider": "provider[\"openshift/local/aws\"]",
      "instances": [
        {
          "schema_version": 2,
          "attributes": {
            "cidr_blocks": null,
            "description": "Created By OpenShift Installer",
            "from_port": 10257,
            "id": "sgrule-3153349855",
            "ipv6_cidr_blocks": null,
            "prefix_list_ids": null,
            "protocol": "tcp",
            "security_group_id": "sg-03c3d2dd372acfd40",
            "self": true,
            "source_security_group_id": null,
            "timeouts": null,
            "to_port": 10257,
            "type": "ingress"
          },
          "sensitive_attributes": [],
          "private": "eyJlMmJmYjczMC1lY2FhLTExZTYtOGY4OC0zNDM2M2JjN2M0YzAiOnsiY3JlYXRlIjozMDAwMDAwMDAwMDB9LCJzY2hlbWFfdmVyc2lvbiI6IjIifQ==",
          "dependencies": [
            "module.vpc.aws_security_group.master",
            "module.vpc.aws_vpc.new_vpc",
            "module.vpc.data.aws_vpc.cluster_vpc"
          ]
        }
      ]
    },
    {
      "module": "module.vpc",
      "mode": "managed",
      "type": "aws_security_group_rule",
      "name": "master_ingress_kube_controller_manager_from_worker",
      "provider": "provider[\"openshift/local/aws\"]",
      "instances": [
        {
          "schema_version": 2,
          "attributes": {
            "cidr_blocks": null,
            "description": "Created By OpenShift Installer",
            "from_port": 10257,
            "id": "sgrule-4021429936",
            "ipv6_cidr_blocks": null,
            "prefix_list_ids": null,
            "protocol": "tcp",
            "security_group_id": "sg-03c3d2dd372acfd40",
            "self": false,
            "source_security_group_id": "sg-0b6e0676b591b2e74",
            "timeouts": null,
            "to_port": 10257,
            "type": "ingress"
          },
          "sensitive_attributes": [],
          "private": "eyJlMmJmYjczMC1lY2FhLTExZTYtOGY4OC0zNDM2M2JjN2M0YzAiOnsiY3JlYXRlIjozMDAwMDAwMDAwMDB9LCJzY2hlbWFfdmVyc2lvbiI6IjIifQ==",
          "dependencies": [
            "module.vpc.aws_security_group.master",
            "module.vpc.aws_security_group.worker",
            "module.vpc.aws_vpc.new_vpc",
            "module.vpc.data.aws_vpc.cluster_vpc"
          ]
        }
      ]
    },
    {
      "module": "module.vpc",
      "mode": "managed",
      "type": "aws_security_group_rule",
      "name": "master_ingress_kube_scheduler",
      "provider": "provider[\"openshift/local/aws\"]",
      "instances": [
        {
          "schema_version": 2,
          "attributes": {
            "cidr_blocks": null,
            "description": "Created By OpenShift Installer",
            "from_port": 10259,
            "id": "sgrule-2071472220",
            "ipv6_cidr_blocks": null,
            "prefix_list_ids": null,
            "protocol": "tcp",
            "security_group_id": "sg-03c3d2dd372acfd40",
            "self": true,
            "source_security_group_id": null,
            "timeouts": null,
            "to_port": 10259,
            "type": "ingress"
          },
          "sensitive_attributes": [],
          "private": "eyJlMmJmYjczMC1lY2FhLTExZTYtOGY4OC0zNDM2M2JjN2M0YzAiOnsiY3JlYXRlIjozMDAwMDAwMDAwMDB9LCJzY2hlbWFfdmVyc2lvbiI6IjIifQ==",
          "dependencies": [
            "module.vpc.aws_security_group.master",
            "module.vpc.aws_vpc.new_vpc",
            "module.vpc.data.aws_vpc.cluster_vpc"
          ]
        }
      ]
    },
    {
      "module": "module.vpc",
      "mode": "managed",
      "type": "aws_security_group_rule",
      "name": "master_ingress_kube_scheduler_from_worker",
      "provider": "provider[\"openshift/local/aws\"]",
      "instances": [
        {
          "schema_version": 2,
          "attributes": {
            "cidr_blocks": null,
            "description": "Created By OpenShift Installer",
            "from_port": 10259,
            "id": "sgrule-792609331",
            "ipv6_cidr_blocks": null,
            "prefix_list_ids": null,
            "protocol": "tcp",
            "security_group_id": "sg-03c3d2dd372acfd40",
            "self": false,
            "source_security_group_id": "sg-0b6e0676b591b2e74",
            "timeouts": null,
            "to_port": 10259,
            "type": "ingress"
          },
          "sensitive_attributes": [],
          "private": "eyJlMmJmYjczMC1lY2FhLTExZTYtOGY4OC0zNDM2M2JjN2M0YzAiOnsiY3JlYXRlIjozMDAwMDAwMDAwMDB9LCJzY2hlbWFfdmVyc2lvbiI6IjIifQ==",
          "dependencies": [
            "module.vpc.aws_security_group.master",
            "module.vpc.aws_security_group.worker",
            "module.vpc.aws_vpc.new_vpc",
            "module.vpc.data.aws_vpc.cluster_vpc"
          ]
        }
      ]
    },
    {
      "module": "module.vpc",
      "mode": "managed",
      "type": "aws_security_group_rule",
      "name": "master_ingress_kubelet_secure",
      "provider": "provider[\"openshift/local/aws\"]",
      "instances": [
        {
          "schema_version": 2,
          "attributes": {
            "cidr_blocks": null,
            "description": "Created By OpenShift Installer",
            "from_port": 10250,
            "id": "sgrule-906689982",
            "ipv6_cidr_blocks": null,
            "prefix_list_ids": null,
            "protocol": "tcp",
            "security_group_id": "sg-03c3d2dd372acfd40",
            "self": true,
            "source_security_group_id": null,
            "timeouts": null,
            "to_port": 10250,
            "type": "ingress"
          },
          "sensitive_attributes": [],
          "private": "eyJlMmJmYjczMC1lY2FhLTExZTYtOGY4OC0zNDM2M2JjN2M0YzAiOnsiY3JlYXRlIjozMDAwMDAwMDAwMDB9LCJzY2hlbWFfdmVyc2lvbiI6IjIifQ==",
          "dependencies": [
            "module.vpc.aws_security_group.master",
            "module.vpc.aws_vpc.new_vpc",
            "module.vpc.data.aws_vpc.cluster_vpc"
          ]
        }
      ]
    },
    {
      "module": "module.vpc",
      "mode": "managed",
      "type": "aws_security_group_rule",
      "name": "master_ingress_kubelet_secure_from_worker",
      "provider": "provider[\"openshift/local/aws\"]",
      "instances": [
        {
          "schema_version": 2,
          "attributes": {
            "cidr_blocks": null,
            "description": "Created By OpenShift Installer",
            "from_port": 10250,
            "id": "sgrule-1649186769",
            "ipv6_cidr_blocks": null,
            "prefix_list_ids": null,
            "protocol": "tcp",
            "security_group_id": "sg-03c3d2dd372acfd40",
            "self": false,
            "source_security_group_id": "sg-0b6e0676b591b2e74",
            "timeouts": null,
            "to_port": 10250,
            "type": "ingress"
          },
          "sensitive_attributes": [],
          "private": "eyJlMmJmYjczMC1lY2FhLTExZTYtOGY4OC0zNDM2M2JjN2M0YzAiOnsiY3JlYXRlIjozMDAwMDAwMDAwMDB9LCJzY2hlbWFfdmVyc2lvbiI6IjIifQ==",
          "dependencies": [
            "module.vpc.aws_security_group.master",
            "module.vpc.aws_security_group.worker",
            "module.vpc.aws_vpc.new_vpc",
            "module.vpc.data.aws_vpc.cluster_vpc"
          ]
        }
      ]
    },
    {
      "module": "module.vpc",
      "mode": "managed",
      "type": "aws_security_group_rule",
      "name": "master_ingress_ovndb",
      "provider": "provider[\"openshift/local/aws\"]",
      "instances": [
        {
          "schema_version": 2,
          "attributes": {
            "cidr_blocks": null,
            "description": "Created By OpenShift Installer",
            "from_port": 6641,
            "id": "sgrule-3320262440",
            "ipv6_cidr_blocks": null,
            "prefix_list_ids": null,
            "protocol": "tcp",
            "security_group_id": "sg-03c3d2dd372acfd40",
            "self": true,
            "source_security_group_id": null,
            "timeouts": null,
            "to_port": 6642,
            "type": "ingress"
          },
          "sensitive_attributes": [],
          "private": "eyJlMmJmYjczMC1lY2FhLTExZTYtOGY4OC0zNDM2M2JjN2M0YzAiOnsiY3JlYXRlIjozMDAwMDAwMDAwMDB9LCJzY2hlbWFfdmVyc2lvbiI6IjIifQ==",
          "dependencies": [
            "module.vpc.aws_security_group.master",
            "module.vpc.aws_vpc.new_vpc",
            "module.vpc.data.aws_vpc.cluster_vpc"
          ]
        }
      ]
    },
    {
      "module": "module.vpc",
      "mode": "managed",
      "type": "aws_security_group_rule",
      "name": "master_ingress_ovndb_from_worker",
      "provider": "provider[\"openshift/local/aws\"]",
      "instances": [
        {
          "schema_version": 2,
          "attributes": {
            "cidr_blocks": null,
            "description": "Created By OpenShift Installer",
            "from_port": 6641,
            "id": "sgrule-2443265351",
            "ipv6_cidr_blocks": null,
            "prefix_list_ids": null,
            "protocol": "tcp",
            "security_group_id": "sg-03c3d2dd372acfd40",
            "self": false,
            "source_security_group_id": "sg-0b6e0676b591b2e74",
            "timeouts": null,
            "to_port": 6642,
            "type": "ingress"
          },
          "sensitive_attributes": [],
          "private": "eyJlMmJmYjczMC1lY2FhLTExZTYtOGY4OC0zNDM2M2JjN2M0YzAiOnsiY3JlYXRlIjozMDAwMDAwMDAwMDB9LCJzY2hlbWFfdmVyc2lvbiI6IjIifQ==",
          "dependencies": [
            "module.vpc.aws_security_group.master",
            "module.vpc.aws_security_group.worker",
            "module.vpc.aws_vpc.new_vpc",
            "module.vpc.data.aws_vpc.cluster_vpc"
          ]
        }
      ]
    },
    {
      "module": "module.vpc",
      "mode": "managed",
      "type": "aws_security_group_rule",
      "name": "master_ingress_services_tcp",
      "provider": "provider[\"openshift/local/aws\"]",
      "instances": [
        {
          "schema_version": 2,
          "attributes": {
            "cidr_blocks": null,
            "description": "Created By OpenShift Installer",
            "from_port": 30000,
            "id": "sgrule-3588732983",
            "ipv6_cidr_blocks": null,
            "prefix_list_ids": null,
            "protocol": "tcp",
            "security_group_id": "sg-03c3d2dd372acfd40",
            "self": true,
            "source_security_group_id": null,
            "timeouts": null,
            "to_port": 32767,
            "type": "ingress"
          },
          "sensitive_attributes": [],
          "private": "eyJlMmJmYjczMC1lY2FhLTExZTYtOGY4OC0zNDM2M2JjN2M0YzAiOnsiY3JlYXRlIjozMDAwMDAwMDAwMDB9LCJzY2hlbWFfdmVyc2lvbiI6IjIifQ==",
          "dependencies": [
            "module.vpc.aws_security_group.master",
            "module.vpc.aws_vpc.new_vpc",
            "module.vpc.data.aws_vpc.cluster_vpc"
          ]
        }
      ]
    },
    {
      "module": "module.vpc",
      "mode": "managed",
      "type": "aws_security_group_rule",
      "name": "master_ingress_services_tcp_from_worker",
      "provider": "provider[\"openshift/local/aws\"]",
      "instances": [
        {
          "schema_version": 2,
          "attributes": {
            "cidr_blocks": null,
            "description": "Created By OpenShift Installer",
            "from_port": 30000,
            "id": "sgrule-2174866008",
            "ipv6_cidr_blocks": null,
            "prefix_list_ids": null,
            "protocol": "tcp",
            "security_group_id": "sg-03c3d2dd372acfd40",
            "self": false,
            "source_security_group_id": "sg-0b6e0676b591b2e74",
            "timeouts": null,
            "to_port": 32767,
            "type": "ingress"
          },
          "sensitive_attributes": [],
          "private": "eyJlMmJmYjczMC1lY2FhLTExZTYtOGY4OC0zNDM2M2JjN2M0YzAiOnsiY3JlYXRlIjozMDAwMDAwMDAwMDB9LCJzY2hlbWFfdmVyc2lvbiI6IjIifQ==",
          "dependencies": [
            "module.vpc.aws_security_group.master",
            "module.vpc.aws_security_group.worker",
            "module.vpc.aws_vpc.new_vpc",
            "module.vpc.data.aws_vpc.cluster_vpc"
          ]
        }
      ]
    },
    {
      "module": "module.vpc",
      "mode": "managed",
      "type": "aws_security_group_rule",
      "name": "master_ingress_services_udp",
      "provider": "provider[\"openshift/local/aws\"]",
      "instances": [
        {
          "schema_version": 2,
          "attributes": {
            "cidr_blocks": null,
            "description": "Created By OpenShift Installer",
            "from_port": 30000,
            "id": "sgrule-1907891160",
            "ipv6_cidr_blocks": null,
            "prefix_list_ids": null,
            "protocol": "udp",
            "security_group_id": "sg-03c3d2dd372acfd40",
            "self": true,
            "source_security_group_id": null,
            "timeouts": null,
            "to_port": 32767,
            "type": "ingress"
          },
          "sensitive_attributes": [],
          "private": "eyJlMmJmYjczMC1lY2FhLTExZTYtOGY4OC0zNDM2M2JjN2M0YzAiOnsiY3JlYXRlIjozMDAwMDAwMDAwMDB9LCJzY2hlbWFfdmVyc2lvbiI6IjIifQ==",
          "dependencies": [
            "module.vpc.aws_security_group.master",
            "module.vpc.aws_vpc.new_vpc",
            "module.vpc.data.aws_vpc.cluster_vpc"
          ]
        }
      ]
    },
    {
      "module": "module.vpc",
      "mode": "managed",
      "type": "aws_security_group_rule",
      "name": "master_ingress_services_udp_from_worker",
      "provider": "provider[\"openshift/local/aws\"]",
      "instances": [
        {
          "schema_version": 2,
          "attributes": {
            "cidr_blocks": null,
            "description": "Created By OpenShift Installer",
            "from_port": 30000,
            "id": "sgrule-637432247",
            "ipv6_cidr_blocks": null,
            "prefix_list_ids": null,
            "protocol": "udp",
            "security_group_id": "sg-03c3d2dd372acfd40",
            "self": false,
            "source_security_group_id": "sg-0b6e0676b591b2e74",
            "timeouts": null,
            "to_port": 32767,
            "type": "ingress"
          },
          "sensitive_attributes": [],
          "private": "eyJlMmJmYjczMC1lY2FhLTExZTYtOGY4OC0zNDM2M2JjN2M0YzAiOnsiY3JlYXRlIjozMDAwMDAwMDAwMDB9LCJzY2hlbWFfdmVyc2lvbiI6IjIifQ==",
          "dependencies": [
            "module.vpc.aws_security_group.master",
            "module.vpc.aws_security_group.worker",
            "module.vpc.aws_vpc.new_vpc",
            "module.vpc.data.aws_vpc.cluster_vpc"
          ]
        }
      ]
    },
    {
      "module": "module.vpc",
      "mode": "managed",
      "type": "aws_security_group_rule",
      "name": "master_ingress_ssh",
      "provider": "provider[\"openshift/local/aws\"]",
      "instances": [
        {
          "schema_version": 2,
          "attributes": {
            "cidr_blocks": [
              "10.0.0.0/16"
            ],
            "description": "Created By OpenShift Installer",
            "from_port": 22,
            "id": "sgrule-847163535",
            "ipv6_cidr_blocks": null,
            "prefix_list_ids": null,
            "protocol": "tcp",
            "security_group_id": "sg-03c3d2dd372acfd40",
            "self": false,
            "source_security_group_id": null,
            "timeouts": null,
            "to_port": 22,
            "type": "ingress"
          },
          "sensitive_attributes": [],
          "private": "eyJlMmJmYjczMC1lY2FhLTExZTYtOGY4OC0zNDM2M2JjN2M0YzAiOnsiY3JlYXRlIjozMDAwMDAwMDAwMDB9LCJzY2hlbWFfdmVyc2lvbiI6IjIifQ==",
          "dependencies": [
            "module.vpc.aws_security_group.master",
            "module.vpc.aws_vpc.new_vpc",
            "module.vpc.data.aws_vpc.cluster_vpc"
          ]
        }
      ]
    },
    {
      "module": "module.vpc",
      "mode": "managed",
      "type": "aws_security_group_rule",
      "name": "master_ingress_vxlan",
      "provider": "provider[\"openshift/local/aws\"]",
      "instances": [
        {
          "schema_version": 2,
          "attributes": {
            "cidr_blocks": null,
            "description": "Created By OpenShift Installer",
            "from_port": 4789,
            "id": "sgrule-155345049",
            "ipv6_cidr_blocks": null,
            "prefix_list_ids": null,
            "protocol": "udp",
            "security_group_id": "sg-03c3d2dd372acfd40",
            "self": true,
            "source_security_group_id": null,
            "timeouts": null,
            "to_port": 4789,
            "type": "ingress"
          },
          "sensitive_attributes": [],
          "private": "eyJlMmJmYjczMC1lY2FhLTExZTYtOGY4OC0zNDM2M2JjN2M0YzAiOnsiY3JlYXRlIjozMDAwMDAwMDAwMDB9LCJzY2hlbWFfdmVyc2lvbiI6IjIifQ==",
          "dependencies": [
            "module.vpc.aws_security_group.master",
            "module.vpc.aws_vpc.new_vpc",
            "module.vpc.data.aws_vpc.cluster_vpc"
          ]
        }
      ]
    },
    {
      "module": "module.vpc",
      "mode": "managed",
      "type": "aws_security_group_rule",
      "name": "master_ingress_vxlan_from_worker",
      "provider": "provider[\"openshift/local/aws\"]",
      "instances": [
        {
          "schema_version": 2,
          "attributes": {
            "cidr_blocks": null,
            "description": "Created By OpenShift Installer",
            "from_port": 4789,
            "id": "sgrule-1560546038",
            "ipv6_cidr_blocks": null,
            "prefix_list_ids": null,
            "protocol": "udp",
            "security_group_id": "sg-03c3d2dd372acfd40",
            "self": false,
            "source_security_group_id": "sg-0b6e0676b591b2e74",
            "timeouts": null,
            "to_port": 4789,
            "type": "ingress"
          },
          "sensitive_attributes": [],
          "private": "eyJlMmJmYjczMC1lY2FhLTExZTYtOGY4OC0zNDM2M2JjN2M0YzAiOnsiY3JlYXRlIjozMDAwMDAwMDAwMDB9LCJzY2hlbWFfdmVyc2lvbiI6IjIifQ==",
          "dependencies": [
            "module.vpc.aws_security_group.master",
            "module.vpc.aws_security_group.worker",
            "module.vpc.aws_vpc.new_vpc",
            "module.vpc.data.aws_vpc.cluster_vpc"
          ]
        }
      ]
    },
    {
      "module": "module.vpc",
      "mode": "managed",
      "type": "aws_security_group_rule",
      "name": "master_mcs",
      "provider": "provider[\"openshift/local/aws\"]",
      "instances": [
        {
          "schema_version": 2,
          "attributes": {
            "cidr_blocks": [
              "10.0.0.0/16"
            ],
            "description": "Created By OpenShift Installer",
            "from_port": 22623,
            "id": "sgrule-923877384",
            "ipv6_cidr_blocks": null,
            "prefix_list_ids": null,
            "protocol": "tcp",
            "security_group_id": "sg-03c3d2dd372acfd40",
            "self": false,
            "source_security_group_id": null,
            "timeouts": null,
            "to_port": 22623,
            "type": "ingress"
          },
          "sensitive_attributes": [],
          "private": "eyJlMmJmYjczMC1lY2FhLTExZTYtOGY4OC0zNDM2M2JjN2M0YzAiOnsiY3JlYXRlIjozMDAwMDAwMDAwMDB9LCJzY2hlbWFfdmVyc2lvbiI6IjIifQ==",
          "dependencies": [
            "module.vpc.aws_security_group.master",
            "module.vpc.aws_vpc.new_vpc",
            "module.vpc.data.aws_vpc.cluster_vpc"
          ]
        }
      ]
    },
    {
      "module": "module.vpc",
      "mode": "managed",
      "type": "aws_security_group_rule",
      "name": "worker_egress",
      "provider": "provider[\"openshift/local/aws\"]",
      "instances": [
        {
          "schema_version": 2,
          "attributes": {
            "cidr_blocks": [
              "0.0.0.0/0"
            ],
            "description": "Created By OpenShift Installer",
            "from_port": 0,
            "id": "sgrule-3169708981",
            "ipv6_cidr_blocks": null,
            "prefix_list_ids": null,
            "protocol": "-1",
            "security_group_id": "sg-0b6e0676b591b2e74",
            "self": false,
            "source_security_group_id": null,
            "timeouts": null,
            "to_port": 0,
            "type": "egress"
          },
          "sensitive_attributes": [],
          "private": "eyJlMmJmYjczMC1lY2FhLTExZTYtOGY4OC0zNDM2M2JjN2M0YzAiOnsiY3JlYXRlIjozMDAwMDAwMDAwMDB9LCJzY2hlbWFfdmVyc2lvbiI6IjIifQ==",
          "dependencies": [
            "module.vpc.aws_security_group.worker",
            "module.vpc.aws_vpc.new_vpc",
            "module.vpc.data.aws_vpc.cluster_vpc"
          ]
        }
      ]
    },
    {
      "module": "module.vpc",
      "mode": "managed",
      "type": "aws_security_group_rule",
      "name": "worker_ingress_esp",
      "provider": "provider[\"openshift/local/aws\"]",
      "instances": [
        {
          "schema_version": 2,
          "attributes": {
            "cidr_blocks": null,
            "description": "Created By OpenShift Installer",
            "from_port": 0,
            "id": "sgrule-3910773455",
            "ipv6_cidr_blocks": null,
            "prefix_list_ids": null,
            "protocol": "50",
            "security_group_id": "sg-0b6e0676b591b2e74",
            "self": true,
            "source_security_group_id": null,
            "timeouts": null,
            "to_port": 0,
            "type": "ingress"
          },
          "sensitive_attributes": [],
          "private": "eyJlMmJmYjczMC1lY2FhLTExZTYtOGY4OC0zNDM2M2JjN2M0YzAiOnsiY3JlYXRlIjozMDAwMDAwMDAwMDB9LCJzY2hlbWFfdmVyc2lvbiI6IjIifQ==",
          "dependencies": [
            "module.vpc.aws_security_group.worker",
            "module.vpc.aws_vpc.new_vpc",
            "module.vpc.data.aws_vpc.cluster_vpc"
          ]
        }
      ]
    },
    {
      "module": "module.vpc",
      "mode": "managed",
      "type": "aws_security_group_rule",
      "name": "worker_ingress_esp_from_master",
      "provider": "provider[\"openshift/local/aws\"]",
      "instances": [
        {
          "schema_version": 2,
          "attributes": {
            "cidr_blocks": null,
            "description": "Created By OpenShift Installer",
            "from_port": 0,
            "id": "sgrule-3177169056",
            "ipv6_cidr_blocks": null,
            "prefix_list_ids": null,
            "protocol": "50",
            "security_group_id": "sg-0b6e0676b591b2e74",
            "self": false,
            "source_security_group_id": "sg-03c3d2dd372acfd40",
            "timeouts": null,
            "to_port": 0,
            "type": "ingress"
          },
          "sensitive_attributes": [],
          "private": "eyJlMmJmYjczMC1lY2FhLTExZTYtOGY4OC0zNDM2M2JjN2M0YzAiOnsiY3JlYXRlIjozMDAwMDAwMDAwMDB9LCJzY2hlbWFfdmVyc2lvbiI6IjIifQ==",
          "dependencies": [
            "module.vpc.aws_security_group.master",
            "module.vpc.aws_security_group.worker",
            "module.vpc.aws_vpc.new_vpc",
            "module.vpc.data.aws_vpc.cluster_vpc"
          ]
        }
      ]
    },
    {
      "module": "module.vpc",
      "mode": "managed",
      "type": "aws_security_group_rule",
      "name": "worker_ingress_geneve",
      "provider": "provider[\"openshift/local/aws\"]",
      "instances": [
        {
          "schema_version": 2,
          "attributes": {
            "cidr_blocks": null,
            "description": "Created By OpenShift Installer",
            "from_port": 6081,
            "id": "sgrule-3592196210",
            "ipv6_cidr_blocks": null,
            "prefix_list_ids": null,
            "protocol": "udp",
            "security_group_id": "sg-0b6e0676b591b2e74",
            "self": true,
            "source_security_group_id": null,
            "timeouts": null,
            "to_port": 6081,
            "type": "ingress"
          },
          "sensitive_attributes": [],
          "private": "eyJlMmJmYjczMC1lY2FhLTExZTYtOGY4OC0zNDM2M2JjN2M0YzAiOnsiY3JlYXRlIjozMDAwMDAwMDAwMDB9LCJzY2hlbWFfdmVyc2lvbiI6IjIifQ==",
          "dependencies": [
            "module.vpc.aws_security_group.worker",
            "module.vpc.aws_vpc.new_vpc",
            "module.vpc.data.aws_vpc.cluster_vpc"
          ]
        }
      ]
    },
    {
      "module": "module.vpc",
      "mode": "managed",
      "type": "aws_security_group_rule",
      "name": "worker_ingress_geneve_from_master",
      "provider": "provider[\"openshift/local/aws\"]",
      "instances": [
        {
          "schema_version": 2,
          "attributes": {
            "cidr_blocks": null,
            "description": "Created By OpenShift Installer",
            "from_port": 6081,
            "id": "sgrule-2187000349",
            "ipv6_cidr_blocks": null,
            "prefix_list_ids": null,
            "protocol": "udp",
            "security_group_id": "sg-0b6e0676b591b2e74",
            "self": false,
            "source_security_group_id": "sg-03c3d2dd372acfd40",
            "timeouts": null,
            "to_port": 6081,
            "type": "ingress"
          },
          "sensitive_attributes": [],
          "private": "eyJlMmJmYjczMC1lY2FhLTExZTYtOGY4OC0zNDM2M2JjN2M0YzAiOnsiY3JlYXRlIjozMDAwMDAwMDAwMDB9LCJzY2hlbWFfdmVyc2lvbiI6IjIifQ==",
          "dependencies": [
            "module.vpc.aws_security_group.master",
            "module.vpc.aws_security_group.worker",
            "module.vpc.aws_vpc.new_vpc",
            "module.vpc.data.aws_vpc.cluster_vpc"
          ]
        }
      ]
    },
    {
      "module": "module.vpc",
      "mode": "managed",
      "type": "aws_security_group_rule",
      "name": "worker_ingress_icmp",
      "provider": "provider[\"openshift/local/aws\"]",
      "instances": [
        {
          "schema_version": 2,
          "attributes": {
            "cidr_blocks": [
              "10.0.0.0/16"
            ],
            "description": "Created By OpenShift Installer",
            "from_port": -1,
            "id": "sgrule-1597621954",
            "ipv6_cidr_blocks": null,
            "prefix_list_ids": null,
            "protocol": "icmp",
            "security_group_id": "sg-0b6e0676b591b2e74",
            "self": false,
            "source_security_group_id": null,
            "timeouts": null,
            "to_port": -1,
            "type": "ingress"
          },
          "sensitive_attributes": [],
          "private": "eyJlMmJmYjczMC1lY2FhLTExZTYtOGY4OC0zNDM2M2JjN2M0YzAiOnsiY3JlYXRlIjozMDAwMDAwMDAwMDB9LCJzY2hlbWFfdmVyc2lvbiI6IjIifQ==",
          "dependencies": [
            "module.vpc.aws_security_group.worker",
            "module.vpc.aws_vpc.new_vpc",
            "module.vpc.data.aws_vpc.cluster_vpc"
          ]
        }
      ]
    },
    {
      "module": "module.vpc",
      "mode": "managed",
      "type": "aws_security_group_rule",
      "name": "worker_ingress_ike",
      "provider": "provider[\"openshift/local/aws\"]",
      "instances": [
        {
          "schema_version": 2,
          "attributes": {
            "cidr_blocks": null,
            "description": "Created By OpenShift Installer",
            "from_port": 500,
            "id": "sgrule-2494389477",
            "ipv6_cidr_blocks": null,
            "prefix_list_ids": null,
            "protocol": "udp",
            "security_group_id": "sg-0b6e0676b591b2e74",
            "self": true,
            "source_security_group_id": null,
            "timeouts": null,
            "to_port": 500,
            "type": "ingress"
          },
          "sensitive_attributes": [],
          "private": "eyJlMmJmYjczMC1lY2FhLTExZTYtOGY4OC0zNDM2M2JjN2M0YzAiOnsiY3JlYXRlIjozMDAwMDAwMDAwMDB9LCJzY2hlbWFfdmVyc2lvbiI6IjIifQ==",
          "dependencies": [
            "module.vpc.aws_security_group.worker",
            "module.vpc.aws_vpc.new_vpc",
            "module.vpc.data.aws_vpc.cluster_vpc"
          ]
        }
      ]
    },
    {
      "module": "module.vpc",
      "mode": "managed",
      "type": "aws_security_group_rule",
      "name": "worker_ingress_ike_from_master",
      "provider": "provider[\"openshift/local/aws\"]",
      "instances": [
        {
          "schema_version": 2,
          "attributes": {
            "cidr_blocks": null,
            "description": "Created By OpenShift Installer",
            "from_port": 500,
            "id": "sgrule-3236640394",
            "ipv6_cidr_blocks": null,
            "prefix_list_ids": null,
            "protocol": "udp",
            "security_group_id": "sg-0b6e0676b591b2e74",
            "self": false,
            "source_security_group_id": "sg-03c3d2dd372acfd40",
            "timeouts": null,
            "to_port": 500,
            "type": "ingress"
          },
          "sensitive_attributes": [],
          "private": "eyJlMmJmYjczMC1lY2FhLTExZTYtOGY4OC0zNDM2M2JjN2M0YzAiOnsiY3JlYXRlIjozMDAwMDAwMDAwMDB9LCJzY2hlbWFfdmVyc2lvbiI6IjIifQ==",
          "dependencies": [
            "module.vpc.aws_security_group.master",
            "module.vpc.aws_security_group.worker",
            "module.vpc.aws_vpc.new_vpc",
            "module.vpc.data.aws_vpc.cluster_vpc"
          ]
        }
      ]
    },
    {
      "module": "module.vpc",
      "mode": "managed",
      "type": "aws_security_group_rule",
      "name": "worker_ingress_ike_nat_t",
      "provider": "provider[\"openshift/local/aws\"]",
      "instances": [
        {
          "schema_version": 2,
          "attributes": {
            "cidr_blocks": null,
            "description": "Created By OpenShift Installer",
            "from_port": 4500,
            "id": "sgrule-3775988198",
            "ipv6_cidr_blocks": null,
            "prefix_list_ids": null,
            "protocol": "udp",
            "security_group_id": "sg-0b6e0676b591b2e74",
            "self": true,
            "source_security_group_id": null,
            "timeouts": null,
            "to_port": 4500,
            "type": "ingress"
          },
          "sensitive_attributes": [],
          "private": "eyJlMmJmYjczMC1lY2FhLTExZTYtOGY4OC0zNDM2M2JjN2M0YzAiOnsiY3JlYXRlIjozMDAwMDAwMDAwMDB9LCJzY2hlbWFfdmVyc2lvbiI6IjIifQ==",
          "dependencies": [
            "module.vpc.aws_security_group.worker",
            "module.vpc.aws_vpc.new_vpc",
            "module.vpc.data.aws_vpc.cluster_vpc"
          ]
        }
      ]
    },
    {
      "module": "module.vpc",
      "mode": "managed",
      "type": "aws_security_group_rule",
      "name": "worker_ingress_internal",
      "provider": "provider[\"openshift/local/aws\"]",
      "instances": [
        {
          "schema_version": 2,
          "attributes": {
            "cidr_blocks": null,
            "description": "Created By OpenShift Installer",
            "from_port": 9000,
            "id": "sgrule-780876068",
            "ipv6_cidr_blocks": null,
            "prefix_list_ids": null,
            "protocol": "tcp",
            "security_group_id": "sg-0b6e0676b591b2e74",
            "self": true,
            "source_security_group_id": null,
            "timeouts": null,
            "to_port": 9999,
            "type": "ingress"
          },
          "sensitive_attributes": [],
          "private": "eyJlMmJmYjczMC1lY2FhLTExZTYtOGY4OC0zNDM2M2JjN2M0YzAiOnsiY3JlYXRlIjozMDAwMDAwMDAwMDB9LCJzY2hlbWFfdmVyc2lvbiI6IjIifQ==",
          "dependencies": [
            "module.vpc.aws_security_group.worker",
            "module.vpc.aws_vpc.new_vpc",
            "module.vpc.data.aws_vpc.cluster_vpc"
          ]
        }
      ]
    },
    {
      "module": "module.vpc",
      "mode": "managed",
      "type": "aws_security_group_rule",
      "name": "worker_ingress_internal_from_master",
      "provider": "provider[\"openshift/local/aws\"]",
      "instances": [
        {
          "schema_version": 2,
          "attributes": {
            "cidr_blocks": null,
            "description": "Created By OpenShift Installer",
            "from_port": 9000,
            "id": "sgrule-2060276555",
            "ipv6_cidr_blocks": null,
            "prefix_list_ids": null,
            "protocol": "tcp",
            "security_group_id": "sg-0b6e0676b591b2e74",
            "self": false,
            "source_security_group_id": "sg-03c3d2dd372acfd40",
            "timeouts": null,
            "to_port": 9999,
            "type": "ingress"
          },
          "sensitive_attributes": [],
          "private": "eyJlMmJmYjczMC1lY2FhLTExZTYtOGY4OC0zNDM2M2JjN2M0YzAiOnsiY3JlYXRlIjozMDAwMDAwMDAwMDB9LCJzY2hlbWFfdmVyc2lvbiI6IjIifQ==",
          "dependencies": [
            "module.vpc.aws_security_group.master",
            "module.vpc.aws_security_group.worker",
            "module.vpc.aws_vpc.new_vpc",
            "module.vpc.data.aws_vpc.cluster_vpc"
          ]
        }
      ]
    },
    {
      "module": "module.vpc",
      "mode": "managed",
      "type": "aws_security_group_rule",
      "name": "worker_ingress_internal_from_master_udp",
      "provider": "provider[\"openshift/local/aws\"]",
      "instances": [
        {
          "schema_version": 2,
          "attributes": {
            "cidr_blocks": null,
            "description": "Created By OpenShift Installer",
            "from_port": 9000,
            "id": "sgrule-3734171812",
            "ipv6_cidr_blocks": null,
            "prefix_list_ids": null,
            "protocol": "udp",
            "security_group_id": "sg-0b6e0676b591b2e74",
            "self": false,
            "source_security_group_id": "sg-03c3d2dd372acfd40",
            "timeouts": null,
            "to_port": 9999,
            "type": "ingress"
          },
          "sensitive_attributes": [],
          "private": "eyJlMmJmYjczMC1lY2FhLTExZTYtOGY4OC0zNDM2M2JjN2M0YzAiOnsiY3JlYXRlIjozMDAwMDAwMDAwMDB9LCJzY2hlbWFfdmVyc2lvbiI6IjIifQ==",
          "dependencies": [
            "module.vpc.aws_security_group.master",
            "module.vpc.aws_security_group.worker",
            "module.vpc.aws_vpc.new_vpc",
            "module.vpc.data.aws_vpc.cluster_vpc"
          ]
        }
      ]
    },
    {
      "module": "module.vpc",
      "mode": "managed",
      "type": "aws_security_group_rule",
      "name": "worker_ingress_internal_udp",
      "provider": "provider[\"openshift/local/aws\"]",
      "instances": [
        {
          "schema_version": 2,
          "attributes": {
            "cidr_blocks": null,
            "description": "Created By OpenShift Installer",
            "from_port": 9000,
            "id": "sgrule-2329189067",
            "ipv6_cidr_blocks": null,
            "prefix_list_ids": null,
            "protocol": "udp",
            "security_group_id": "sg-0b6e0676b591b2e74",
            "self": true,
            "source_security_group_id": null,
            "timeouts": null,
            "to_port": 9999,
            "type": "ingress"
          },
          "sensitive_attributes": [],
          "private": "eyJlMmJmYjczMC1lY2FhLTExZTYtOGY4OC0zNDM2M2JjN2M0YzAiOnsiY3JlYXRlIjozMDAwMDAwMDAwMDB9LCJzY2hlbWFfdmVyc2lvbiI6IjIifQ==",
          "dependencies": [
            "module.vpc.aws_security_group.worker",
            "module.vpc.aws_vpc.new_vpc",
            "module.vpc.data.aws_vpc.cluster_vpc"
          ]
        }
      ]
    },
    {
      "module": "module.vpc",
      "mode": "managed",
      "type": "aws_security_group_rule",
      "name": "worker_ingress_kubelet_insecure",
      "provider": "provider[\"openshift/local/aws\"]",
      "instances": [
        {
          "schema_version": 2,
          "attributes": {
            "cidr_blocks": null,
            "description": "Created By OpenShift Installer",
            "from_port": 10250,
            "id": "sgrule-501500485",
            "ipv6_cidr_blocks": null,
            "prefix_list_ids": null,
            "protocol": "tcp",
            "security_group_id": "sg-0b6e0676b591b2e74",
            "self": true,
            "source_security_group_id": null,
            "timeouts": null,
            "to_port": 10250,
            "type": "ingress"
          },
          "sensitive_attributes": [],
          "private": "eyJlMmJmYjczMC1lY2FhLTExZTYtOGY4OC0zNDM2M2JjN2M0YzAiOnsiY3JlYXRlIjozMDAwMDAwMDAwMDB9LCJzY2hlbWFfdmVyc2lvbiI6IjIifQ==",
          "dependencies": [
            "module.vpc.aws_security_group.worker",
            "module.vpc.aws_vpc.new_vpc",
            "module.vpc.data.aws_vpc.cluster_vpc"
          ]
        }
      ]
    },
    {
      "module": "module.vpc",
      "mode": "managed",
      "type": "aws_security_group_rule",
      "name": "worker_ingress_kubelet_insecure_from_master",
      "provider": "provider[\"openshift/local/aws\"]",
      "instances": [
        {
          "schema_version": 2,
          "attributes": {
            "cidr_blocks": null,
            "description": "Created By OpenShift Installer",
            "from_port": 10250,
            "id": "sgrule-1235361834",
            "ipv6_cidr_blocks": null,
            "prefix_list_ids": null,
            "protocol": "tcp",
            "security_group_id": "sg-0b6e0676b591b2e74",
            "self": false,
            "source_security_group_id": "sg-03c3d2dd372acfd40",
            "timeouts": null,
            "to_port": 10250,
            "type": "ingress"
          },
          "sensitive_attributes": [],
          "private": "eyJlMmJmYjczMC1lY2FhLTExZTYtOGY4OC0zNDM2M2JjN2M0YzAiOnsiY3JlYXRlIjozMDAwMDAwMDAwMDB9LCJzY2hlbWFfdmVyc2lvbiI6IjIifQ==",
          "dependencies": [
            "module.vpc.aws_security_group.master",
            "module.vpc.aws_security_group.worker",
            "module.vpc.aws_vpc.new_vpc",
            "module.vpc.data.aws_vpc.cluster_vpc"
          ]
        }
      ]
    },
    {
      "module": "module.vpc",
      "mode": "managed",
      "type": "aws_security_group_rule",
      "name": "worker_ingress_nat_t_from_master",
      "provider": "provider[\"openshift/local/aws\"]",
      "instances": [
        {
          "schema_version": 2,
          "attributes": {
            "cidr_blocks": null,
            "description": "Created By OpenShift Installer",
            "from_port": 4500,
            "id": "sgrule-3042405257",
            "ipv6_cidr_blocks": null,
            "prefix_list_ids": null,
            "protocol": "udp",
            "security_group_id": "sg-0b6e0676b591b2e74",
            "self": false,
            "source_security_group_id": "sg-03c3d2dd372acfd40",
            "timeouts": null,
            "to_port": 4500,
            "type": "ingress"
          },
          "sensitive_attributes": [],
          "private": "eyJlMmJmYjczMC1lY2FhLTExZTYtOGY4OC0zNDM2M2JjN2M0YzAiOnsiY3JlYXRlIjozMDAwMDAwMDAwMDB9LCJzY2hlbWFfdmVyc2lvbiI6IjIifQ==",
          "dependencies": [
            "module.vpc.aws_security_group.master",
            "module.vpc.aws_security_group.worker",
            "module.vpc.aws_vpc.new_vpc",
            "module.vpc.data.aws_vpc.cluster_vpc"
          ]
        }
      ]
    },
    {
      "module": "module.vpc",
      "mode": "managed",
      "type": "aws_security_group_rule",
      "name": "worker_ingress_services_tcp",
      "provider": "provider[\"openshift/local/aws\"]",
      "instances": [
        {
          "schema_version": 2,
          "attributes": {
            "cidr_blocks": null,
            "description": "Created By OpenShift Installer",
            "from_port": 30000,
            "id": "sgrule-4262006732",
            "ipv6_cidr_blocks": null,
            "prefix_list_ids": null,
            "protocol": "tcp",
            "security_group_id": "sg-0b6e0676b591b2e74",
            "self": true,
            "source_security_group_id": null,
            "timeouts": null,
            "to_port": 32767,
            "type": "ingress"
          },
          "sensitive_attributes": [],
          "private": "eyJlMmJmYjczMC1lY2FhLTExZTYtOGY4OC0zNDM2M2JjN2M0YzAiOnsiY3JlYXRlIjozMDAwMDAwMDAwMDB9LCJzY2hlbWFfdmVyc2lvbiI6IjIifQ==",
          "dependencies": [
            "module.vpc.aws_security_group.worker",
            "module.vpc.aws_vpc.new_vpc",
            "module.vpc.data.aws_vpc.cluster_vpc"
          ]
        }
      ]
    },
    {
      "module": "module.vpc",
      "mode": "managed",
      "type": "aws_security_group_rule",
      "name": "worker_ingress_services_tcp_from_master",
      "provider": "provider[\"openshift/local/aws\"]",
      "instances": [
        {
          "schema_version": 2,
          "attributes": {
            "cidr_blocks": null,
            "description": "Created By OpenShift Installer",
            "from_port": 30000,
            "id": "sgrule-2857330083",
            "ipv6_cidr_blocks": null,
            "prefix_list_ids": null,
            "protocol": "tcp",
            "security_group_id": "sg-0b6e0676b591b2e74",
            "self": false,
            "source_security_group_id": "sg-03c3d2dd372acfd40",
            "timeouts": null,
            "to_port": 32767,
            "type": "ingress"
          },
          "sensitive_attributes": [],
          "private": "eyJlMmJmYjczMC1lY2FhLTExZTYtOGY4OC0zNDM2M2JjN2M0YzAiOnsiY3JlYXRlIjozMDAwMDAwMDAwMDB9LCJzY2hlbWFfdmVyc2lvbiI6IjIifQ==",
          "dependencies": [
            "module.vpc.aws_security_group.master",
            "module.vpc.aws_security_group.worker",
            "module.vpc.aws_vpc.new_vpc",
            "module.vpc.data.aws_vpc.cluster_vpc"
          ]
        }
      ]
    },
    {
      "module": "module.vpc",
      "mode": "managed",
      "type": "aws_security_group_rule",
      "name": "worker_ingress_services_udp",
      "provider": "provider[\"openshift/local/aws\"]",
      "instances": [
        {
          "schema_version": 2,
          "attributes": {
            "cidr_blocks": null,
            "description": "Created By OpenShift Installer",
            "from_port": 30000,
            "id": "sgrule-1515629603",
            "ipv6_cidr_blocks": null,
            "prefix_list_ids": null,
            "protocol": "udp",
            "security_group_id": "sg-0b6e0676b591b2e74",
            "self": true,
            "source_security_group_id": null,
            "timeouts": null,
            "to_port": 32767,
            "type": "ingress"
          },
          "sensitive_attributes": [],
          "private": "eyJlMmJmYjczMC1lY2FhLTExZTYtOGY4OC0zNDM2M2JjN2M0YzAiOnsiY3JlYXRlIjozMDAwMDAwMDAwMDB9LCJzY2hlbWFfdmVyc2lvbiI6IjIifQ==",
          "dependencies": [
            "module.vpc.aws_security_group.worker",
            "module.vpc.aws_vpc.new_vpc",
            "module.vpc.data.aws_vpc.cluster_vpc"
          ]
        }
      ]
    },
    {
      "module": "module.vpc",
      "mode": "managed",
      "type": "aws_security_group_rule",
      "name": "worker_ingress_services_udp_from_master",
      "provider": "provider[\"openshift/local/aws\"]",
      "instances": [
        {
          "schema_version": 2,
          "attributes": {
            "cidr_blocks": null,
            "description": "Created By OpenShift Installer",
            "from_port": 30000,
            "id": "sgrule-235980364",
            "ipv6_cidr_blocks": null,
            "prefix_list_ids": null,
            "protocol": "udp",
            "security_group_id": "sg-0b6e0676b591b2e74",
            "self": false,
            "source_security_group_id": "sg-03c3d2dd372acfd40",
            "timeouts": null,
            "to_port": 32767,
            "type": "ingress"
          },
          "sensitive_attributes": [],
          "private": "eyJlMmJmYjczMC1lY2FhLTExZTYtOGY4OC0zNDM2M2JjN2M0YzAiOnsiY3JlYXRlIjozMDAwMDAwMDAwMDB9LCJzY2hlbWFfdmVyc2lvbiI6IjIifQ==",
          "dependencies": [
            "module.vpc.aws_security_group.master",
            "module.vpc.aws_security_group.worker",
            "module.vpc.aws_vpc.new_vpc",
            "module.vpc.data.aws_vpc.cluster_vpc"
          ]
        }
      ]
    },
    {
      "module": "module.vpc",
      "mode": "managed",
      "type": "aws_security_group_rule",
      "name": "worker_ingress_ssh",
      "provider": "provider[\"openshift/local/aws\"]",
      "instances": [
        {
          "schema_version": 2,
          "attributes": {
            "cidr_blocks": [
              "10.0.0.0/16"
            ],
            "description": "Created By OpenShift Installer",
            "from_port": 22,
            "id": "sgrule-3245864041",
            "ipv6_cidr_blocks": null,
            "prefix_list_ids": null,
            "protocol": "tcp",
            "security_group_id": "sg-0b6e0676b591b2e74",
            "self": false,
            "source_security_group_id": null,
            "timeouts": null,
            "to_port": 22,
            "type": "ingress"
          },
          "sensitive_attributes": [],
          "private": "eyJlMmJmYjczMC1lY2FhLTExZTYtOGY4OC0zNDM2M2JjN2M0YzAiOnsiY3JlYXRlIjozMDAwMDAwMDAwMDB9LCJzY2hlbWFfdmVyc2lvbiI6IjIifQ==",
          "dependencies": [
            "module.vpc.aws_security_group.worker",
            "module.vpc.aws_vpc.new_vpc",
            "module.vpc.data.aws_vpc.cluster_vpc"
          ]
        }
      ]
    },
    {
      "module": "module.vpc",
      "mode": "managed",
      "type": "aws_security_group_rule",
      "name": "worker_ingress_vxlan",
      "provider": "provider[\"openshift/local/aws\"]",
      "instances": [
        {
          "schema_version": 2,
          "attributes": {
            "cidr_blocks": null,
            "description": "Created By OpenShift Installer",
            "from_port": 4789,
            "id": "sgrule-1523900746",
            "ipv6_cidr_blocks": null,
            "prefix_list_ids": null,
            "protocol": "udp",
            "security_group_id": "sg-0b6e0676b591b2e74",
            "self": true,
            "source_security_group_id": null,
            "timeouts": null,
            "to_port": 4789,
            "type": "ingress"
          },
          "sensitive_attributes": [],
          "private": "eyJlMmJmYjczMC1lY2FhLTExZTYtOGY4OC0zNDM2M2JjN2M0YzAiOnsiY3JlYXRlIjozMDAwMDAwMDAwMDB9LCJzY2hlbWFfdmVyc2lvbiI6IjIifQ==",
          "dependencies": [
            "module.vpc.aws_security_group.worker",
            "module.vpc.aws_vpc.new_vpc",
            "module.vpc.data.aws_vpc.cluster_vpc"
          ]
        }
      ]
    },
    {
      "module": "module.vpc",
      "mode": "managed",
      "type": "aws_security_group_rule",
      "name": "worker_ingress_vxlan_from_master",
      "provider": "provider[\"openshift/local/aws\"]",
      "instances": [
        {
          "schema_version": 2,
          "attributes": {
            "cidr_blocks": null,
            "description": "Created By OpenShift Installer",
            "from_port": 4789,
            "id": "sgrule-244484901",
            "ipv6_cidr_blocks": null,
            "prefix_list_ids": null,
            "protocol": "udp",
            "security_group_id": "sg-0b6e0676b591b2e74",
            "self": false,
            "source_security_group_id": "sg-03c3d2dd372acfd40",
            "timeouts": null,
            "to_port": 4789,
            "type": "ingress"
          },
          "sensitive_attributes": [],
          "private": "eyJlMmJmYjczMC1lY2FhLTExZTYtOGY4OC0zNDM2M2JjN2M0YzAiOnsiY3JlYXRlIjozMDAwMDAwMDAwMDB9LCJzY2hlbWFfdmVyc2lvbiI6IjIifQ==",
          "dependencies": [
            "module.vpc.aws_security_group.master",
            "module.vpc.aws_security_group.worker",
            "module.vpc.aws_vpc.new_vpc",
            "module.vpc.data.aws_vpc.cluster_vpc"
          ]
        }
      ]
    },
    {
      "module": "module.vpc",
      "mode": "managed",
      "type": "aws_subnet",
      "name": "private_subnet",
      "provider": "provider[\"openshift/local/aws\"]",
      "instances": [
        {
          "index_key": 0,
          "schema_version": 1,
          "attributes": {
            "arn": "arn:aws:ec2:eu-west-1:056341052778:subnet/subnet-00cabfbf3c303d6a6",
            "assign_ipv6_address_on_creation": false,
            "availability_zone": "eu-west-1a",
            "availability_zone_id": "euw1-az2",
            "cidr_block": "10.0.128.0/19",
            "customer_owned_ipv4_pool": "",
            "enable_dns64": false,
            "enable_resource_name_dns_a_record_on_launch": false,
            "enable_resource_name_dns_aaaa_record_on_launch": false,
            "id": "subnet-00cabfbf3c303d6a6",
            "ipv6_cidr_block": "",
            "ipv6_cidr_block_association_id": "",
            "ipv6_native": false,
            "map_customer_owned_ip_on_launch": false,
            "map_public_ip_on_launch": false,
            "outpost_arn": "",
            "owner_id": "056341052778",
            "private_dns_hostname_type_on_launch": "ip-name",
            "tags": {
              "Name": "argo-hub-5zqs6-private-eu-west-1a",
              "kubernetes.io/cluster/argo-hub-5zqs6": "owned",
              "kubernetes.io/role/internal-elb": ""
            },
            "tags_all": {
              "Name": "argo-hub-5zqs6-private-eu-west-1a",
              "kubernetes.io/cluster/argo-hub-5zqs6": "owned",
              "kubernetes.io/role/internal-elb": ""
            },
            "timeouts": null,
            "vpc_id": "vpc-0e1ca3462357ea0ad"
          },
          "sensitive_attributes": [],
          "private": "eyJlMmJmYjczMC1lY2FhLTExZTYtOGY4OC0zNDM2M2JjN2M0YzAiOnsiY3JlYXRlIjo2MDAwMDAwMDAwMDAsImRlbGV0ZSI6MTIwMDAwMDAwMDAwMH0sInNjaGVtYV92ZXJzaW9uIjoiMSJ9",
          "dependencies": [
            "module.vpc.aws_vpc.new_vpc",
            "module.vpc.data.aws_vpc.cluster_vpc"
          ]
        },
        {
          "index_key": 1,
          "schema_version": 1,
          "attributes": {
            "arn": "arn:aws:ec2:eu-west-1:056341052778:subnet/subnet-0e242fe56a35c7a12",
            "assign_ipv6_address_on_creation": false,
            "availability_zone": "eu-west-1b",
            "availability_zone_id": "euw1-az3",
            "cidr_block": "10.0.160.0/19",
            "customer_owned_ipv4_pool": "",
            "enable_dns64": false,
            "enable_resource_name_dns_a_record_on_launch": false,
            "enable_resource_name_dns_aaaa_record_on_launch": false,
            "id": "subnet-0e242fe56a35c7a12",
            "ipv6_cidr_block": "",
            "ipv6_cidr_block_association_id": "",
            "ipv6_native": false,
            "map_customer_owned_ip_on_launch": false,
            "map_public_ip_on_launch": false,
            "outpost_arn": "",
            "owner_id": "056341052778",
            "private_dns_hostname_type_on_launch": "ip-name",
            "tags": {
              "Name": "argo-hub-5zqs6-private-eu-west-1b",
              "kubernetes.io/cluster/argo-hub-5zqs6": "owned",
              "kubernetes.io/role/internal-elb": ""
            },
            "tags_all": {
              "Name": "argo-hub-5zqs6-private-eu-west-1b",
              "kubernetes.io/cluster/argo-hub-5zqs6": "owned",
              "kubernetes.io/role/internal-elb": ""
            },
            "timeouts": null,
            "vpc_id": "vpc-0e1ca3462357ea0ad"
          },
          "sensitive_attributes": [],
          "private": "eyJlMmJmYjczMC1lY2FhLTExZTYtOGY4OC0zNDM2M2JjN2M0YzAiOnsiY3JlYXRlIjo2MDAwMDAwMDAwMDAsImRlbGV0ZSI6MTIwMDAwMDAwMDAwMH0sInNjaGVtYV92ZXJzaW9uIjoiMSJ9",
          "dependencies": [
            "module.vpc.aws_vpc.new_vpc",
            "module.vpc.data.aws_vpc.cluster_vpc"
          ]
        },
        {
          "index_key": 2,
          "schema_version": 1,
          "attributes": {
            "arn": "arn:aws:ec2:eu-west-1:056341052778:subnet/subnet-066cf441395b8d82c",
            "assign_ipv6_address_on_creation": false,
            "availability_zone": "eu-west-1c",
            "availability_zone_id": "euw1-az1",
            "cidr_block": "10.0.192.0/19",
            "customer_owned_ipv4_pool": "",
            "enable_dns64": false,
            "enable_resource_name_dns_a_record_on_launch": false,
            "enable_resource_name_dns_aaaa_record_on_launch": false,
            "id": "subnet-066cf441395b8d82c",
            "ipv6_cidr_block": "",
            "ipv6_cidr_block_association_id": "",
            "ipv6_native": false,
            "map_customer_owned_ip_on_launch": false,
            "map_public_ip_on_launch": false,
            "outpost_arn": "",
            "owner_id": "056341052778",
            "private_dns_hostname_type_on_launch": "ip-name",
            "tags": {
              "Name": "argo-hub-5zqs6-private-eu-west-1c",
              "kubernetes.io/cluster/argo-hub-5zqs6": "owned",
              "kubernetes.io/role/internal-elb": ""
            },
            "tags_all": {
              "Name": "argo-hub-5zqs6-private-eu-west-1c",
              "kubernetes.io/cluster/argo-hub-5zqs6": "owned",
              "kubernetes.io/role/internal-elb": ""
            },
            "timeouts": null,
            "vpc_id": "vpc-0e1ca3462357ea0ad"
          },
          "sensitive_attributes": [],
          "private": "eyJlMmJmYjczMC1lY2FhLTExZTYtOGY4OC0zNDM2M2JjN2M0YzAiOnsiY3JlYXRlIjo2MDAwMDAwMDAwMDAsImRlbGV0ZSI6MTIwMDAwMDAwMDAwMH0sInNjaGVtYV92ZXJzaW9uIjoiMSJ9",
          "dependencies": [
            "module.vpc.aws_vpc.new_vpc",
            "module.vpc.data.aws_vpc.cluster_vpc"
          ]
        }
      ]
    },
    {
      "module": "module.vpc",
      "mode": "managed",
      "type": "aws_subnet",
      "name": "public_subnet",
      "provider": "provider[\"openshift/local/aws\"]",
      "instances": [
        {
          "index_key": 0,
          "schema_version": 1,
          "attributes": {
            "arn": "arn:aws:ec2:eu-west-1:056341052778:subnet/subnet-060314dc649dc0a23",
            "assign_ipv6_address_on_creation": false,
            "availability_zone": "eu-west-1a",
            "availability_zone_id": "euw1-az2",
            "cidr_block": "10.0.0.0/19",
            "customer_owned_ipv4_pool": "",
            "enable_dns64": false,
            "enable_resource_name_dns_a_record_on_launch": false,
            "enable_resource_name_dns_aaaa_record_on_launch": false,
            "id": "subnet-060314dc649dc0a23",
            "ipv6_cidr_block": "",
            "ipv6_cidr_block_association_id": "",
            "ipv6_native": false,
            "map_customer_owned_ip_on_launch": false,
            "map_public_ip_on_launch": false,
            "outpost_arn": "",
            "owner_id": "056341052778",
            "private_dns_hostname_type_on_launch": "ip-name",
            "tags": {
              "Name": "argo-hub-5zqs6-public-eu-west-1a",
              "kubernetes.io/cluster/argo-hub-5zqs6": "owned"
            },
            "tags_all": {
              "Name": "argo-hub-5zqs6-public-eu-west-1a",
              "kubernetes.io/cluster/argo-hub-5zqs6": "owned"
            },
            "timeouts": null,
            "vpc_id": "vpc-0e1ca3462357ea0ad"
          },
          "sensitive_attributes": [],
          "private": "eyJlMmJmYjczMC1lY2FhLTExZTYtOGY4OC0zNDM2M2JjN2M0YzAiOnsiY3JlYXRlIjo2MDAwMDAwMDAwMDAsImRlbGV0ZSI6MTIwMDAwMDAwMDAwMH0sInNjaGVtYV92ZXJzaW9uIjoiMSJ9",
          "dependencies": [
            "module.vpc.aws_vpc.new_vpc",
            "module.vpc.data.aws_vpc.cluster_vpc"
          ]
        },
        {
          "index_key": 1,
          "schema_version": 1,
          "attributes": {
            "arn": "arn:aws:ec2:eu-west-1:056341052778:subnet/subnet-0a589b1f897251cad",
            "assign_ipv6_address_on_creation": false,
            "availability_zone": "eu-west-1b",
            "availability_zone_id": "euw1-az3",
            "cidr_block": "10.0.32.0/19",
            "customer_owned_ipv4_pool": "",
            "enable_dns64": false,
            "enable_resource_name_dns_a_record_on_launch": false,
            "enable_resource_name_dns_aaaa_record_on_launch": false,
            "id": "subnet-0a589b1f897251cad",
            "ipv6_cidr_block": "",
            "ipv6_cidr_block_association_id": "",
            "ipv6_native": false,
            "map_customer_owned_ip_on_launch": false,
            "map_public_ip_on_launch": false,
            "outpost_arn": "",
            "owner_id": "056341052778",
            "private_dns_hostname_type_on_launch": "ip-name",
            "tags": {
              "Name": "argo-hub-5zqs6-public-eu-west-1b",
              "kubernetes.io/cluster/argo-hub-5zqs6": "owned"
            },
            "tags_all": {
              "Name": "argo-hub-5zqs6-public-eu-west-1b",
              "kubernetes.io/cluster/argo-hub-5zqs6": "owned"
            },
            "timeouts": null,
            "vpc_id": "vpc-0e1ca3462357ea0ad"
          },
          "sensitive_attributes": [],
          "private": "eyJlMmJmYjczMC1lY2FhLTExZTYtOGY4OC0zNDM2M2JjN2M0YzAiOnsiY3JlYXRlIjo2MDAwMDAwMDAwMDAsImRlbGV0ZSI6MTIwMDAwMDAwMDAwMH0sInNjaGVtYV92ZXJzaW9uIjoiMSJ9",
          "dependencies": [
            "module.vpc.aws_vpc.new_vpc",
            "module.vpc.data.aws_vpc.cluster_vpc"
          ]
        },
        {
          "index_key": 2,
          "schema_version": 1,
          "attributes": {
            "arn": "arn:aws:ec2:eu-west-1:056341052778:subnet/subnet-03d9895c4c42bce13",
            "assign_ipv6_address_on_creation": false,
            "availability_zone": "eu-west-1c",
            "availability_zone_id": "euw1-az1",
            "cidr_block": "10.0.64.0/19",
            "customer_owned_ipv4_pool": "",
            "enable_dns64": false,
            "enable_resource_name_dns_a_record_on_launch": false,
            "enable_resource_name_dns_aaaa_record_on_launch": false,
            "id": "subnet-03d9895c4c42bce13",
            "ipv6_cidr_block": "",
            "ipv6_cidr_block_association_id": "",
            "ipv6_native": false,
            "map_customer_owned_ip_on_launch": false,
            "map_public_ip_on_launch": false,
            "outpost_arn": "",
            "owner_id": "056341052778",
            "private_dns_hostname_type_on_launch": "ip-name",
            "tags": {
              "Name": "argo-hub-5zqs6-public-eu-west-1c",
              "kubernetes.io/cluster/argo-hub-5zqs6": "owned"
            },
            "tags_all": {
              "Name": "argo-hub-5zqs6-public-eu-west-1c",
              "kubernetes.io/cluster/argo-hub-5zqs6": "owned"
            },
            "timeouts": null,
            "vpc_id": "vpc-0e1ca3462357ea0ad"
          },
          "sensitive_attributes": [],
          "private": "eyJlMmJmYjczMC1lY2FhLTExZTYtOGY4OC0zNDM2M2JjN2M0YzAiOnsiY3JlYXRlIjo2MDAwMDAwMDAwMDAsImRlbGV0ZSI6MTIwMDAwMDAwMDAwMH0sInNjaGVtYV92ZXJzaW9uIjoiMSJ9",
          "dependencies": [
            "module.vpc.aws_vpc.new_vpc",
            "module.vpc.data.aws_vpc.cluster_vpc"
          ]
        }
      ]
    },
    {
      "module": "module.vpc",
      "mode": "managed",
      "type": "aws_vpc",
      "name": "new_vpc",
      "provider": "provider[\"openshift/local/aws\"]",
      "instances": [
        {
          "index_key": 0,
          "schema_version": 1,
          "attributes": {
            "arn": "arn:aws:ec2:eu-west-1:056341052778:vpc/vpc-0e1ca3462357ea0ad",
            "assign_generated_ipv6_cidr_block": false,
            "cidr_block": "10.0.0.0/16",
            "default_network_acl_id": "acl-0662980cabd2dfe0b",
            "default_route_table_id": "rtb-01de7a9486d426738",
            "default_security_group_id": "sg-01e863c821329fde8",
            "dhcp_options_id": "dopt-0cc7ab89558de50b4",
            "enable_classiclink": false,
            "enable_classiclink_dns_support": false,
            "enable_dns_hostnames": true,
            "enable_dns_support": true,
            "id": "vpc-0e1ca3462357ea0ad",
            "instance_tenancy": "default",
            "ipv4_ipam_pool_id": null,
            "ipv4_netmask_length": null,
            "ipv6_association_id": "",
            "ipv6_cidr_block": "",
            "ipv6_cidr_block_network_border_group": "",
            "ipv6_ipam_pool_id": "",
            "ipv6_netmask_length": 0,
            "main_route_table_id": "rtb-01de7a9486d426738",
            "owner_id": "056341052778",
            "tags": {
              "Name": "argo-hub-5zqs6-vpc",
              "kubernetes.io/cluster/argo-hub-5zqs6": "owned"
            },
            "tags_all": {
              "Name": "argo-hub-5zqs6-vpc",
              "kubernetes.io/cluster/argo-hub-5zqs6": "owned"
            }
          },
          "sensitive_attributes": [],
          "private": "eyJzY2hlbWFfdmVyc2lvbiI6IjEifQ=="
        }
      ]
    },
    {
      "module": "module.vpc",
      "mode": "managed",
      "type": "aws_vpc_dhcp_options",
      "name": "main",
      "provider": "provider[\"openshift/local/aws\"]",
      "instances": [
        {
          "index_key": 0,
          "schema_version": 0,
          "attributes": {
            "arn": "arn:aws:ec2:eu-west-1:056341052778:dhcp-options/dopt-09b6e2ccf6f075756",
            "domain_name": "eu-west-1.compute.internal",
            "domain_name_servers": [
              "AmazonProvidedDNS"
            ],
            "id": "dopt-09b6e2ccf6f075756",
            "netbios_name_servers": null,
            "netbios_node_type": "",
            "ntp_servers": null,
            "owner_id": "056341052778",
            "tags": {
              "kubernetes.io/cluster/argo-hub-5zqs6": "owned"
            },
            "tags_all": {
              "kubernetes.io/cluster/argo-hub-5zqs6": "owned"
            }
          },
          "sensitive_attributes": [],
          "private": "bnVsbA=="
        }
      ]
    },
    {
      "module": "module.vpc",
      "mode": "managed",
      "type": "aws_vpc_dhcp_options_association",
      "name": "main",
      "provider": "provider[\"openshift/local/aws\"]",
      "instances": [
        {
          "index_key": 0,
          "schema_version": 0,
          "attributes": {
            "dhcp_options_id": "dopt-09b6e2ccf6f075756",
            "id": "dopt-09b6e2ccf6f075756-vpc-0e1ca3462357ea0ad",
            "vpc_id": "vpc-0e1ca3462357ea0ad"
          },
          "sensitive_attributes": [],
          "private": "bnVsbA==",
          "dependencies": [
            "module.vpc.aws_vpc.new_vpc",
            "module.vpc.aws_vpc_dhcp_options.main",
            "module.vpc.data.aws_vpc.cluster_vpc"
          ]
        }
      ]
    },
    {
      "module": "module.vpc",
      "mode": "managed",
      "type": "aws_vpc_endpoint",
      "name": "s3",
      "provider": "provider[\"openshift/local/aws\"]",
      "instances": [
        {
          "index_key": 0,
          "schema_version": 0,
          "attributes": {
            "arn": "arn:aws:ec2:eu-west-1:056341052778:vpc-endpoint/vpce-051028935b623f62b",
            "auto_accept": null,
            "cidr_blocks": [
              "18.34.240.0/22",
              "18.34.32.0/20",
              "3.5.64.0/21",
              "3.5.72.0/23",
              "52.92.0.0/17",
              "52.218.0.0/17"
            ],
            "dns_entry": [],
            "dns_options": [],
            "id": "vpce-051028935b623f62b",
            "ip_address_type": "",
            "network_interface_ids": [],
            "owner_id": "056341052778",
            "policy": "{\"Statement\":[{\"Action\":\"*\",\"Effect\":\"Allow\",\"Principal\":\"*\",\"Resource\":\"*\"}],\"Version\":\"2008-10-17\"}",
            "prefix_list_id": "pl-6da54004",
            "private_dns_enabled": false,
            "requester_managed": false,
            "route_table_ids": [
              "rtb-0377beb235325307a",
              "rtb-0397d33561da18f11",
              "rtb-04b31f3081c4a9a38",
              "rtb-080fe8057b8e47f70"
            ],
            "security_group_ids": [],
            "service_name": "com.amazonaws.eu-west-1.s3",
            "state": "available",
            "subnet_ids": [],
            "tags": {
              "kubernetes.io/cluster/argo-hub-5zqs6": "owned"
            },
            "tags_all": {
              "kubernetes.io/cluster/argo-hub-5zqs6": "owned"
            },
            "timeouts": null,
            "vpc_endpoint_type": "Gateway",
            "vpc_id": "vpc-0e1ca3462357ea0ad"
          },
          "sensitive_attributes": [],
          "private": "eyJlMmJmYjczMC1lY2FhLTExZTYtOGY4OC0zNDM2M2JjN2M0YzAiOnsiY3JlYXRlIjo2MDAwMDAwMDAwMDAsImRlbGV0ZSI6NjAwMDAwMDAwMDAwLCJ1cGRhdGUiOjYwMDAwMDAwMDAwMH19",
          "dependencies": [
            "module.vpc.aws_route_table.default",
            "module.vpc.aws_route_table.private_routes",
            "module.vpc.aws_vpc.new_vpc",
            "module.vpc.data.aws_vpc.cluster_vpc"
          ]
        }
      ]
    }
  ]
}
